// !$*UTF8*$!
{
	archiveVersion = 1;
	classes = {
	};
	objectVersion = 50;
	objects = {

/* Begin PBXBuildFile section */
		3F5F9106E46290962FF8406B /* libPods-Objective-C_Design_Patterns.a in Frameworks */ = {isa = PBXBuildFile; fileRef = B1D9EB4201DA1379C3F5B058 /* libPods-Objective-C_Design_Patterns.a */; };
		910E838421B0425F00736D3B /* ChasingGame.mdj in Resources */ = {isa = PBXBuildFile; fileRef = 910E838321B0425F00736D3B /* ChasingGame.mdj */; };
		910E838721B042E700736D3B /* ZHFChasingGame.m in Sources */ = {isa = PBXBuildFile; fileRef = 910E838621B042E700736D3B /* ZHFChasingGame.m */; };
		910E838A21B0432C00736D3B /* ZHFCharacter.m in Sources */ = {isa = PBXBuildFile; fileRef = 910E838921B0432C00736D3B /* ZHFCharacter.m */; };
		910E838D21B043B600736D3B /* ZHFCharacteBuilder.m in Sources */ = {isa = PBXBuildFile; fileRef = 910E838C21B043B600736D3B /* ZHFCharacteBuilder.m */; };
		910E839021B0445700736D3B /* ZHFStandardCharacteBuilder.m in Sources */ = {isa = PBXBuildFile; fileRef = 910E838F21B0445700736D3B /* ZHFStandardCharacteBuilder.m */; };
		910E839321B04EEB00736D3B /* ZHFBuilderPatternVC.m in Sources */ = {isa = PBXBuildFile; fileRef = 910E839221B04EEB00736D3B /* ZHFBuilderPatternVC.m */; };
		911B3DD821AEDC0B009BC83D /* BuilderPattern.md in Resources */ = {isa = PBXBuildFile; fileRef = 911B3DD721AEDC0B009BC83D /* BuilderPattern.md */; };
		911B3DDA21AEDDB2009BC83D /* BuilderPattern.mdj in Resources */ = {isa = PBXBuildFile; fileRef = 911B3DD921AEDDB2009BC83D /* BuilderPattern.mdj */; };
		9122AD1D21BD6B5D00A9E3BD /* MediatorPattern.md in Resources */ = {isa = PBXBuildFile; fileRef = 9122AD1C21BD6B5D00A9E3BD /* MediatorPattern.md */; };
		9122AD1F21BD6F1A00A9E3BD /* MediatorPattern.mdj in Resources */ = {isa = PBXBuildFile; fileRef = 9122AD1E21BD6F1A00A9E3BD /* MediatorPattern.mdj */; };
		913933CB2197235F0057E33C /* 设计模式1.md in Resources */ = {isa = PBXBuildFile; fileRef = 913933CA2197235F0057E33C /* 设计模式1.md */; };
		913933CF219728B00057E33C /* ProtoType.mdj in Resources */ = {isa = PBXBuildFile; fileRef = 913933CE219728B00057E33C /* ProtoType.mdj */; };
		914C2E7621BFF98E002A0222 /* ObserverPattern.mdj in Resources */ = {isa = PBXBuildFile; fileRef = 914C2E7521BFF98E002A0222 /* ObserverPattern.mdj */; };
		914CD49C21B8238F00C9A8DB /* ZHFRGBValuesProvider.m in Sources */ = {isa = PBXBuildFile; fileRef = 914CD49B21B8238F00C9A8DB /* ZHFRGBValuesProvider.m */; };
		914CD49E21B826FF00C9A8DB /* RGBValuesProviderAdapter.mdj in Resources */ = {isa = PBXBuildFile; fileRef = 914CD49D21B826FF00C9A8DB /* RGBValuesProviderAdapter.mdj */; };
		914CD4A121B8290000C9A8DB /* ZHFSetStrokeColorBlockCommand.m in Sources */ = {isa = PBXBuildFile; fileRef = 914CD4A021B8290000C9A8DB /* ZHFSetStrokeColorBlockCommand.m */; };
		914D88C421C2A30C008971BE /* CompositePattern.md in Resources */ = {isa = PBXBuildFile; fileRef = 914D88C321C2A30C008971BE /* CompositePattern.md */; };
		914E5E2A216648120089C1C7 /* ThumbnailViewController.m in Sources */ = {isa = PBXBuildFile; fileRef = 914E5E29216648120089C1C7 /* ThumbnailViewController.m */; };
		914E5E2D21664DF00089C1C7 /* PaletteViewController.m in Sources */ = {isa = PBXBuildFile; fileRef = 914E5E2C21664DF00089C1C7 /* PaletteViewController.m */; };
		915075C22163467A0049B5CA /* CoordinatingController.m in Sources */ = {isa = PBXBuildFile; fileRef = 915075C12163467A0049B5CA /* CoordinatingController.m */; };
		9153C42821B6CB8600C2CCB6 /* ZHFAdapterViewController.m in Sources */ = {isa = PBXBuildFile; fileRef = 9153C42721B6CB8600C2CCB6 /* ZHFAdapterViewController.m */; };
		9153C42C21B6CC2E00C2CCB6 /* ZHFCommand.m in Sources */ = {isa = PBXBuildFile; fileRef = 9153C42B21B6CC2E00C2CCB6 /* ZHFCommand.m */; };
		9153C42F21B6CC4800C2CCB6 /* ZHFSetStrokeColorCommand.m in Sources */ = {isa = PBXBuildFile; fileRef = 9153C42E21B6CC4800C2CCB6 /* ZHFSetStrokeColorCommand.m */; };
		9153C43221B6CCF900C2CCB6 /* ZHFCommandSlider.m in Sources */ = {isa = PBXBuildFile; fileRef = 9153C43121B6CCF900C2CCB6 /* ZHFCommandSlider.m */; };
		9153C43421B6D0EC00C2CCB6 /* AdapterApply.mdj in Resources */ = {isa = PBXBuildFile; fileRef = 9153C43321B6D0EC00C2CCB6 /* AdapterApply.mdj */; };
		9153C43921B6D4C600C2CCB6 /* ZHFCoordinateViewController.m in Sources */ = {isa = PBXBuildFile; fileRef = 9153C43821B6D4C600C2CCB6 /* ZHFCoordinateViewController.m */; };
		9161839F21AAECD200681B46 /* AbstractFactory.mdj in Resources */ = {isa = PBXBuildFile; fileRef = 9161839E21AAECD200681B46 /* AbstractFactory.mdj */; };
		916183A321AAFDB200681B46 /* ZHFBrandingFactory.m in Sources */ = {isa = PBXBuildFile; fileRef = 916183A221AAFDB200681B46 /* ZHFBrandingFactory.m */; };
		916183A621AAFFAD00681B46 /* ZHFSierraBrandingFactory.m in Sources */ = {isa = PBXBuildFile; fileRef = 916183A521AAFFAD00681B46 /* ZHFSierraBrandingFactory.m */; };
		916183A921AAFFE700681B46 /* ZHFAcmeBrandingFactory.m in Sources */ = {isa = PBXBuildFile; fileRef = 916183A821AAFFE700681B46 /* ZHFAcmeBrandingFactory.m */; };
		916183AC21AB089800681B46 /* ZHFAcmeBrandingViews.m in Sources */ = {isa = PBXBuildFile; fileRef = 916183AB21AB089800681B46 /* ZHFAcmeBrandingViews.m */; };
		916183AF21AB09AF00681B46 /* ZHFSierraBrandingViews.m in Sources */ = {isa = PBXBuildFile; fileRef = 916183AE21AB09AF00681B46 /* ZHFSierraBrandingViews.m */; };
		916AE27721A2C72F00E41F76 /* ZHFCanvasView.m in Sources */ = {isa = PBXBuildFile; fileRef = 916AE27621A2C72F00E41F76 /* ZHFCanvasView.m */; };
		916AE27A21A2C77800E41F76 /* ZHFCanvasViewGenerator.m in Sources */ = {isa = PBXBuildFile; fileRef = 916AE27921A2C77800E41F76 /* ZHFCanvasViewGenerator.m */; };
		916E36412163209200602088 /* AppDelegate.m in Sources */ = {isa = PBXBuildFile; fileRef = 916E36402163209200602088 /* AppDelegate.m */; };
		916E36442163209200602088 /* ViewController.m in Sources */ = {isa = PBXBuildFile; fileRef = 916E36432163209200602088 /* ViewController.m */; };
		916E36472163209200602088 /* Main.storyboard in Resources */ = {isa = PBXBuildFile; fileRef = 916E36452163209200602088 /* Main.storyboard */; };
		916E36492163209400602088 /* Assets.xcassets in Resources */ = {isa = PBXBuildFile; fileRef = 916E36482163209400602088 /* Assets.xcassets */; };
		916E364C2163209400602088 /* LaunchScreen.storyboard in Resources */ = {isa = PBXBuildFile; fileRef = 916E364A2163209400602088 /* LaunchScreen.storyboard */; };
		916E364F2163209400602088 /* main.m in Sources */ = {isa = PBXBuildFile; fileRef = 916E364E2163209400602088 /* main.m */; };
		9170E7E221A06D9800E41D8A /* FactoryPattern.md in Resources */ = {isa = PBXBuildFile; fileRef = 9170E7E121A06D9800E41D8A /* FactoryPattern.md */; };
		9170E7E821A06EE700E41D8A /* ZHFFactoryPatternVC.m in Sources */ = {isa = PBXBuildFile; fileRef = 9170E7E721A06EE700E41D8A /* ZHFFactoryPatternVC.m */; };
		9170E7EB21A0725100E41D8A /* test0.png in Resources */ = {isa = PBXBuildFile; fileRef = 9170E7EA21A0725100E41D8A /* test0.png */; };
		9170E7ED21A076AD00E41D8A /* factoryPattern.mdj in Resources */ = {isa = PBXBuildFile; fileRef = 9170E7EC21A076AD00E41D8A /* factoryPattern.mdj */; };
		9170E7FC21A1B7D300E41D8A /* ZHFClothCanvasView.m in Sources */ = {isa = PBXBuildFile; fileRef = 9170E7FB21A1B7D300E41D8A /* ZHFClothCanvasView.m */; };
		9170E7FF21A1B7F200E41D8A /* ZHFPaperCanvasView.m in Sources */ = {isa = PBXBuildFile; fileRef = 9170E7FE21A1B7F200E41D8A /* ZHFPaperCanvasView.m */; };
		9170E80321A1B88900E41D8A /* ZHFClothCanvasViewGenerator.m in Sources */ = {isa = PBXBuildFile; fileRef = 9170E80221A1B88900E41D8A /* ZHFClothCanvasViewGenerator.m */; };
		9170E80621A1B89C00E41D8A /* ZHFPaperCanvasViewGenerator.m in Sources */ = {isa = PBXBuildFile; fileRef = 9170E80521A1B89C00E41D8A /* ZHFPaperCanvasViewGenerator.m */; };
		9170E80821A1BC3000E41D8A /* CanvasViewFactory.mdj in Resources */ = {isa = PBXBuildFile; fileRef = 9170E80721A1BC3000E41D8A /* CanvasViewFactory.mdj */; };
		9171584221BAC196000525FC /* BridgePattern.md in Resources */ = {isa = PBXBuildFile; fileRef = 9171584121BAC196000525FC /* BridgePattern.md */; };
		9171584421BAC485000525FC /* BridgePattern.mdj in Resources */ = {isa = PBXBuildFile; fileRef = 9171584321BAC484000525FC /* BridgePattern.mdj */; };
		9171584721BACE87000525FC /* EmuletorBradgePattarn.mdj in Resources */ = {isa = PBXBuildFile; fileRef = 9171584621BACE87000525FC /* EmuletorBradgePattarn.mdj */; };
		9171584A21BACF07000525FC /* ZHFConsoleCommands.m in Sources */ = {isa = PBXBuildFile; fileRef = 9171584921BACF07000525FC /* ZHFConsoleCommands.m */; };
		9171584D21BACF59000525FC /* ZHFConsoleEmulator.m in Sources */ = {isa = PBXBuildFile; fileRef = 9171584C21BACF59000525FC /* ZHFConsoleEmulator.m */; };
		9171585021BAD176000525FC /* ZHFGameBoyEmulator.m in Sources */ = {isa = PBXBuildFile; fileRef = 9171584F21BAD176000525FC /* ZHFGameBoyEmulator.m */; };
		9171585321BAD18A000525FC /* ZHFGameGeerEmulator.m in Sources */ = {isa = PBXBuildFile; fileRef = 9171585221BAD18A000525FC /* ZHFGameGeerEmulator.m */; };
		9171585621BAD238000525FC /* ZHFConsoleController.m in Sources */ = {isa = PBXBuildFile; fileRef = 9171585521BAD238000525FC /* ZHFConsoleController.m */; };
		9171585921BAD398000525FC /* ZHFTouchConsoleController.m in Sources */ = {isa = PBXBuildFile; fileRef = 9171585821BAD398000525FC /* ZHFTouchConsoleController.m */; };
		9173394B21B18F82009C08A1 /* SingletonPattern.md in Resources */ = {isa = PBXBuildFile; fileRef = 9173394A21B18F82009C08A1 /* SingletonPattern.md */; };
		9173394E21B193D9009C08A1 /* ZHFSingleton.m in Sources */ = {isa = PBXBuildFile; fileRef = 9173394D21B193D9009C08A1 /* ZHFSingleton.m */; };
		9174038821632FC500EEC228 /* CanvasViewController.m in Sources */ = {isa = PBXBuildFile; fileRef = 9174038721632FC500EEC228 /* CanvasViewController.m */; };
		9176709D21BB7B8F00E22223 /* FacadePattern.md in Resources */ = {isa = PBXBuildFile; fileRef = 9176709C21BB7B8F00E22223 /* FacadePattern.md */; };
		9176709F21BB833D00E22223 /* FacadePattern.mdj in Resources */ = {isa = PBXBuildFile; fileRef = 9176709E21BB833D00E22223 /* FacadePattern.mdj */; };
		917670A221BB8C7800E22223 /* CabDriverFacabePattern.mdj in Resources */ = {isa = PBXBuildFile; fileRef = 917670A121BB8C7800E22223 /* CabDriverFacabePattern.mdj */; };
		917670A521BB8D7000E22223 /* ZHFCar.m in Sources */ = {isa = PBXBuildFile; fileRef = 917670A421BB8D7000E22223 /* ZHFCar.m */; };
		917670A821BB8E1800E22223 /* ZHFTaximeter.m in Sources */ = {isa = PBXBuildFile; fileRef = 917670A721BB8E1800E22223 /* ZHFTaximeter.m */; };
		917670AB21BB8EBB00E22223 /* ZHFCabDriver.m in Sources */ = {isa = PBXBuildFile; fileRef = 917670AA21BB8EBB00E22223 /* ZHFCabDriver.m */; };
		917670AE21BB9F3D00E22223 /* ScribbleManager_FacabePattern.mdj in Resources */ = {isa = PBXBuildFile; fileRef = 917670AD21BB9F3D00E22223 /* ScribbleManager_FacabePattern.mdj */; };
		917670B121BB9F9200E22223 /* ZHFScribble.m in Sources */ = {isa = PBXBuildFile; fileRef = 917670B021BB9F9200E22223 /* ZHFScribble.m */; };
		917670B421BB9FB200E22223 /* ZHFScribbleThumbnail.m in Sources */ = {isa = PBXBuildFile; fileRef = 917670B321BB9FB200E22223 /* ZHFScribbleThumbnail.m */; };
		917670B821BB9FE700E22223 /* ZHFScribbleManager.m in Sources */ = {isa = PBXBuildFile; fileRef = 917670B721BB9FE700E22223 /* ZHFScribbleManager.m */; };
		917670BB21BBB9E500E22223 /* ZHFScribbleMemento.m in Sources */ = {isa = PBXBuildFile; fileRef = 917670BA21BBB9E500E22223 /* ZHFScribbleMemento.m */; };
		917B7924218A0BC000425A05 /* ScrawlManager.m in Sources */ = {isa = PBXBuildFile; fileRef = 917B7923218A0BC000425A05 /* ScrawlManager.m */; };
		917B7927218A0C1B00425A05 /* MementoModel.m in Sources */ = {isa = PBXBuildFile; fileRef = 917B7926218A0C1B00425A05 /* MementoModel.m */; };
		917B792A218A0C3000425A05 /* ScrawlModel.m in Sources */ = {isa = PBXBuildFile; fileRef = 917B7929218A0C3000425A05 /* ScrawlModel.m */; };
		918E0EF621A3146500F4FC2B /* AbstractFactory.md in Resources */ = {isa = PBXBuildFile; fileRef = 918E0EF521A3146500F4FC2B /* AbstractFactory.md */; };
		9198362F21B579C400747EA5 /* Adapter适配器模式.md in Resources */ = {isa = PBXBuildFile; fileRef = 9198362E21B579C400747EA5 /* Adapter适配器模式.md */; };
		9198363121B57DE300747EA5 /* Adapter.mdj in Resources */ = {isa = PBXBuildFile; fileRef = 9198363021B57DE300747EA5 /* Adapter.mdj */; };
		91A1153E21BEB4CF0077BEA6 /* CoordinatingController.mdj in Resources */ = {isa = PBXBuildFile; fileRef = 91A1153D21BEB4CF0077BEA6 /* CoordinatingController.mdj */; };
		91A84A202184A9C600A71138 /* RecoverViewController.m in Sources */ = {isa = PBXBuildFile; fileRef = 91A84A1F2184A9C600A71138 /* RecoverViewController.m */; };
		91BFF5B621C0DBAE0067D1D4 /* CanvasViewControllerObserverPattern.mdj in Resources */ = {isa = PBXBuildFile; fileRef = 91BFF5B521C0DBAE0067D1D4 /* CanvasViewControllerObserverPattern.mdj */; };
		91BFF5BA21C0E69F0067D1D4 /* ZHFDoraemonEnvPlugin.m in Sources */ = {isa = PBXBuildFile; fileRef = 91BFF5B921C0E69F0067D1D4 /* ZHFDoraemonEnvPlugin.m */; };
		91C1B78F21665A660070DB88 /* Stroke.m in Sources */ = {isa = PBXBuildFile; fileRef = 91C1B78E21665A660070DB88 /* Stroke.m */; };
		91C1B79521665E2D0070DB88 /* Vertex.m in Sources */ = {isa = PBXBuildFile; fileRef = 91C1B79421665E2D0070DB88 /* Vertex.m */; };
		91C1B79821665EC70070DB88 /* Dot.m in Sources */ = {isa = PBXBuildFile; fileRef = 91C1B79721665EC70070DB88 /* Dot.m */; };
		91C1B79B2166680C0070DB88 /* CanvasView.m in Sources */ = {isa = PBXBuildFile; fileRef = 91C1B79A2166680C0070DB88 /* CanvasView.m */; };
		91D7CB1D2197E9BE00BA88BF /* ZHFProtoTypeVC.m in Sources */ = {isa = PBXBuildFile; fileRef = 91D7CB1C2197E9BE00BA88BF /* ZHFProtoTypeVC.m */; };
		91D7CB1F2197EB1900BA88BF /* ProtoTypeNote.md in Resources */ = {isa = PBXBuildFile; fileRef = 91D7CB1E2197EB1900BA88BF /* ProtoTypeNote.md */; };
		91D7CB232197F0C900BA88BF /* ZHFProtoTypeModelA.m in Sources */ = {isa = PBXBuildFile; fileRef = 91D7CB222197F0C900BA88BF /* ZHFProtoTypeModelA.m */; };
		91D7CB272197F25000BA88BF /* ZHFRootTableVC.m in Sources */ = {isa = PBXBuildFile; fileRef = 91D7CB262197F25000BA88BF /* ZHFRootTableVC.m */; };
		91D7CB2A2197F2D000BA88BF /* ZHFRootTableViewModel.m in Sources */ = {isa = PBXBuildFile; fileRef = 91D7CB292197F2D000BA88BF /* ZHFRootTableViewModel.m */; };
		91D7CB2D2197FFA900BA88BF /* ZHFRootCoordinater.m in Sources */ = {isa = PBXBuildFile; fileRef = 91D7CB2C2197FFA900BA88BF /* ZHFRootCoordinater.m */; };
		91DC404321AD7B2000603387 /* ZHFAbstractFactoryVC.m in Sources */ = {isa = PBXBuildFile; fileRef = 91DC404221AD7B2000603387 /* ZHFAbstractFactoryVC.m */; };
/* End PBXBuildFile section */

/* Begin PBXFileReference section */
		032EA1AC0C304488AEA2B113 /* Pods-Objective-C_Design_Patterns.debug.xcconfig */ = {isa = PBXFileReference; includeInIndex = 1; lastKnownFileType = text.xcconfig; name = "Pods-Objective-C_Design_Patterns.debug.xcconfig"; path = "Pods/Target Support Files/Pods-Objective-C_Design_Patterns/Pods-Objective-C_Design_Patterns.debug.xcconfig"; sourceTree = "<group>"; };
		7AF48F83BE7FACAC0BCF4001 /* Pods-Objective-C_Design_Patterns.release.xcconfig */ = {isa = PBXFileReference; includeInIndex = 1; lastKnownFileType = text.xcconfig; name = "Pods-Objective-C_Design_Patterns.release.xcconfig"; path = "Pods/Target Support Files/Pods-Objective-C_Design_Patterns/Pods-Objective-C_Design_Patterns.release.xcconfig"; sourceTree = "<group>"; };
		910E838321B0425F00736D3B /* ChasingGame.mdj */ = {isa = PBXFileReference; fileEncoding = 4; lastKnownFileType = text; path = ChasingGame.mdj; sourceTree = "<group>"; };
		910E838521B042E700736D3B /* ZHFChasingGame.h */ = {isa = PBXFileReference; lastKnownFileType = sourcecode.c.h; path = ZHFChasingGame.h; sourceTree = "<group>"; };
		910E838621B042E700736D3B /* ZHFChasingGame.m */ = {isa = PBXFileReference; lastKnownFileType = sourcecode.c.objc; path = ZHFChasingGame.m; sourceTree = "<group>"; };
		910E838821B0432C00736D3B /* ZHFCharacter.h */ = {isa = PBXFileReference; lastKnownFileType = sourcecode.c.h; path = ZHFCharacter.h; sourceTree = "<group>"; };
		910E838921B0432C00736D3B /* ZHFCharacter.m */ = {isa = PBXFileReference; lastKnownFileType = sourcecode.c.objc; path = ZHFCharacter.m; sourceTree = "<group>"; };
		910E838B21B043B600736D3B /* ZHFCharacteBuilder.h */ = {isa = PBXFileReference; lastKnownFileType = sourcecode.c.h; path = ZHFCharacteBuilder.h; sourceTree = "<group>"; };
		910E838C21B043B600736D3B /* ZHFCharacteBuilder.m */ = {isa = PBXFileReference; lastKnownFileType = sourcecode.c.objc; path = ZHFCharacteBuilder.m; sourceTree = "<group>"; };
		910E838E21B0445700736D3B /* ZHFStandardCharacteBuilder.h */ = {isa = PBXFileReference; lastKnownFileType = sourcecode.c.h; path = ZHFStandardCharacteBuilder.h; sourceTree = "<group>"; };
		910E838F21B0445700736D3B /* ZHFStandardCharacteBuilder.m */ = {isa = PBXFileReference; lastKnownFileType = sourcecode.c.objc; path = ZHFStandardCharacteBuilder.m; sourceTree = "<group>"; };
		910E839121B04EEB00736D3B /* ZHFBuilderPatternVC.h */ = {isa = PBXFileReference; lastKnownFileType = sourcecode.c.h; path = ZHFBuilderPatternVC.h; sourceTree = "<group>"; };
		910E839221B04EEB00736D3B /* ZHFBuilderPatternVC.m */ = {isa = PBXFileReference; lastKnownFileType = sourcecode.c.objc; path = ZHFBuilderPatternVC.m; sourceTree = "<group>"; };
		911200AF218600AD007794AD /* CoordinateProtocol.h */ = {isa = PBXFileReference; lastKnownFileType = sourcecode.c.h; path = CoordinateProtocol.h; sourceTree = "<group>"; };
		911B3DD721AEDC0B009BC83D /* BuilderPattern.md */ = {isa = PBXFileReference; fileEncoding = 4; lastKnownFileType = net.daringfireball.markdown; path = BuilderPattern.md; sourceTree = "<group>"; };
		911B3DD921AEDDB2009BC83D /* BuilderPattern.mdj */ = {isa = PBXFileReference; fileEncoding = 4; lastKnownFileType = text; path = BuilderPattern.mdj; sourceTree = "<group>"; };
		9122AD1C21BD6B5D00A9E3BD /* MediatorPattern.md */ = {isa = PBXFileReference; lastKnownFileType = net.daringfireball.markdown; path = MediatorPattern.md; sourceTree = "<group>"; };
		9122AD1E21BD6F1A00A9E3BD /* MediatorPattern.mdj */ = {isa = PBXFileReference; fileEncoding = 4; lastKnownFileType = text; path = MediatorPattern.mdj; sourceTree = "<group>"; };
		913933CA2197235F0057E33C /* 设计模式1.md */ = {isa = PBXFileReference; fileEncoding = 4; lastKnownFileType = net.daringfireball.markdown; path = "设计模式1.md"; sourceTree = "<group>"; };
		913933CE219728B00057E33C /* ProtoType.mdj */ = {isa = PBXFileReference; fileEncoding = 4; lastKnownFileType = text; path = ProtoType.mdj; sourceTree = "<group>"; };
		914C2E7521BFF98E002A0222 /* ObserverPattern.mdj */ = {isa = PBXFileReference; fileEncoding = 4; lastKnownFileType = text; path = ObserverPattern.mdj; sourceTree = "<group>"; };
		914C2E7721BFF9C6002A0222 /* README.md */ = {isa = PBXFileReference; lastKnownFileType = net.daringfireball.markdown; path = README.md; sourceTree = "<group>"; };
		914CD49721B8231A00C9A8DB /* ZHFRGBValuesProviderProtocol.h */ = {isa = PBXFileReference; lastKnownFileType = sourcecode.c.h; path = ZHFRGBValuesProviderProtocol.h; sourceTree = "<group>"; };
		914CD49A21B8238F00C9A8DB /* ZHFRGBValuesProvider.h */ = {isa = PBXFileReference; lastKnownFileType = sourcecode.c.h; path = ZHFRGBValuesProvider.h; sourceTree = "<group>"; };
		914CD49B21B8238F00C9A8DB /* ZHFRGBValuesProvider.m */ = {isa = PBXFileReference; lastKnownFileType = sourcecode.c.objc; path = ZHFRGBValuesProvider.m; sourceTree = "<group>"; };
		914CD49D21B826FF00C9A8DB /* RGBValuesProviderAdapter.mdj */ = {isa = PBXFileReference; fileEncoding = 4; lastKnownFileType = text; path = RGBValuesProviderAdapter.mdj; sourceTree = "<group>"; };
		914CD49F21B8290000C9A8DB /* ZHFSetStrokeColorBlockCommand.h */ = {isa = PBXFileReference; lastKnownFileType = sourcecode.c.h; path = ZHFSetStrokeColorBlockCommand.h; sourceTree = "<group>"; };
		914CD4A021B8290000C9A8DB /* ZHFSetStrokeColorBlockCommand.m */ = {isa = PBXFileReference; lastKnownFileType = sourcecode.c.objc; path = ZHFSetStrokeColorBlockCommand.m; sourceTree = "<group>"; };
		914D88C321C2A30C008971BE /* CompositePattern.md */ = {isa = PBXFileReference; lastKnownFileType = net.daringfireball.markdown; path = CompositePattern.md; sourceTree = "<group>"; };
		914E5E28216648120089C1C7 /* ThumbnailViewController.h */ = {isa = PBXFileReference; lastKnownFileType = sourcecode.c.h; path = ThumbnailViewController.h; sourceTree = "<group>"; };
		914E5E29216648120089C1C7 /* ThumbnailViewController.m */ = {isa = PBXFileReference; lastKnownFileType = sourcecode.c.objc; path = ThumbnailViewController.m; sourceTree = "<group>"; };
		914E5E2B21664DF00089C1C7 /* PaletteViewController.h */ = {isa = PBXFileReference; lastKnownFileType = sourcecode.c.h; path = PaletteViewController.h; sourceTree = "<group>"; };
		914E5E2C21664DF00089C1C7 /* PaletteViewController.m */ = {isa = PBXFileReference; lastKnownFileType = sourcecode.c.objc; path = PaletteViewController.m; sourceTree = "<group>"; };
		914E5E2F216659810089C1C7 /* Mark.h */ = {isa = PBXFileReference; lastKnownFileType = sourcecode.c.h; path = Mark.h; sourceTree = "<group>"; };
		915075C02163467A0049B5CA /* CoordinatingController.h */ = {isa = PBXFileReference; lastKnownFileType = sourcecode.c.h; path = CoordinatingController.h; sourceTree = "<group>"; };
		915075C12163467A0049B5CA /* CoordinatingController.m */ = {isa = PBXFileReference; lastKnownFileType = sourcecode.c.objc; path = CoordinatingController.m; sourceTree = "<group>"; };
		9153C42621B6CB8600C2CCB6 /* ZHFAdapterViewController.h */ = {isa = PBXFileReference; lastKnownFileType = sourcecode.c.h; path = ZHFAdapterViewController.h; sourceTree = "<group>"; };
		9153C42721B6CB8600C2CCB6 /* ZHFAdapterViewController.m */ = {isa = PBXFileReference; lastKnownFileType = sourcecode.c.objc; path = ZHFAdapterViewController.m; sourceTree = "<group>"; };
		9153C42921B6CBD200C2CCB6 /* ZHFSetStrokeColorCommandDelegate.h */ = {isa = PBXFileReference; lastKnownFileType = sourcecode.c.h; path = ZHFSetStrokeColorCommandDelegate.h; sourceTree = "<group>"; };
		9153C42A21B6CC2E00C2CCB6 /* ZHFCommand.h */ = {isa = PBXFileReference; lastKnownFileType = sourcecode.c.h; path = ZHFCommand.h; sourceTree = "<group>"; };
		9153C42B21B6CC2E00C2CCB6 /* ZHFCommand.m */ = {isa = PBXFileReference; lastKnownFileType = sourcecode.c.objc; path = ZHFCommand.m; sourceTree = "<group>"; };
		9153C42D21B6CC4800C2CCB6 /* ZHFSetStrokeColorCommand.h */ = {isa = PBXFileReference; lastKnownFileType = sourcecode.c.h; path = ZHFSetStrokeColorCommand.h; sourceTree = "<group>"; };
		9153C42E21B6CC4800C2CCB6 /* ZHFSetStrokeColorCommand.m */ = {isa = PBXFileReference; lastKnownFileType = sourcecode.c.objc; path = ZHFSetStrokeColorCommand.m; sourceTree = "<group>"; };
		9153C43021B6CCF900C2CCB6 /* ZHFCommandSlider.h */ = {isa = PBXFileReference; lastKnownFileType = sourcecode.c.h; path = ZHFCommandSlider.h; sourceTree = "<group>"; };
		9153C43121B6CCF900C2CCB6 /* ZHFCommandSlider.m */ = {isa = PBXFileReference; lastKnownFileType = sourcecode.c.objc; path = ZHFCommandSlider.m; sourceTree = "<group>"; };
		9153C43321B6D0EC00C2CCB6 /* AdapterApply.mdj */ = {isa = PBXFileReference; fileEncoding = 4; lastKnownFileType = text; path = AdapterApply.mdj; sourceTree = "<group>"; };
		9153C43721B6D4C600C2CCB6 /* ZHFCoordinateViewController.h */ = {isa = PBXFileReference; lastKnownFileType = sourcecode.c.h; path = ZHFCoordinateViewController.h; sourceTree = "<group>"; };
		9153C43821B6D4C600C2CCB6 /* ZHFCoordinateViewController.m */ = {isa = PBXFileReference; lastKnownFileType = sourcecode.c.objc; path = ZHFCoordinateViewController.m; sourceTree = "<group>"; };
		9161839E21AAECD200681B46 /* AbstractFactory.mdj */ = {isa = PBXFileReference; fileEncoding = 4; lastKnownFileType = text; path = AbstractFactory.mdj; sourceTree = "<group>"; };
		916183A121AAFDB200681B46 /* ZHFBrandingFactory.h */ = {isa = PBXFileReference; lastKnownFileType = sourcecode.c.h; path = ZHFBrandingFactory.h; sourceTree = "<group>"; };
		916183A221AAFDB200681B46 /* ZHFBrandingFactory.m */ = {isa = PBXFileReference; lastKnownFileType = sourcecode.c.objc; path = ZHFBrandingFactory.m; sourceTree = "<group>"; };
		916183A421AAFFAD00681B46 /* ZHFSierraBrandingFactory.h */ = {isa = PBXFileReference; lastKnownFileType = sourcecode.c.h; path = ZHFSierraBrandingFactory.h; sourceTree = "<group>"; };
		916183A521AAFFAD00681B46 /* ZHFSierraBrandingFactory.m */ = {isa = PBXFileReference; lastKnownFileType = sourcecode.c.objc; path = ZHFSierraBrandingFactory.m; sourceTree = "<group>"; };
		916183A721AAFFE700681B46 /* ZHFAcmeBrandingFactory.h */ = {isa = PBXFileReference; lastKnownFileType = sourcecode.c.h; path = ZHFAcmeBrandingFactory.h; sourceTree = "<group>"; };
		916183A821AAFFE700681B46 /* ZHFAcmeBrandingFactory.m */ = {isa = PBXFileReference; lastKnownFileType = sourcecode.c.objc; path = ZHFAcmeBrandingFactory.m; sourceTree = "<group>"; };
		916183AA21AB089800681B46 /* ZHFAcmeBrandingViews.h */ = {isa = PBXFileReference; lastKnownFileType = sourcecode.c.h; path = ZHFAcmeBrandingViews.h; sourceTree = "<group>"; };
		916183AB21AB089800681B46 /* ZHFAcmeBrandingViews.m */ = {isa = PBXFileReference; lastKnownFileType = sourcecode.c.objc; path = ZHFAcmeBrandingViews.m; sourceTree = "<group>"; };
		916183AD21AB09AF00681B46 /* ZHFSierraBrandingViews.h */ = {isa = PBXFileReference; lastKnownFileType = sourcecode.c.h; path = ZHFSierraBrandingViews.h; sourceTree = "<group>"; };
		916183AE21AB09AF00681B46 /* ZHFSierraBrandingViews.m */ = {isa = PBXFileReference; lastKnownFileType = sourcecode.c.objc; path = ZHFSierraBrandingViews.m; sourceTree = "<group>"; };
		916AE27521A2C72F00E41F76 /* ZHFCanvasView.h */ = {isa = PBXFileReference; lastKnownFileType = sourcecode.c.h; path = ZHFCanvasView.h; sourceTree = "<group>"; };
		916AE27621A2C72F00E41F76 /* ZHFCanvasView.m */ = {isa = PBXFileReference; lastKnownFileType = sourcecode.c.objc; path = ZHFCanvasView.m; sourceTree = "<group>"; };
		916AE27821A2C77800E41F76 /* ZHFCanvasViewGenerator.h */ = {isa = PBXFileReference; lastKnownFileType = sourcecode.c.h; path = ZHFCanvasViewGenerator.h; sourceTree = "<group>"; };
		916AE27921A2C77800E41F76 /* ZHFCanvasViewGenerator.m */ = {isa = PBXFileReference; lastKnownFileType = sourcecode.c.objc; path = ZHFCanvasViewGenerator.m; sourceTree = "<group>"; };
		916E363C2163209200602088 /* Objective-C_Design_Patterns.app */ = {isa = PBXFileReference; explicitFileType = wrapper.application; includeInIndex = 0; path = "Objective-C_Design_Patterns.app"; sourceTree = BUILT_PRODUCTS_DIR; };
		916E363F2163209200602088 /* AppDelegate.h */ = {isa = PBXFileReference; lastKnownFileType = sourcecode.c.h; path = AppDelegate.h; sourceTree = "<group>"; };
		916E36402163209200602088 /* AppDelegate.m */ = {isa = PBXFileReference; lastKnownFileType = sourcecode.c.objc; path = AppDelegate.m; sourceTree = "<group>"; };
		916E36422163209200602088 /* ViewController.h */ = {isa = PBXFileReference; lastKnownFileType = sourcecode.c.h; path = ViewController.h; sourceTree = "<group>"; };
		916E36432163209200602088 /* ViewController.m */ = {isa = PBXFileReference; lastKnownFileType = sourcecode.c.objc; path = ViewController.m; sourceTree = "<group>"; };
		916E36462163209200602088 /* Base */ = {isa = PBXFileReference; lastKnownFileType = file.storyboard; name = Base; path = Base.lproj/Main.storyboard; sourceTree = "<group>"; };
		916E36482163209400602088 /* Assets.xcassets */ = {isa = PBXFileReference; lastKnownFileType = folder.assetcatalog; path = Assets.xcassets; sourceTree = "<group>"; };
		916E364B2163209400602088 /* Base */ = {isa = PBXFileReference; lastKnownFileType = file.storyboard; name = Base; path = Base.lproj/LaunchScreen.storyboard; sourceTree = "<group>"; };
		916E364D2163209400602088 /* Info.plist */ = {isa = PBXFileReference; lastKnownFileType = text.plist.xml; path = Info.plist; sourceTree = "<group>"; };
		916E364E2163209400602088 /* main.m */ = {isa = PBXFileReference; lastKnownFileType = sourcecode.c.objc; path = main.m; sourceTree = "<group>"; };
		9170E7E121A06D9800E41D8A /* FactoryPattern.md */ = {isa = PBXFileReference; fileEncoding = 4; lastKnownFileType = net.daringfireball.markdown; path = FactoryPattern.md; sourceTree = "<group>"; };
		9170E7E621A06EE700E41D8A /* ZHFFactoryPatternVC.h */ = {isa = PBXFileReference; lastKnownFileType = sourcecode.c.h; path = ZHFFactoryPatternVC.h; sourceTree = "<group>"; };
		9170E7E721A06EE700E41D8A /* ZHFFactoryPatternVC.m */ = {isa = PBXFileReference; lastKnownFileType = sourcecode.c.objc; path = ZHFFactoryPatternVC.m; sourceTree = "<group>"; };
		9170E7EA21A0725100E41D8A /* test0.png */ = {isa = PBXFileReference; lastKnownFileType = image.png; path = test0.png; sourceTree = "<group>"; };
		9170E7EC21A076AD00E41D8A /* factoryPattern.mdj */ = {isa = PBXFileReference; fileEncoding = 4; lastKnownFileType = text; path = factoryPattern.mdj; sourceTree = "<group>"; };
		9170E7FA21A1B7D300E41D8A /* ZHFClothCanvasView.h */ = {isa = PBXFileReference; lastKnownFileType = sourcecode.c.h; path = ZHFClothCanvasView.h; sourceTree = "<group>"; };
		9170E7FB21A1B7D300E41D8A /* ZHFClothCanvasView.m */ = {isa = PBXFileReference; lastKnownFileType = sourcecode.c.objc; path = ZHFClothCanvasView.m; sourceTree = "<group>"; };
		9170E7FD21A1B7F200E41D8A /* ZHFPaperCanvasView.h */ = {isa = PBXFileReference; lastKnownFileType = sourcecode.c.h; path = ZHFPaperCanvasView.h; sourceTree = "<group>"; };
		9170E7FE21A1B7F200E41D8A /* ZHFPaperCanvasView.m */ = {isa = PBXFileReference; lastKnownFileType = sourcecode.c.objc; path = ZHFPaperCanvasView.m; sourceTree = "<group>"; };
		9170E80121A1B88900E41D8A /* ZHFClothCanvasViewGenerator.h */ = {isa = PBXFileReference; lastKnownFileType = sourcecode.c.h; path = ZHFClothCanvasViewGenerator.h; sourceTree = "<group>"; };
		9170E80221A1B88900E41D8A /* ZHFClothCanvasViewGenerator.m */ = {isa = PBXFileReference; lastKnownFileType = sourcecode.c.objc; path = ZHFClothCanvasViewGenerator.m; sourceTree = "<group>"; };
		9170E80421A1B89C00E41D8A /* ZHFPaperCanvasViewGenerator.h */ = {isa = PBXFileReference; lastKnownFileType = sourcecode.c.h; path = ZHFPaperCanvasViewGenerator.h; sourceTree = "<group>"; };
		9170E80521A1B89C00E41D8A /* ZHFPaperCanvasViewGenerator.m */ = {isa = PBXFileReference; lastKnownFileType = sourcecode.c.objc; path = ZHFPaperCanvasViewGenerator.m; sourceTree = "<group>"; };
		9170E80721A1BC3000E41D8A /* CanvasViewFactory.mdj */ = {isa = PBXFileReference; fileEncoding = 4; lastKnownFileType = text; path = CanvasViewFactory.mdj; sourceTree = "<group>"; };
		9171584121BAC196000525FC /* BridgePattern.md */ = {isa = PBXFileReference; fileEncoding = 4; lastKnownFileType = net.daringfireball.markdown; path = BridgePattern.md; sourceTree = "<group>"; };
		9171584321BAC484000525FC /* BridgePattern.mdj */ = {isa = PBXFileReference; fileEncoding = 4; lastKnownFileType = text; path = BridgePattern.mdj; sourceTree = "<group>"; };
		9171584621BACE87000525FC /* EmuletorBradgePattarn.mdj */ = {isa = PBXFileReference; fileEncoding = 4; lastKnownFileType = text; path = EmuletorBradgePattarn.mdj; sourceTree = "<group>"; };
		9171584821BACF07000525FC /* ZHFConsoleCommands.h */ = {isa = PBXFileReference; lastKnownFileType = sourcecode.c.h; path = ZHFConsoleCommands.h; sourceTree = "<group>"; };
		9171584921BACF07000525FC /* ZHFConsoleCommands.m */ = {isa = PBXFileReference; lastKnownFileType = sourcecode.c.objc; path = ZHFConsoleCommands.m; sourceTree = "<group>"; };
		9171584B21BACF59000525FC /* ZHFConsoleEmulator.h */ = {isa = PBXFileReference; lastKnownFileType = sourcecode.c.h; path = ZHFConsoleEmulator.h; sourceTree = "<group>"; };
		9171584C21BACF59000525FC /* ZHFConsoleEmulator.m */ = {isa = PBXFileReference; lastKnownFileType = sourcecode.c.objc; path = ZHFConsoleEmulator.m; sourceTree = "<group>"; };
		9171584E21BAD176000525FC /* ZHFGameBoyEmulator.h */ = {isa = PBXFileReference; lastKnownFileType = sourcecode.c.h; path = ZHFGameBoyEmulator.h; sourceTree = "<group>"; };
		9171584F21BAD176000525FC /* ZHFGameBoyEmulator.m */ = {isa = PBXFileReference; lastKnownFileType = sourcecode.c.objc; path = ZHFGameBoyEmulator.m; sourceTree = "<group>"; };
		9171585121BAD18A000525FC /* ZHFGameGeerEmulator.h */ = {isa = PBXFileReference; lastKnownFileType = sourcecode.c.h; path = ZHFGameGeerEmulator.h; sourceTree = "<group>"; };
		9171585221BAD18A000525FC /* ZHFGameGeerEmulator.m */ = {isa = PBXFileReference; lastKnownFileType = sourcecode.c.objc; path = ZHFGameGeerEmulator.m; sourceTree = "<group>"; };
		9171585421BAD238000525FC /* ZHFConsoleController.h */ = {isa = PBXFileReference; lastKnownFileType = sourcecode.c.h; path = ZHFConsoleController.h; sourceTree = "<group>"; };
		9171585521BAD238000525FC /* ZHFConsoleController.m */ = {isa = PBXFileReference; lastKnownFileType = sourcecode.c.objc; path = ZHFConsoleController.m; sourceTree = "<group>"; };
		9171585721BAD398000525FC /* ZHFTouchConsoleController.h */ = {isa = PBXFileReference; lastKnownFileType = sourcecode.c.h; path = ZHFTouchConsoleController.h; sourceTree = "<group>"; };
		9171585821BAD398000525FC /* ZHFTouchConsoleController.m */ = {isa = PBXFileReference; lastKnownFileType = sourcecode.c.objc; path = ZHFTouchConsoleController.m; sourceTree = "<group>"; };
		9173394A21B18F82009C08A1 /* SingletonPattern.md */ = {isa = PBXFileReference; fileEncoding = 4; lastKnownFileType = net.daringfireball.markdown; path = SingletonPattern.md; sourceTree = "<group>"; };
		9173394C21B193D9009C08A1 /* ZHFSingleton.h */ = {isa = PBXFileReference; lastKnownFileType = sourcecode.c.h; path = ZHFSingleton.h; sourceTree = "<group>"; };
		9173394D21B193D9009C08A1 /* ZHFSingleton.m */ = {isa = PBXFileReference; lastKnownFileType = sourcecode.c.objc; path = ZHFSingleton.m; sourceTree = "<group>"; };
		9174038621632FC500EEC228 /* CanvasViewController.h */ = {isa = PBXFileReference; lastKnownFileType = sourcecode.c.h; path = CanvasViewController.h; sourceTree = "<group>"; };
		9174038721632FC500EEC228 /* CanvasViewController.m */ = {isa = PBXFileReference; lastKnownFileType = sourcecode.c.objc; path = CanvasViewController.m; sourceTree = "<group>"; };
		9176709C21BB7B8F00E22223 /* FacadePattern.md */ = {isa = PBXFileReference; fileEncoding = 4; lastKnownFileType = net.daringfireball.markdown; path = FacadePattern.md; sourceTree = "<group>"; };
		9176709E21BB833D00E22223 /* FacadePattern.mdj */ = {isa = PBXFileReference; fileEncoding = 4; lastKnownFileType = text; path = FacadePattern.mdj; sourceTree = "<group>"; };
		917670A121BB8C7800E22223 /* CabDriverFacabePattern.mdj */ = {isa = PBXFileReference; fileEncoding = 4; lastKnownFileType = text; path = CabDriverFacabePattern.mdj; sourceTree = "<group>"; };
		917670A321BB8D7000E22223 /* ZHFCar.h */ = {isa = PBXFileReference; lastKnownFileType = sourcecode.c.h; path = ZHFCar.h; sourceTree = "<group>"; };
		917670A421BB8D7000E22223 /* ZHFCar.m */ = {isa = PBXFileReference; lastKnownFileType = sourcecode.c.objc; path = ZHFCar.m; sourceTree = "<group>"; };
		917670A621BB8E1800E22223 /* ZHFTaximeter.h */ = {isa = PBXFileReference; lastKnownFileType = sourcecode.c.h; path = ZHFTaximeter.h; sourceTree = "<group>"; };
		917670A721BB8E1800E22223 /* ZHFTaximeter.m */ = {isa = PBXFileReference; lastKnownFileType = sourcecode.c.objc; path = ZHFTaximeter.m; sourceTree = "<group>"; };
		917670A921BB8EBB00E22223 /* ZHFCabDriver.h */ = {isa = PBXFileReference; lastKnownFileType = sourcecode.c.h; path = ZHFCabDriver.h; sourceTree = "<group>"; };
		917670AA21BB8EBB00E22223 /* ZHFCabDriver.m */ = {isa = PBXFileReference; lastKnownFileType = sourcecode.c.objc; path = ZHFCabDriver.m; sourceTree = "<group>"; };
		917670AD21BB9F3D00E22223 /* ScribbleManager_FacabePattern.mdj */ = {isa = PBXFileReference; fileEncoding = 4; lastKnownFileType = text; path = ScribbleManager_FacabePattern.mdj; sourceTree = "<group>"; };
		917670AF21BB9F9200E22223 /* ZHFScribble.h */ = {isa = PBXFileReference; lastKnownFileType = sourcecode.c.h; path = ZHFScribble.h; sourceTree = "<group>"; };
		917670B021BB9F9200E22223 /* ZHFScribble.m */ = {isa = PBXFileReference; lastKnownFileType = sourcecode.c.objc; path = ZHFScribble.m; sourceTree = "<group>"; };
		917670B221BB9FB200E22223 /* ZHFScribbleThumbnail.h */ = {isa = PBXFileReference; lastKnownFileType = sourcecode.c.h; path = ZHFScribbleThumbnail.h; sourceTree = "<group>"; };
		917670B321BB9FB200E22223 /* ZHFScribbleThumbnail.m */ = {isa = PBXFileReference; lastKnownFileType = sourcecode.c.objc; path = ZHFScribbleThumbnail.m; sourceTree = "<group>"; };
		917670B521BB9FCB00E22223 /* ZHFScribbleThumbnailProxy.h */ = {isa = PBXFileReference; lastKnownFileType = sourcecode.c.h; path = ZHFScribbleThumbnailProxy.h; sourceTree = "<group>"; };
		917670B621BB9FE700E22223 /* ZHFScribbleManager.h */ = {isa = PBXFileReference; lastKnownFileType = sourcecode.c.h; path = ZHFScribbleManager.h; sourceTree = "<group>"; };
		917670B721BB9FE700E22223 /* ZHFScribbleManager.m */ = {isa = PBXFileReference; lastKnownFileType = sourcecode.c.objc; path = ZHFScribbleManager.m; sourceTree = "<group>"; };
		917670B921BBB9E500E22223 /* ZHFScribbleMemento.h */ = {isa = PBXFileReference; lastKnownFileType = sourcecode.c.h; path = ZHFScribbleMemento.h; sourceTree = "<group>"; };
		917670BA21BBB9E500E22223 /* ZHFScribbleMemento.m */ = {isa = PBXFileReference; lastKnownFileType = sourcecode.c.objc; path = ZHFScribbleMemento.m; sourceTree = "<group>"; };
		917B7922218A0BC000425A05 /* ScrawlManager.h */ = {isa = PBXFileReference; lastKnownFileType = sourcecode.c.h; path = ScrawlManager.h; sourceTree = "<group>"; };
		917B7923218A0BC000425A05 /* ScrawlManager.m */ = {isa = PBXFileReference; lastKnownFileType = sourcecode.c.objc; path = ScrawlManager.m; sourceTree = "<group>"; };
		917B7925218A0C1B00425A05 /* MementoModel.h */ = {isa = PBXFileReference; lastKnownFileType = sourcecode.c.h; path = MementoModel.h; sourceTree = "<group>"; };
		917B7926218A0C1B00425A05 /* MementoModel.m */ = {isa = PBXFileReference; lastKnownFileType = sourcecode.c.objc; path = MementoModel.m; sourceTree = "<group>"; };
		917B7928218A0C3000425A05 /* ScrawlModel.h */ = {isa = PBXFileReference; lastKnownFileType = sourcecode.c.h; path = ScrawlModel.h; sourceTree = "<group>"; };
		917B7929218A0C3000425A05 /* ScrawlModel.m */ = {isa = PBXFileReference; lastKnownFileType = sourcecode.c.objc; path = ScrawlModel.m; sourceTree = "<group>"; };
		918E0EF521A3146500F4FC2B /* AbstractFactory.md */ = {isa = PBXFileReference; fileEncoding = 4; lastKnownFileType = net.daringfireball.markdown; path = AbstractFactory.md; sourceTree = "<group>"; };
		9198362E21B579C400747EA5 /* Adapter适配器模式.md */ = {isa = PBXFileReference; fileEncoding = 4; lastKnownFileType = net.daringfireball.markdown; path = "Adapter适配器模式.md"; sourceTree = "<group>"; };
		9198363021B57DE300747EA5 /* Adapter.mdj */ = {isa = PBXFileReference; fileEncoding = 4; lastKnownFileType = text; path = Adapter.mdj; sourceTree = "<group>"; };
		91A1153D21BEB4CF0077BEA6 /* CoordinatingController.mdj */ = {isa = PBXFileReference; fileEncoding = 4; lastKnownFileType = text; path = CoordinatingController.mdj; sourceTree = "<group>"; };
		91A6EC2C2168C57B002CC2B7 /* PrefixHeader.pch */ = {isa = PBXFileReference; lastKnownFileType = sourcecode.c.h; path = PrefixHeader.pch; sourceTree = "<group>"; };
		91A84A1E2184A9C600A71138 /* RecoverViewController.h */ = {isa = PBXFileReference; lastKnownFileType = sourcecode.c.h; path = RecoverViewController.h; sourceTree = "<group>"; };
		91A84A1F2184A9C600A71138 /* RecoverViewController.m */ = {isa = PBXFileReference; lastKnownFileType = sourcecode.c.objc; path = RecoverViewController.m; sourceTree = "<group>"; };
		91A84A222184BE3D00A71138 /* MementoClassChart.graffle */ = {isa = PBXFileReference; lastKnownFileType = file; path = MementoClassChart.graffle; sourceTree = "<group>"; };
		91BFF5B521C0DBAE0067D1D4 /* CanvasViewControllerObserverPattern.mdj */ = {isa = PBXFileReference; fileEncoding = 4; lastKnownFileType = text; path = CanvasViewControllerObserverPattern.mdj; sourceTree = "<group>"; };
		91BFF5B821C0E69F0067D1D4 /* ZHFDoraemonEnvPlugin.h */ = {isa = PBXFileReference; lastKnownFileType = sourcecode.c.h; path = ZHFDoraemonEnvPlugin.h; sourceTree = "<group>"; };
		91BFF5B921C0E69F0067D1D4 /* ZHFDoraemonEnvPlugin.m */ = {isa = PBXFileReference; lastKnownFileType = sourcecode.c.objc; path = ZHFDoraemonEnvPlugin.m; sourceTree = "<group>"; };
		91C1B78D21665A660070DB88 /* Stroke.h */ = {isa = PBXFileReference; lastKnownFileType = sourcecode.c.h; path = Stroke.h; sourceTree = "<group>"; };
		91C1B78E21665A660070DB88 /* Stroke.m */ = {isa = PBXFileReference; lastKnownFileType = sourcecode.c.objc; path = Stroke.m; sourceTree = "<group>"; };
		91C1B79321665E2D0070DB88 /* Vertex.h */ = {isa = PBXFileReference; lastKnownFileType = sourcecode.c.h; path = Vertex.h; sourceTree = "<group>"; };
		91C1B79421665E2D0070DB88 /* Vertex.m */ = {isa = PBXFileReference; lastKnownFileType = sourcecode.c.objc; path = Vertex.m; sourceTree = "<group>"; };
		91C1B79621665EC70070DB88 /* Dot.h */ = {isa = PBXFileReference; lastKnownFileType = sourcecode.c.h; path = Dot.h; sourceTree = "<group>"; };
		91C1B79721665EC70070DB88 /* Dot.m */ = {isa = PBXFileReference; lastKnownFileType = sourcecode.c.objc; path = Dot.m; sourceTree = "<group>"; };
		91C1B7992166680C0070DB88 /* CanvasView.h */ = {isa = PBXFileReference; lastKnownFileType = sourcecode.c.h; path = CanvasView.h; sourceTree = "<group>"; };
		91C1B79A2166680C0070DB88 /* CanvasView.m */ = {isa = PBXFileReference; lastKnownFileType = sourcecode.c.objc; path = CanvasView.m; sourceTree = "<group>"; };
		91D7CB1B2197E9BE00BA88BF /* ZHFProtoTypeVC.h */ = {isa = PBXFileReference; lastKnownFileType = sourcecode.c.h; path = ZHFProtoTypeVC.h; sourceTree = "<group>"; };
		91D7CB1C2197E9BE00BA88BF /* ZHFProtoTypeVC.m */ = {isa = PBXFileReference; lastKnownFileType = sourcecode.c.objc; path = ZHFProtoTypeVC.m; sourceTree = "<group>"; };
		91D7CB1E2197EB1900BA88BF /* ProtoTypeNote.md */ = {isa = PBXFileReference; fileEncoding = 4; lastKnownFileType = net.daringfireball.markdown; path = ProtoTypeNote.md; sourceTree = "<group>"; };
		91D7CB212197F0C900BA88BF /* ZHFProtoTypeModelA.h */ = {isa = PBXFileReference; lastKnownFileType = sourcecode.c.h; path = ZHFProtoTypeModelA.h; sourceTree = "<group>"; };
		91D7CB222197F0C900BA88BF /* ZHFProtoTypeModelA.m */ = {isa = PBXFileReference; lastKnownFileType = sourcecode.c.objc; path = ZHFProtoTypeModelA.m; sourceTree = "<group>"; };
		91D7CB252197F25000BA88BF /* ZHFRootTableVC.h */ = {isa = PBXFileReference; lastKnownFileType = sourcecode.c.h; path = ZHFRootTableVC.h; sourceTree = "<group>"; };
		91D7CB262197F25000BA88BF /* ZHFRootTableVC.m */ = {isa = PBXFileReference; lastKnownFileType = sourcecode.c.objc; path = ZHFRootTableVC.m; sourceTree = "<group>"; };
		91D7CB282197F2D000BA88BF /* ZHFRootTableViewModel.h */ = {isa = PBXFileReference; lastKnownFileType = sourcecode.c.h; path = ZHFRootTableViewModel.h; sourceTree = "<group>"; };
		91D7CB292197F2D000BA88BF /* ZHFRootTableViewModel.m */ = {isa = PBXFileReference; lastKnownFileType = sourcecode.c.objc; path = ZHFRootTableViewModel.m; sourceTree = "<group>"; };
		91D7CB2B2197FFA900BA88BF /* ZHFRootCoordinater.h */ = {isa = PBXFileReference; lastKnownFileType = sourcecode.c.h; path = ZHFRootCoordinater.h; sourceTree = "<group>"; };
		91D7CB2C2197FFA900BA88BF /* ZHFRootCoordinater.m */ = {isa = PBXFileReference; lastKnownFileType = sourcecode.c.objc; path = ZHFRootCoordinater.m; sourceTree = "<group>"; };
		91DC404121AD7B2000603387 /* ZHFAbstractFactoryVC.h */ = {isa = PBXFileReference; lastKnownFileType = sourcecode.c.h; path = ZHFAbstractFactoryVC.h; sourceTree = "<group>"; };
		91DC404221AD7B2000603387 /* ZHFAbstractFactoryVC.m */ = {isa = PBXFileReference; lastKnownFileType = sourcecode.c.objc; path = ZHFAbstractFactoryVC.m; sourceTree = "<group>"; };
		B1D9EB4201DA1379C3F5B058 /* libPods-Objective-C_Design_Patterns.a */ = {isa = PBXFileReference; explicitFileType = archive.ar; includeInIndex = 0; path = "libPods-Objective-C_Design_Patterns.a"; sourceTree = BUILT_PRODUCTS_DIR; };
/* End PBXFileReference section */

/* Begin PBXFrameworksBuildPhase section */
		916E36392163209200602088 /* Frameworks */ = {
			isa = PBXFrameworksBuildPhase;
			buildActionMask = 2147483647;
			files = (
				3F5F9106E46290962FF8406B /* libPods-Objective-C_Design_Patterns.a in Frameworks */,
			);
			runOnlyForDeploymentPostprocessing = 0;
		};
/* End PBXFrameworksBuildPhase section */

/* Begin PBXGroup section */
		073466E8EF1A59361E1C76BD /* Pods */ = {
			isa = PBXGroup;
			children = (
				032EA1AC0C304488AEA2B113 /* Pods-Objective-C_Design_Patterns.debug.xcconfig */,
				7AF48F83BE7FACAC0BCF4001 /* Pods-Objective-C_Design_Patterns.release.xcconfig */,
			);
			name = Pods;
			sourceTree = "<group>";
		};
		652EC8C14DD24A6F7E6BBE78 /* Frameworks */ = {
			isa = PBXGroup;
			children = (
				B1D9EB4201DA1379C3F5B058 /* libPods-Objective-C_Design_Patterns.a */,
			);
			name = Frameworks;
			sourceTree = "<group>";
		};
		910E838221B0425F00736D3B /* Apply */ = {
			isa = PBXGroup;
			children = (
				910E838321B0425F00736D3B /* ChasingGame.mdj */,
				910E838521B042E700736D3B /* ZHFChasingGame.h */,
				910E838621B042E700736D3B /* ZHFChasingGame.m */,
				910E838821B0432C00736D3B /* ZHFCharacter.h */,
				910E838921B0432C00736D3B /* ZHFCharacter.m */,
				910E838B21B043B600736D3B /* ZHFCharacteBuilder.h */,
				910E838C21B043B600736D3B /* ZHFCharacteBuilder.m */,
				910E838E21B0445700736D3B /* ZHFStandardCharacteBuilder.h */,
				910E838F21B0445700736D3B /* ZHFStandardCharacteBuilder.m */,
			);
			path = Apply;
			sourceTree = "<group>";
		};
		911B3DD621AEDA8C009BC83D /* 生成器模式 */ = {
			isa = PBXGroup;
			children = (
				910E838221B0425F00736D3B /* Apply */,
				911B3DD921AEDDB2009BC83D /* BuilderPattern.mdj */,
				911B3DD721AEDC0B009BC83D /* BuilderPattern.md */,
				910E839121B04EEB00736D3B /* ZHFBuilderPatternVC.h */,
				910E839221B04EEB00736D3B /* ZHFBuilderPatternVC.m */,
			);
			path = "生成器模式";
			sourceTree = "<group>";
		};
		913933C92197232E0057E33C /* Documents */ = {
			isa = PBXGroup;
			children = (
				913933CA2197235F0057E33C /* 设计模式1.md */,
			);
			path = Documents;
			sourceTree = "<group>";
		};
		913933CC219724840057E33C /* DesignPatterns */ = {
			isa = PBXGroup;
			children = (
				914D88C221C2A236008971BE /* 组合模式 */,
				914C2E7421BFF63A002A0222 /* 观察者模式 */,
				9176709B21BB75AD00E22223 /* 外观模式 */,
				9171584021BABEF4000525FC /* 桥接模式 */,
				9153C43521B6D46700C2CCB6 /* 中介者模式 */,
				9198362D21B576F900747EA5 /* 适配器模式 */,
				9173394921B18D1D009C08A1 /* 单例模式 */,
				911B3DD621AEDA8C009BC83D /* 生成器模式 */,
				918E0EF421A3140400F4FC2B /* 抽象工程模式 */,
				9170E7E021A06CF300E41D8A /* 工厂模式 */,
				91D7CB242197F22100BA88BF /* RootVC */,
				913933CD219724A40057E33C /* 原型模式 */,
			);
			path = DesignPatterns;
			sourceTree = "<group>";
		};
		913933CD219724A40057E33C /* 原型模式 */ = {
			isa = PBXGroup;
			children = (
				91D7CB202197F09600BA88BF /* Models */,
				91D7CB1E2197EB1900BA88BF /* ProtoTypeNote.md */,
				913933CE219728B00057E33C /* ProtoType.mdj */,
				91D7CB1B2197E9BE00BA88BF /* ZHFProtoTypeVC.h */,
				91D7CB1C2197E9BE00BA88BF /* ZHFProtoTypeVC.m */,
			);
			path = "原型模式";
			sourceTree = "<group>";
		};
		914C2E7421BFF63A002A0222 /* 观察者模式 */ = {
			isa = PBXGroup;
			children = (
				91BFF5B421C0DB940067D1D4 /* Apply */,
				914C2E7521BFF98E002A0222 /* ObserverPattern.mdj */,
				914C2E7721BFF9C6002A0222 /* README.md */,
			);
			path = "观察者模式";
			sourceTree = "<group>";
		};
		914CD49621B8227900C9A8DB /* Apply2 */ = {
			isa = PBXGroup;
			children = (
				914CD49D21B826FF00C9A8DB /* RGBValuesProviderAdapter.mdj */,
				914CD49721B8231A00C9A8DB /* ZHFRGBValuesProviderProtocol.h */,
				914CD49A21B8238F00C9A8DB /* ZHFRGBValuesProvider.h */,
				914CD49B21B8238F00C9A8DB /* ZHFRGBValuesProvider.m */,
				914CD49F21B8290000C9A8DB /* ZHFSetStrokeColorBlockCommand.h */,
				914CD4A021B8290000C9A8DB /* ZHFSetStrokeColorBlockCommand.m */,
			);
			path = Apply2;
			sourceTree = "<group>";
		};
		914D88C221C2A236008971BE /* 组合模式 */ = {
			isa = PBXGroup;
			children = (
				914D88C321C2A30C008971BE /* CompositePattern.md */,
			);
			path = "组合模式";
			sourceTree = "<group>";
		};
		914E5E2E216659650089C1C7 /* Protocols */ = {
			isa = PBXGroup;
			children = (
				914E5E2F216659810089C1C7 /* Mark.h */,
			);
			path = Protocols;
			sourceTree = "<group>";
		};
		915075BF216346580049B5CA /* Coordinate */ = {
			isa = PBXGroup;
			children = (
				915075C02163467A0049B5CA /* CoordinatingController.h */,
				915075C12163467A0049B5CA /* CoordinatingController.m */,
				911200AF218600AD007794AD /* CoordinateProtocol.h */,
			);
			path = Coordinate;
			sourceTree = "<group>";
		};
		9153C42521B6CACE00C2CCB6 /* Apply */ = {
			isa = PBXGroup;
			children = (
				9153C43321B6D0EC00C2CCB6 /* AdapterApply.mdj */,
				9153C42921B6CBD200C2CCB6 /* ZHFSetStrokeColorCommandDelegate.h */,
				9153C42A21B6CC2E00C2CCB6 /* ZHFCommand.h */,
				9153C42B21B6CC2E00C2CCB6 /* ZHFCommand.m */,
				9153C42D21B6CC4800C2CCB6 /* ZHFSetStrokeColorCommand.h */,
				9153C42E21B6CC4800C2CCB6 /* ZHFSetStrokeColorCommand.m */,
				9153C43021B6CCF900C2CCB6 /* ZHFCommandSlider.h */,
				9153C43121B6CCF900C2CCB6 /* ZHFCommandSlider.m */,
			);
			path = Apply;
			sourceTree = "<group>";
		};
		9153C43521B6D46700C2CCB6 /* 中介者模式 */ = {
			isa = PBXGroup;
			children = (
				9153C43621B6D46700C2CCB6 /* Apply */,
				9122AD1C21BD6B5D00A9E3BD /* MediatorPattern.md */,
				9122AD1E21BD6F1A00A9E3BD /* MediatorPattern.mdj */,
			);
			path = "中介者模式";
			sourceTree = "<group>";
		};
		9153C43621B6D46700C2CCB6 /* Apply */ = {
			isa = PBXGroup;
			children = (
				91A1153D21BEB4CF0077BEA6 /* CoordinatingController.mdj */,
				9153C43721B6D4C600C2CCB6 /* ZHFCoordinateViewController.h */,
				9153C43821B6D4C600C2CCB6 /* ZHFCoordinateViewController.m */,
			);
			path = Apply;
			sourceTree = "<group>";
		};
		916183A021AAFD5900681B46 /* Apply */ = {
			isa = PBXGroup;
			children = (
				916183A121AAFDB200681B46 /* ZHFBrandingFactory.h */,
				916183A221AAFDB200681B46 /* ZHFBrandingFactory.m */,
				916183A421AAFFAD00681B46 /* ZHFSierraBrandingFactory.h */,
				916183A521AAFFAD00681B46 /* ZHFSierraBrandingFactory.m */,
				916183AD21AB09AF00681B46 /* ZHFSierraBrandingViews.h */,
				916183AE21AB09AF00681B46 /* ZHFSierraBrandingViews.m */,
				916183A721AAFFE700681B46 /* ZHFAcmeBrandingFactory.h */,
				916183A821AAFFE700681B46 /* ZHFAcmeBrandingFactory.m */,
				916183AA21AB089800681B46 /* ZHFAcmeBrandingViews.h */,
				916183AB21AB089800681B46 /* ZHFAcmeBrandingViews.m */,
			);
			path = Apply;
			sourceTree = "<group>";
		};
		916E36332163209200602088 = {
			isa = PBXGroup;
			children = (
				916E363E2163209200602088 /* Objective-C_Design_Patterns */,
				916E363D2163209200602088 /* Products */,
				073466E8EF1A59361E1C76BD /* Pods */,
				652EC8C14DD24A6F7E6BBE78 /* Frameworks */,
			);
			sourceTree = "<group>";
		};
		916E363D2163209200602088 /* Products */ = {
			isa = PBXGroup;
			children = (
				916E363C2163209200602088 /* Objective-C_Design_Patterns.app */,
			);
			name = Products;
			sourceTree = "<group>";
		};
		916E363E2163209200602088 /* Objective-C_Design_Patterns */ = {
			isa = PBXGroup;
			children = (
				91BFF5B721C0E66D0067D1D4 /* Doraemon面板自定义模块 */,
				9170E7E921A0722000E41D8A /* Rescues */,
				913933CC219724840057E33C /* DesignPatterns */,
				913933C92197232E0057E33C /* Documents */,
				917B7921218A0B7F00425A05 /* Manager */,
				91A84A212184B98900A71138 /* MementoPattern */,
				914E5E2E216659650089C1C7 /* Protocols */,
				915075BF216346580049B5CA /* Coordinate */,
				9174038521632F9400EEC228 /* Controller */,
				9174038321632F9400EEC228 /* Model */,
				9174038421632F9400EEC228 /* View */,
				916E363F2163209200602088 /* AppDelegate.h */,
				916E36402163209200602088 /* AppDelegate.m */,
				916E36422163209200602088 /* ViewController.h */,
				916E36432163209200602088 /* ViewController.m */,
				916E36452163209200602088 /* Main.storyboard */,
				916E36482163209400602088 /* Assets.xcassets */,
				916E364A2163209400602088 /* LaunchScreen.storyboard */,
				916E364D2163209400602088 /* Info.plist */,
				916E364E2163209400602088 /* main.m */,
				91A6EC2C2168C57B002CC2B7 /* PrefixHeader.pch */,
			);
			path = "Objective-C_Design_Patterns";
			sourceTree = "<group>";
		};
		9170E7E021A06CF300E41D8A /* 工厂模式 */ = {
			isa = PBXGroup;
			children = (
				9170E7F821A1B75000E41D8A /* Apply */,
				9170E7EC21A076AD00E41D8A /* factoryPattern.mdj */,
				9170E7E121A06D9800E41D8A /* FactoryPattern.md */,
				9170E7E621A06EE700E41D8A /* ZHFFactoryPatternVC.h */,
				9170E7E721A06EE700E41D8A /* ZHFFactoryPatternVC.m */,
			);
			path = "工厂模式";
			sourceTree = "<group>";
		};
		9170E7E921A0722000E41D8A /* Rescues */ = {
			isa = PBXGroup;
			children = (
				9170E7EA21A0725100E41D8A /* test0.png */,
			);
			path = Rescues;
			sourceTree = "<group>";
		};
		9170E7F821A1B75000E41D8A /* Apply */ = {
			isa = PBXGroup;
			children = (
				9170E80721A1BC3000E41D8A /* CanvasViewFactory.mdj */,
				916AE27521A2C72F00E41F76 /* ZHFCanvasView.h */,
				916AE27621A2C72F00E41F76 /* ZHFCanvasView.m */,
				9170E7FA21A1B7D300E41D8A /* ZHFClothCanvasView.h */,
				9170E7FB21A1B7D300E41D8A /* ZHFClothCanvasView.m */,
				9170E7FD21A1B7F200E41D8A /* ZHFPaperCanvasView.h */,
				9170E7FE21A1B7F200E41D8A /* ZHFPaperCanvasView.m */,
				916AE27821A2C77800E41F76 /* ZHFCanvasViewGenerator.h */,
				916AE27921A2C77800E41F76 /* ZHFCanvasViewGenerator.m */,
				9170E80121A1B88900E41D8A /* ZHFClothCanvasViewGenerator.h */,
				9170E80221A1B88900E41D8A /* ZHFClothCanvasViewGenerator.m */,
				9170E80421A1B89C00E41D8A /* ZHFPaperCanvasViewGenerator.h */,
				9170E80521A1B89C00E41D8A /* ZHFPaperCanvasViewGenerator.m */,
			);
			path = Apply;
			sourceTree = "<group>";
		};
		9171584021BABEF4000525FC /* 桥接模式 */ = {
			isa = PBXGroup;
			children = (
				9171584521BACB00000525FC /* Apply */,
				9171584321BAC484000525FC /* BridgePattern.mdj */,
				9171584121BAC196000525FC /* BridgePattern.md */,
			);
			path = "桥接模式";
			sourceTree = "<group>";
		};
		9171584521BACB00000525FC /* Apply */ = {
			isa = PBXGroup;
			children = (
				9171584621BACE87000525FC /* EmuletorBradgePattarn.mdj */,
				9171584821BACF07000525FC /* ZHFConsoleCommands.h */,
				9171584921BACF07000525FC /* ZHFConsoleCommands.m */,
				9171584B21BACF59000525FC /* ZHFConsoleEmulator.h */,
				9171584C21BACF59000525FC /* ZHFConsoleEmulator.m */,
				9171584E21BAD176000525FC /* ZHFGameBoyEmulator.h */,
				9171584F21BAD176000525FC /* ZHFGameBoyEmulator.m */,
				9171585121BAD18A000525FC /* ZHFGameGeerEmulator.h */,
				9171585221BAD18A000525FC /* ZHFGameGeerEmulator.m */,
				9171585421BAD238000525FC /* ZHFConsoleController.h */,
				9171585521BAD238000525FC /* ZHFConsoleController.m */,
				9171585721BAD398000525FC /* ZHFTouchConsoleController.h */,
				9171585821BAD398000525FC /* ZHFTouchConsoleController.m */,
			);
			path = Apply;
			sourceTree = "<group>";
		};
		9173394921B18D1D009C08A1 /* 单例模式 */ = {
			isa = PBXGroup;
			children = (
				9173394A21B18F82009C08A1 /* SingletonPattern.md */,
				9173394C21B193D9009C08A1 /* ZHFSingleton.h */,
				9173394D21B193D9009C08A1 /* ZHFSingleton.m */,
			);
			path = "单例模式";
			sourceTree = "<group>";
		};
		9174038321632F9400EEC228 /* Model */ = {
			isa = PBXGroup;
			children = (
				91C1B78D21665A660070DB88 /* Stroke.h */,
				91C1B78E21665A660070DB88 /* Stroke.m */,
				91C1B79321665E2D0070DB88 /* Vertex.h */,
				91C1B79421665E2D0070DB88 /* Vertex.m */,
				91C1B79621665EC70070DB88 /* Dot.h */,
				91C1B79721665EC70070DB88 /* Dot.m */,
			);
			path = Model;
			sourceTree = "<group>";
		};
		9174038421632F9400EEC228 /* View */ = {
			isa = PBXGroup;
			children = (
				91C1B7992166680C0070DB88 /* CanvasView.h */,
				91C1B79A2166680C0070DB88 /* CanvasView.m */,
			);
			path = View;
			sourceTree = "<group>";
		};
		9174038521632F9400EEC228 /* Controller */ = {
			isa = PBXGroup;
			children = (
				9174038621632FC500EEC228 /* CanvasViewController.h */,
				9174038721632FC500EEC228 /* CanvasViewController.m */,
				914E5E2B21664DF00089C1C7 /* PaletteViewController.h */,
				914E5E2C21664DF00089C1C7 /* PaletteViewController.m */,
				914E5E28216648120089C1C7 /* ThumbnailViewController.h */,
				914E5E29216648120089C1C7 /* ThumbnailViewController.m */,
				91A84A1E2184A9C600A71138 /* RecoverViewController.h */,
				91A84A1F2184A9C600A71138 /* RecoverViewController.m */,
			);
			path = Controller;
			sourceTree = "<group>";
		};
		9176709B21BB75AD00E22223 /* 外观模式 */ = {
			isa = PBXGroup;
			children = (
				917670AC21BB9B9C00E22223 /* Apply2 */,
				917670A021BB895900E22223 /* Apply */,
				9176709E21BB833D00E22223 /* FacadePattern.mdj */,
				9176709C21BB7B8F00E22223 /* FacadePattern.md */,
			);
			path = "外观模式";
			sourceTree = "<group>";
		};
		917670A021BB895900E22223 /* Apply */ = {
			isa = PBXGroup;
			children = (
				917670A121BB8C7800E22223 /* CabDriverFacabePattern.mdj */,
				917670A321BB8D7000E22223 /* ZHFCar.h */,
				917670A421BB8D7000E22223 /* ZHFCar.m */,
				917670A621BB8E1800E22223 /* ZHFTaximeter.h */,
				917670A721BB8E1800E22223 /* ZHFTaximeter.m */,
				917670A921BB8EBB00E22223 /* ZHFCabDriver.h */,
				917670AA21BB8EBB00E22223 /* ZHFCabDriver.m */,
			);
			path = Apply;
			sourceTree = "<group>";
		};
		917670AC21BB9B9C00E22223 /* Apply2 */ = {
			isa = PBXGroup;
			children = (
				917670AD21BB9F3D00E22223 /* ScribbleManager_FacabePattern.mdj */,
				917670AF21BB9F9200E22223 /* ZHFScribble.h */,
				917670B021BB9F9200E22223 /* ZHFScribble.m */,
				917670B921BBB9E500E22223 /* ZHFScribbleMemento.h */,
				917670BA21BBB9E500E22223 /* ZHFScribbleMemento.m */,
				917670B221BB9FB200E22223 /* ZHFScribbleThumbnail.h */,
				917670B321BB9FB200E22223 /* ZHFScribbleThumbnail.m */,
				917670B521BB9FCB00E22223 /* ZHFScribbleThumbnailProxy.h */,
				917670B621BB9FE700E22223 /* ZHFScribbleManager.h */,
				917670B721BB9FE700E22223 /* ZHFScribbleManager.m */,
			);
			path = Apply2;
			sourceTree = "<group>";
		};
		917B7921218A0B7F00425A05 /* Manager */ = {
			isa = PBXGroup;
			children = (
				917B7922218A0BC000425A05 /* ScrawlManager.h */,
				917B7923218A0BC000425A05 /* ScrawlManager.m */,
			);
			path = Manager;
			sourceTree = "<group>";
		};
		918E0EF421A3140400F4FC2B /* 抽象工程模式 */ = {
			isa = PBXGroup;
			children = (
				916183A021AAFD5900681B46 /* Apply */,
				9161839E21AAECD200681B46 /* AbstractFactory.mdj */,
				918E0EF521A3146500F4FC2B /* AbstractFactory.md */,
				91DC404121AD7B2000603387 /* ZHFAbstractFactoryVC.h */,
				91DC404221AD7B2000603387 /* ZHFAbstractFactoryVC.m */,
			);
			path = "抽象工程模式";
			sourceTree = "<group>";
		};
		9198362D21B576F900747EA5 /* 适配器模式 */ = {
			isa = PBXGroup;
			children = (
				914CD49621B8227900C9A8DB /* Apply2 */,
				9153C42521B6CACE00C2CCB6 /* Apply */,
				9198363021B57DE300747EA5 /* Adapter.mdj */,
				9198362E21B579C400747EA5 /* Adapter适配器模式.md */,
				9153C42621B6CB8600C2CCB6 /* ZHFAdapterViewController.h */,
				9153C42721B6CB8600C2CCB6 /* ZHFAdapterViewController.m */,
			);
			path = "适配器模式";
			sourceTree = "<group>";
		};
		91A84A212184B98900A71138 /* MementoPattern */ = {
			isa = PBXGroup;
			children = (
				91A84A222184BE3D00A71138 /* MementoClassChart.graffle */,
				917B7925218A0C1B00425A05 /* MementoModel.h */,
				917B7926218A0C1B00425A05 /* MementoModel.m */,
				917B7928218A0C3000425A05 /* ScrawlModel.h */,
				917B7929218A0C3000425A05 /* ScrawlModel.m */,
			);
			path = MementoPattern;
			sourceTree = "<group>";
		};
		91BFF5B421C0DB940067D1D4 /* Apply */ = {
			isa = PBXGroup;
			children = (
				91BFF5B521C0DBAE0067D1D4 /* CanvasViewControllerObserverPattern.mdj */,
			);
			path = Apply;
			sourceTree = "<group>";
		};
		91BFF5B721C0E66D0067D1D4 /* Doraemon面板自定义模块 */ = {
			isa = PBXGroup;
			children = (
				91BFF5B821C0E69F0067D1D4 /* ZHFDoraemonEnvPlugin.h */,
				91BFF5B921C0E69F0067D1D4 /* ZHFDoraemonEnvPlugin.m */,
			);
			path = "Doraemon面板自定义模块";
			sourceTree = "<group>";
		};
		91D7CB202197F09600BA88BF /* Models */ = {
			isa = PBXGroup;
			children = (
				91D7CB212197F0C900BA88BF /* ZHFProtoTypeModelA.h */,
				91D7CB222197F0C900BA88BF /* ZHFProtoTypeModelA.m */,
			);
			path = Models;
			sourceTree = "<group>";
		};
		91D7CB242197F22100BA88BF /* RootVC */ = {
			isa = PBXGroup;
			children = (
				91D7CB252197F25000BA88BF /* ZHFRootTableVC.h */,
				91D7CB262197F25000BA88BF /* ZHFRootTableVC.m */,
				91D7CB282197F2D000BA88BF /* ZHFRootTableViewModel.h */,
				91D7CB292197F2D000BA88BF /* ZHFRootTableViewModel.m */,
				91D7CB2B2197FFA900BA88BF /* ZHFRootCoordinater.h */,
				91D7CB2C2197FFA900BA88BF /* ZHFRootCoordinater.m */,
			);
			path = RootVC;
			sourceTree = "<group>";
		};
/* End PBXGroup section */

/* Begin PBXNativeTarget section */
		916E363B2163209200602088 /* Objective-C_Design_Patterns */ = {
			isa = PBXNativeTarget;
			buildConfigurationList = 916E36522163209400602088 /* Build configuration list for PBXNativeTarget "Objective-C_Design_Patterns" */;
			buildPhases = (
				48A0ED1D54E68162ADD70103 /* [CP] Check Pods Manifest.lock */,
				916E36382163209200602088 /* Sources */,
				916E36392163209200602088 /* Frameworks */,
				916E363A2163209200602088 /* Resources */,
				51BAA1151644C8883F4969BD /* [CP] Copy Pods Resources */,
			);
			buildRules = (
			);
			dependencies = (
			);
			name = "Objective-C_Design_Patterns";
			productName = "Objective-C_Design_Patterns";
			productReference = 916E363C2163209200602088 /* Objective-C_Design_Patterns.app */;
			productType = "com.apple.product-type.application";
		};
/* End PBXNativeTarget section */

/* Begin PBXProject section */
		916E36342163209200602088 /* Project object */ = {
			isa = PBXProject;
			attributes = {
				CLASSPREFIX = ZHF;
				LastUpgradeCheck = 0940;
				ORGANIZATIONNAME = "周飞";
				TargetAttributes = {
					916E363B2163209200602088 = {
						CreatedOnToolsVersion = 9.4.1;
					};
				};
			};
			buildConfigurationList = 916E36372163209200602088 /* Build configuration list for PBXProject "Objective-C_Design_Patterns" */;
			compatibilityVersion = "Xcode 9.3";
			developmentRegion = en;
			hasScannedForEncodings = 0;
			knownRegions = (
				en,
				Base,
			);
			mainGroup = 916E36332163209200602088;
			productRefGroup = 916E363D2163209200602088 /* Products */;
			projectDirPath = "";
			projectRoot = "";
			targets = (
				916E363B2163209200602088 /* Objective-C_Design_Patterns */,
			);
		};
/* End PBXProject section */

/* Begin PBXResourcesBuildPhase section */
		916E363A2163209200602088 /* Resources */ = {
			isa = PBXResourcesBuildPhase;
			buildActionMask = 2147483647;
			files = (
				9170E7E221A06D9800E41D8A /* FactoryPattern.md in Resources */,
				916E364C2163209400602088 /* LaunchScreen.storyboard in Resources */,
				9153C43421B6D0EC00C2CCB6 /* AdapterApply.mdj in Resources */,
				9122AD1F21BD6F1A00A9E3BD /* MediatorPattern.mdj in Resources */,
				917670A221BB8C7800E22223 /* CabDriverFacabePattern.mdj in Resources */,
				916E36492163209400602088 /* Assets.xcassets in Resources */,
				914CD49E21B826FF00C9A8DB /* RGBValuesProviderAdapter.mdj in Resources */,
				9173394B21B18F82009C08A1 /* SingletonPattern.md in Resources */,
				9198362F21B579C400747EA5 /* Adapter适配器模式.md in Resources */,
				918E0EF621A3146500F4FC2B /* AbstractFactory.md in Resources */,
				911B3DDA21AEDDB2009BC83D /* BuilderPattern.mdj in Resources */,
				910E838421B0425F00736D3B /* ChasingGame.mdj in Resources */,
				9161839F21AAECD200681B46 /* AbstractFactory.mdj in Resources */,
				9122AD1D21BD6B5D00A9E3BD /* MediatorPattern.md in Resources */,
				9171584721BACE87000525FC /* EmuletorBradgePattarn.mdj in Resources */,
				9171584421BAC485000525FC /* BridgePattern.mdj in Resources */,
				9170E7ED21A076AD00E41D8A /* factoryPattern.mdj in Resources */,
				91BFF5B621C0DBAE0067D1D4 /* CanvasViewControllerObserverPattern.mdj in Resources */,
				9171584221BAC196000525FC /* BridgePattern.md in Resources */,
				916E36472163209200602088 /* Main.storyboard in Resources */,
				9170E7EB21A0725100E41D8A /* test0.png in Resources */,
				9176709D21BB7B8F00E22223 /* FacadePattern.md in Resources */,
				914D88C421C2A30C008971BE /* CompositePattern.md in Resources */,
				913933CB2197235F0057E33C /* 设计模式1.md in Resources */,
				911B3DD821AEDC0B009BC83D /* BuilderPattern.md in Resources */,
				913933CF219728B00057E33C /* ProtoType.mdj in Resources */,
				914C2E7621BFF98E002A0222 /* ObserverPattern.mdj in Resources */,
				9176709F21BB833D00E22223 /* FacadePattern.mdj in Resources */,
				917670AE21BB9F3D00E22223 /* ScribbleManager_FacabePattern.mdj in Resources */,
				91A1153E21BEB4CF0077BEA6 /* CoordinatingController.mdj in Resources */,
				9198363121B57DE300747EA5 /* Adapter.mdj in Resources */,
				91D7CB1F2197EB1900BA88BF /* ProtoTypeNote.md in Resources */,
				9170E80821A1BC3000E41D8A /* CanvasViewFactory.mdj in Resources */,
			);
			runOnlyForDeploymentPostprocessing = 0;
		};
/* End PBXResourcesBuildPhase section */

/* Begin PBXShellScriptBuildPhase section */
		48A0ED1D54E68162ADD70103 /* [CP] Check Pods Manifest.lock */ = {
			isa = PBXShellScriptBuildPhase;
			buildActionMask = 2147483647;
			files = (
			);
			inputPaths = (
				"${PODS_PODFILE_DIR_PATH}/Podfile.lock",
				"${PODS_ROOT}/Manifest.lock",
			);
			name = "[CP] Check Pods Manifest.lock";
			outputPaths = (
				"$(DERIVED_FILE_DIR)/Pods-Objective-C_Design_Patterns-checkManifestLockResult.txt",
			);
			runOnlyForDeploymentPostprocessing = 0;
			shellPath = /bin/sh;
			shellScript = "diff \"${PODS_PODFILE_DIR_PATH}/Podfile.lock\" \"${PODS_ROOT}/Manifest.lock\" > /dev/null\nif [ $? != 0 ] ; then\n    # print error to STDERR\n    echo \"error: The sandbox is not in sync with the Podfile.lock. Run 'pod install' or update your CocoaPods installation.\" >&2\n    exit 1\nfi\n# This output is used by Xcode 'outputs' to avoid re-running this script phase.\necho \"SUCCESS\" > \"${SCRIPT_OUTPUT_FILE_0}\"\n";
			showEnvVarsInLog = 0;
		};
		51BAA1151644C8883F4969BD /* [CP] Copy Pods Resources */ = {
			isa = PBXShellScriptBuildPhase;
			buildActionMask = 2147483647;
			files = (
			);
			inputPaths = (
				"${SRCROOT}/Pods/Target Support Files/Pods-Objective-C_Design_Patterns/Pods-Objective-C_Design_Patterns-resources.sh",
				"${PODS_CONFIGURATION_BUILD_DIR}/BottomComponentLib/BottomComponentLib.bundle",
			);
			name = "[CP] Copy Pods Resources";
			outputPaths = (
				"${TARGET_BUILD_DIR}/${UNLOCALIZED_RESOURCES_FOLDER_PATH}/BottomComponentLib.bundle",
			);
			runOnlyForDeploymentPostprocessing = 0;
			shellPath = /bin/sh;
			shellScript = "\"${SRCROOT}/Pods/Target Support Files/Pods-Objective-C_Design_Patterns/Pods-Objective-C_Design_Patterns-resources.sh\"\n";
			showEnvVarsInLog = 0;
		};
/* End PBXShellScriptBuildPhase section */

/* Begin PBXSourcesBuildPhase section */
		916E36382163209200602088 /* Sources */ = {
			isa = PBXSourcesBuildPhase;
			buildActionMask = 2147483647;
			files = (
				910E839021B0445700736D3B /* ZHFStandardCharacteBuilder.m in Sources */,
				916183A621AAFFAD00681B46 /* ZHFSierraBrandingFactory.m in Sources */,
				917670B821BB9FE700E22223 /* ZHFScribbleManager.m in Sources */,
				9173394E21B193D9009C08A1 /* ZHFSingleton.m in Sources */,
				916183AC21AB089800681B46 /* ZHFAcmeBrandingViews.m in Sources */,
				916183A321AAFDB200681B46 /* ZHFBrandingFactory.m in Sources */,
				91D7CB232197F0C900BA88BF /* ZHFProtoTypeModelA.m in Sources */,
				917B792A218A0C3000425A05 /* ScrawlModel.m in Sources */,
				91D7CB272197F25000BA88BF /* ZHFRootTableVC.m in Sources */,
				917B7924218A0BC000425A05 /* ScrawlManager.m in Sources */,
				91D7CB1D2197E9BE00BA88BF /* ZHFProtoTypeVC.m in Sources */,
				916AE27721A2C72F00E41F76 /* ZHFCanvasView.m in Sources */,
				9153C43921B6D4C600C2CCB6 /* ZHFCoordinateViewController.m in Sources */,
				91D7CB2D2197FFA900BA88BF /* ZHFRootCoordinater.m in Sources */,
				9174038821632FC500EEC228 /* CanvasViewController.m in Sources */,
				9153C42821B6CB8600C2CCB6 /* ZHFAdapterViewController.m in Sources */,
				917670B421BB9FB200E22223 /* ZHFScribbleThumbnail.m in Sources */,
				91C1B79B2166680C0070DB88 /* CanvasView.m in Sources */,
				917670BB21BBB9E500E22223 /* ZHFScribbleMemento.m in Sources */,
				9171585321BAD18A000525FC /* ZHFGameGeerEmulator.m in Sources */,
				9170E7E821A06EE700E41D8A /* ZHFFactoryPatternVC.m in Sources */,
				916E36442163209200602088 /* ViewController.m in Sources */,
				917670AB21BB8EBB00E22223 /* ZHFCabDriver.m in Sources */,
				9153C42F21B6CC4800C2CCB6 /* ZHFSetStrokeColorCommand.m in Sources */,
				9171584D21BACF59000525FC /* ZHFConsoleEmulator.m in Sources */,
				91DC404321AD7B2000603387 /* ZHFAbstractFactoryVC.m in Sources */,
				914E5E2D21664DF00089C1C7 /* PaletteViewController.m in Sources */,
				91C1B79821665EC70070DB88 /* Dot.m in Sources */,
				9170E7FC21A1B7D300E41D8A /* ZHFClothCanvasView.m in Sources */,
				916AE27A21A2C77800E41F76 /* ZHFCanvasViewGenerator.m in Sources */,
				9170E80621A1B89C00E41D8A /* ZHFPaperCanvasViewGenerator.m in Sources */,
				917670A521BB8D7000E22223 /* ZHFCar.m in Sources */,
				910E838721B042E700736D3B /* ZHFChasingGame.m in Sources */,
				917670B121BB9F9200E22223 /* ZHFScribble.m in Sources */,
				91BFF5BA21C0E69F0067D1D4 /* ZHFDoraemonEnvPlugin.m in Sources */,
				9171584A21BACF07000525FC /* ZHFConsoleCommands.m in Sources */,
				91C1B78F21665A660070DB88 /* Stroke.m in Sources */,
				914CD4A121B8290000C9A8DB /* ZHFSetStrokeColorBlockCommand.m in Sources */,
				916183AF21AB09AF00681B46 /* ZHFSierraBrandingViews.m in Sources */,
				914CD49C21B8238F00C9A8DB /* ZHFRGBValuesProvider.m in Sources */,
				916E364F2163209400602088 /* main.m in Sources */,
				915075C22163467A0049B5CA /* CoordinatingController.m in Sources */,
				910E838D21B043B600736D3B /* ZHFCharacteBuilder.m in Sources */,
				9171585621BAD238000525FC /* ZHFConsoleController.m in Sources */,
				917670A821BB8E1800E22223 /* ZHFTaximeter.m in Sources */,
				9170E80321A1B88900E41D8A /* ZHFClothCanvasViewGenerator.m in Sources */,
				910E839321B04EEB00736D3B /* ZHFBuilderPatternVC.m in Sources */,
				9170E7FF21A1B7F200E41D8A /* ZHFPaperCanvasView.m in Sources */,
				91C1B79521665E2D0070DB88 /* Vertex.m in Sources */,
				9153C42C21B6CC2E00C2CCB6 /* ZHFCommand.m in Sources */,
				916E36412163209200602088 /* AppDelegate.m in Sources */,
				9171585021BAD176000525FC /* ZHFGameBoyEmulator.m in Sources */,
				9171585921BAD398000525FC /* ZHFTouchConsoleController.m in Sources */,
				917B7927218A0C1B00425A05 /* MementoModel.m in Sources */,
				910E838A21B0432C00736D3B /* ZHFCharacter.m in Sources */,
				914E5E2A216648120089C1C7 /* ThumbnailViewController.m in Sources */,
				9153C43221B6CCF900C2CCB6 /* ZHFCommandSlider.m in Sources */,
				91D7CB2A2197F2D000BA88BF /* ZHFRootTableViewModel.m in Sources */,
				916183A921AAFFE700681B46 /* ZHFAcmeBrandingFactory.m in Sources */,
				91A84A202184A9C600A71138 /* RecoverViewController.m in Sources */,
			);
			runOnlyForDeploymentPostprocessing = 0;
		};
/* End PBXSourcesBuildPhase section */

/* Begin PBXVariantGroup section */
		916E36452163209200602088 /* Main.storyboard */ = {
			isa = PBXVariantGroup;
			children = (
				916E36462163209200602088 /* Base */,
			);
			name = Main.storyboard;
			sourceTree = "<group>";
		};
		916E364A2163209400602088 /* LaunchScreen.storyboard */ = {
			isa = PBXVariantGroup;
			children = (
				916E364B2163209400602088 /* Base */,
			);
			name = LaunchScreen.storyboard;
			sourceTree = "<group>";
		};
/* End PBXVariantGroup section */

/* Begin XCBuildConfiguration section */
		916E36502163209400602088 /* Debug */ = {
			isa = XCBuildConfiguration;
			buildSettings = {
				ALWAYS_SEARCH_USER_PATHS = NO;
				CLANG_ANALYZER_NONNULL = YES;
				CLANG_ANALYZER_NUMBER_OBJECT_CONVERSION = YES_AGGRESSIVE;
				CLANG_CXX_LANGUAGE_STANDARD = "gnu++14";
				CLANG_CXX_LIBRARY = "libc++";
				CLANG_ENABLE_MODULES = YES;
				CLANG_ENABLE_OBJC_ARC = YES;
				CLANG_ENABLE_OBJC_WEAK = YES;
				CLANG_WARN_BLOCK_CAPTURE_AUTORELEASING = YES;
				CLANG_WARN_BOOL_CONVERSION = YES;
				CLANG_WARN_COMMA = YES;
				CLANG_WARN_CONSTANT_CONVERSION = YES;
				CLANG_WARN_DEPRECATED_OBJC_IMPLEMENTATIONS = YES;
				CLANG_WARN_DIRECT_OBJC_ISA_USAGE = YES_ERROR;
				CLANG_WARN_DOCUMENTATION_COMMENTS = YES;
				CLANG_WARN_EMPTY_BODY = YES;
				CLANG_WARN_ENUM_CONVERSION = YES;
				CLANG_WARN_INFINITE_RECURSION = YES;
				CLANG_WARN_INT_CONVERSION = YES;
				CLANG_WARN_NON_LITERAL_NULL_CONVERSION = YES;
				CLANG_WARN_OBJC_IMPLICIT_RETAIN_SELF = YES;
				CLANG_WARN_OBJC_LITERAL_CONVERSION = YES;
				CLANG_WARN_OBJC_ROOT_CLASS = YES_ERROR;
				CLANG_WARN_RANGE_LOOP_ANALYSIS = YES;
				CLANG_WARN_STRICT_PROTOTYPES = YES;
				CLANG_WARN_SUSPICIOUS_MOVE = YES;
				CLANG_WARN_UNGUARDED_AVAILABILITY = YES_AGGRESSIVE;
				CLANG_WARN_UNREACHABLE_CODE = YES;
				CLANG_WARN__DUPLICATE_METHOD_MATCH = YES;
				CODE_SIGN_IDENTITY = "iPhone Developer";
				COPY_PHASE_STRIP = NO;
				DEBUG_INFORMATION_FORMAT = dwarf;
				ENABLE_STRICT_OBJC_MSGSEND = YES;
				ENABLE_TESTABILITY = YES;
				GCC_C_LANGUAGE_STANDARD = gnu11;
				GCC_DYNAMIC_NO_PIC = NO;
				GCC_NO_COMMON_BLOCKS = YES;
				GCC_OPTIMIZATION_LEVEL = 0;
				GCC_PREPROCESSOR_DEFINITIONS = (
					"DEBUG=1",
					"$(inherited)",
				);
				GCC_WARN_64_TO_32_BIT_CONVERSION = YES;
				GCC_WARN_ABOUT_RETURN_TYPE = YES_ERROR;
				GCC_WARN_UNDECLARED_SELECTOR = YES;
				GCC_WARN_UNINITIALIZED_AUTOS = YES_AGGRESSIVE;
				GCC_WARN_UNUSED_FUNCTION = YES;
				GCC_WARN_UNUSED_VARIABLE = YES;
				IPHONEOS_DEPLOYMENT_TARGET = 11.4;
				MTL_ENABLE_DEBUG_INFO = YES;
				ONLY_ACTIVE_ARCH = YES;
				SDKROOT = iphoneos;
			};
			name = Debug;
		};
		916E36512163209400602088 /* Release */ = {
			isa = XCBuildConfiguration;
			buildSettings = {
				ALWAYS_SEARCH_USER_PATHS = NO;
				CLANG_ANALYZER_NONNULL = YES;
				CLANG_ANALYZER_NUMBER_OBJECT_CONVERSION = YES_AGGRESSIVE;
				CLANG_CXX_LANGUAGE_STANDARD = "gnu++14";
				CLANG_CXX_LIBRARY = "libc++";
				CLANG_ENABLE_MODULES = YES;
				CLANG_ENABLE_OBJC_ARC = YES;
				CLANG_ENABLE_OBJC_WEAK = YES;
				CLANG_WARN_BLOCK_CAPTURE_AUTORELEASING = YES;
				CLANG_WARN_BOOL_CONVERSION = YES;
				CLANG_WARN_COMMA = YES;
				CLANG_WARN_CONSTANT_CONVERSION = YES;
				CLANG_WARN_DEPRECATED_OBJC_IMPLEMENTATIONS = YES;
				CLANG_WARN_DIRECT_OBJC_ISA_USAGE = YES_ERROR;
				CLANG_WARN_DOCUMENTATION_COMMENTS = YES;
				CLANG_WARN_EMPTY_BODY = YES;
				CLANG_WARN_ENUM_CONVERSION = YES;
				CLANG_WARN_INFINITE_RECURSION = YES;
				CLANG_WARN_INT_CONVERSION = YES;
				CLANG_WARN_NON_LITERAL_NULL_CONVERSION = YES;
				CLANG_WARN_OBJC_IMPLICIT_RETAIN_SELF = YES;
				CLANG_WARN_OBJC_LITERAL_CONVERSION = YES;
				CLANG_WARN_OBJC_ROOT_CLASS = YES_ERROR;
				CLANG_WARN_RANGE_LOOP_ANALYSIS = YES;
				CLANG_WARN_STRICT_PROTOTYPES = YES;
				CLANG_WARN_SUSPICIOUS_MOVE = YES;
				CLANG_WARN_UNGUARDED_AVAILABILITY = YES_AGGRESSIVE;
				CLANG_WARN_UNREACHABLE_CODE = YES;
				CLANG_WARN__DUPLICATE_METHOD_MATCH = YES;
				CODE_SIGN_IDENTITY = "iPhone Developer";
				COPY_PHASE_STRIP = NO;
				DEBUG_INFORMATION_FORMAT = "dwarf-with-dsym";
				ENABLE_NS_ASSERTIONS = NO;
				ENABLE_STRICT_OBJC_MSGSEND = YES;
				GCC_C_LANGUAGE_STANDARD = gnu11;
				GCC_NO_COMMON_BLOCKS = YES;
				GCC_WARN_64_TO_32_BIT_CONVERSION = YES;
				GCC_WARN_ABOUT_RETURN_TYPE = YES_ERROR;
				GCC_WARN_UNDECLARED_SELECTOR = YES;
				GCC_WARN_UNINITIALIZED_AUTOS = YES_AGGRESSIVE;
				GCC_WARN_UNUSED_FUNCTION = YES;
				GCC_WARN_UNUSED_VARIABLE = YES;
				IPHONEOS_DEPLOYMENT_TARGET = 11.4;
				MTL_ENABLE_DEBUG_INFO = NO;
				SDKROOT = iphoneos;
				VALIDATE_PRODUCT = YES;
			};
			name = Release;
		};
		916E36532163209400602088 /* Debug */ = {
			isa = XCBuildConfiguration;
			baseConfigurationReference = 032EA1AC0C304488AEA2B113 /* Pods-Objective-C_Design_Patterns.debug.xcconfig */;
			buildSettings = {
				ASSETCATALOG_COMPILER_APPICON_NAME = AppIcon;
				CODE_SIGN_STYLE = Automatic;
				DEVELOPMENT_TEAM = C7UNH8293N;
				GCC_PREFIX_HEADER = "$(PROJECT_DIR)/Objective-C_Design_Patterns/PrefixHeader.pch";
				INFOPLIST_FILE = "Objective-C_Design_Patterns/Info.plist";
				LD_RUNPATH_SEARCH_PATHS = (
					"$(inherited)",
					"@executable_path/Frameworks",
				);
				PRODUCT_BUNDLE_IDENTIFIER = "zhfei.Objective-C-Design-Patterns";
				PRODUCT_NAME = "$(TARGET_NAME)";
				TARGETED_DEVICE_FAMILY = "1,2";
			};
			name = Debug;
		};
		916E36542163209400602088 /* Release */ = {
			isa = XCBuildConfiguration;
			baseConfigurationReference = 7AF48F83BE7FACAC0BCF4001 /* Pods-Objective-C_Design_Patterns.release.xcconfig */;
			buildSettings = {
				ASSETCATALOG_COMPILER_APPICON_NAME = AppIcon;
				CODE_SIGN_STYLE = Automatic;
				DEVELOPMENT_TEAM = C7UNH8293N;
				GCC_PREFIX_HEADER = "$(PROJECT_DIR)/Objective-C_Design_Patterns/PrefixHeader.pch";
				INFOPLIST_FILE = "Objective-C_Design_Patterns/Info.plist";
				LD_RUNPATH_SEARCH_PATHS = (
					"$(inherited)",
					"@executable_path/Frameworks",
				);
				PRODUCT_BUNDLE_IDENTIFIER = "zhfei.Objective-C-Design-Patterns";
				PRODUCT_NAME = "$(TARGET_NAME)";
				TARGETED_DEVICE_FAMILY = "1,2";
			};
			name = Release;
		};
/* End XCBuildConfiguration section */

/* Begin XCConfigurationList section */
		916E36372163209200602088 /* Build configuration list for PBXProject "Objective-C_Design_Patterns" */ = {
			isa = XCConfigurationList;
			buildConfigurations = (
				916E36502163209400602088 /* Debug */,
				916E36512163209400602088 /* Release */,
			);
			defaultConfigurationIsVisible = 0;
			defaultConfigurationName = Release;
		};
		916E36522163209400602088 /* Build configuration list for PBXNativeTarget "Objective-C_Design_Patterns" */ = {
			isa = XCConfigurationList;
			buildConfigurations = (
				916E36532163209400602088 /* Debug */,
				916E36542163209400602088 /* Release */,
			);
			defaultConfigurationIsVisible = 0;
			defaultConfigurationName = Release;
		};
/* End XCConfigurationList section */
	};
	rootObject = 916E36342163209200602088 /* Project object */;
}
