// !$*UTF8*$!
{
	archiveVersion = 1;
	classes = {
	};
	objectVersion = 50;
	objects = {

/* Begin PBXBuildFile section */
		3F5F9106E46290962FF8406B /* libPods-Objective-C_Design_Patterns.a in Frameworks */ = {isa = PBXBuildFile; fileRef = B1D9EB4201DA1379C3F5B058 /* libPods-Objective-C_Design_Patterns.a */; };
		914E5E2A216648120089C1C7 /* ThumbnailViewController.m in Sources */ = {isa = PBXBuildFile; fileRef = 914E5E29216648120089C1C7 /* ThumbnailViewController.m */; };
		914E5E2D21664DF00089C1C7 /* PaletteViewController.m in Sources */ = {isa = PBXBuildFile; fileRef = 914E5E2C21664DF00089C1C7 /* PaletteViewController.m */; };
		915075C22163467A0049B5CA /* CoordinatingController.m in Sources */ = {isa = PBXBuildFile; fileRef = 915075C12163467A0049B5CA /* CoordinatingController.m */; };
		916E36412163209200602088 /* AppDelegate.m in Sources */ = {isa = PBXBuildFile; fileRef = 916E36402163209200602088 /* AppDelegate.m */; };
		916E36442163209200602088 /* ViewController.m in Sources */ = {isa = PBXBuildFile; fileRef = 916E36432163209200602088 /* ViewController.m */; };
		916E36472163209200602088 /* Main.storyboard in Resources */ = {isa = PBXBuildFile; fileRef = 916E36452163209200602088 /* Main.storyboard */; };
		916E36492163209400602088 /* Assets.xcassets in Resources */ = {isa = PBXBuildFile; fileRef = 916E36482163209400602088 /* Assets.xcassets */; };
		916E364C2163209400602088 /* LaunchScreen.storyboard in Resources */ = {isa = PBXBuildFile; fileRef = 916E364A2163209400602088 /* LaunchScreen.storyboard */; };
		916E364F2163209400602088 /* main.m in Sources */ = {isa = PBXBuildFile; fileRef = 916E364E2163209400602088 /* main.m */; };
		9174038821632FC500EEC228 /* CanvasViewController.m in Sources */ = {isa = PBXBuildFile; fileRef = 9174038721632FC500EEC228 /* CanvasViewController.m */; };
		918B573621703E6300E9B71D /* CAShapeLayer+ShortCut.m in Sources */ = {isa = PBXBuildFile; fileRef = 918B573521703E6300E9B71D /* CAShapeLayer+ShortCut.m */; };
		918B5739217040B100E9B71D /* ZHFQRCodeView.m in Sources */ = {isa = PBXBuildFile; fileRef = 918B5738217040B100E9B71D /* ZHFQRCodeView.m */; };
		918B573F2170466600E9B71D /* NSArray+ShortCut.m in Sources */ = {isa = PBXBuildFile; fileRef = 918B573E2170466600E9B71D /* NSArray+ShortCut.m */; };
		918B574221704A3C00E9B71D /* UIView+Frame.m in Sources */ = {isa = PBXBuildFile; fileRef = 918B574121704A3C00E9B71D /* UIView+Frame.m */; };
		918B574521704BE700E9B71D /* Utility.m in Sources */ = {isa = PBXBuildFile; fileRef = 918B574421704BE700E9B71D /* Utility.m */; };
		918B574821704DC500E9B71D /* ZHFNetworking.m in Sources */ = {isa = PBXBuildFile; fileRef = 918B574721704DC500E9B71D /* ZHFNetworking.m */; };
		918B574B21704F3300E9B71D /* ZHFRequestParameter.m in Sources */ = {isa = PBXBuildFile; fileRef = 918B574A21704F3300E9B71D /* ZHFRequestParameter.m */; };
		9191DDFF216F7388007B6E53 /* ZHFTopWindow.m in Sources */ = {isa = PBXBuildFile; fileRef = 9191DDFE216F7388007B6E53 /* ZHFTopWindow.m */; };
		9191DE02216F74BF007B6E53 /* ZHFAlertControlle.m in Sources */ = {isa = PBXBuildFile; fileRef = 9191DE01216F74BF007B6E53 /* ZHFAlertControlle.m */; };
		9191DE05216F77EF007B6E53 /* UIButton+ZHFShortCut.m in Sources */ = {isa = PBXBuildFile; fileRef = 9191DE04216F77EF007B6E53 /* UIButton+ZHFShortCut.m */; };
		9191DE0B216F7E18007B6E53 /* NSString+ShortCut.m in Sources */ = {isa = PBXBuildFile; fileRef = 9191DE0A216F7E18007B6E53 /* NSString+ShortCut.m */; };
		9191DE12216F8281007B6E53 /* ZHFProgressHUD.m in Sources */ = {isa = PBXBuildFile; fileRef = 9191DE11216F8281007B6E53 /* ZHFProgressHUD.m */; };
		9191DE15216F856A007B6E53 /* NSDate+ShortCut.m in Sources */ = {isa = PBXBuildFile; fileRef = 9191DE14216F856A007B6E53 /* NSDate+ShortCut.m */; };
		9191DE18216F85C0007B6E53 /* NSDateFormatter+ShortCut.m in Sources */ = {isa = PBXBuildFile; fileRef = 9191DE17216F85C0007B6E53 /* NSDateFormatter+ShortCut.m */; };
		9191DE1B216F87FE007B6E53 /* NSDecimalNumber+ShortCut.m in Sources */ = {isa = PBXBuildFile; fileRef = 9191DE1A216F87FE007B6E53 /* NSDecimalNumber+ShortCut.m */; };
		9191DE1E216F8948007B6E53 /* UILabel+ShortCut.m in Sources */ = {isa = PBXBuildFile; fileRef = 9191DE1D216F8948007B6E53 /* UILabel+ShortCut.m */; };
		919C64B121690B5300AADE1B /* GlobalConfig.m in Sources */ = {isa = PBXBuildFile; fileRef = 919C64B021690B5300AADE1B /* GlobalConfig.m */; };
		919C64B521690E7A00AADE1B /* FileManager.m in Sources */ = {isa = PBXBuildFile; fileRef = 919C64B421690E7A00AADE1B /* FileManager.m */; };
		91A6EC2B2168C54D002CC2B7 /* UIView+Draw.m in Sources */ = {isa = PBXBuildFile; fileRef = 91A6EC2A2168C54D002CC2B7 /* UIView+Draw.m */; };
		91A6EC2F2168FF87002CC2B7 /* UIImage+Custom.m in Sources */ = {isa = PBXBuildFile; fileRef = 91A6EC2E2168FF87002CC2B7 /* UIImage+Custom.m */; };
		91B45D512169B47D00F45A8C /* UIColor+Transform.m in Sources */ = {isa = PBXBuildFile; fileRef = 91B45D502169B47D00F45A8C /* UIColor+Transform.m */; };
		91C1B78F21665A660070DB88 /* Stroke.m in Sources */ = {isa = PBXBuildFile; fileRef = 91C1B78E21665A660070DB88 /* Stroke.m */; };
		91C1B79521665E2D0070DB88 /* Vertex.m in Sources */ = {isa = PBXBuildFile; fileRef = 91C1B79421665E2D0070DB88 /* Vertex.m */; };
		91C1B79821665EC70070DB88 /* Dot.m in Sources */ = {isa = PBXBuildFile; fileRef = 91C1B79721665EC70070DB88 /* Dot.m */; };
		91C1B79B2166680C0070DB88 /* CanvasView.m in Sources */ = {isa = PBXBuildFile; fileRef = 91C1B79A2166680C0070DB88 /* CanvasView.m */; };
/* End PBXBuildFile section */

/* Begin PBXFileReference section */
		032EA1AC0C304488AEA2B113 /* Pods-Objective-C_Design_Patterns.debug.xcconfig */ = {isa = PBXFileReference; includeInIndex = 1; lastKnownFileType = text.xcconfig; name = "Pods-Objective-C_Design_Patterns.debug.xcconfig"; path = "Pods/Target Support Files/Pods-Objective-C_Design_Patterns/Pods-Objective-C_Design_Patterns.debug.xcconfig"; sourceTree = "<group>"; };
		7AF48F83BE7FACAC0BCF4001 /* Pods-Objective-C_Design_Patterns.release.xcconfig */ = {isa = PBXFileReference; includeInIndex = 1; lastKnownFileType = text.xcconfig; name = "Pods-Objective-C_Design_Patterns.release.xcconfig"; path = "Pods/Target Support Files/Pods-Objective-C_Design_Patterns/Pods-Objective-C_Design_Patterns.release.xcconfig"; sourceTree = "<group>"; };
		914E5E28216648120089C1C7 /* ThumbnailViewController.h */ = {isa = PBXFileReference; lastKnownFileType = sourcecode.c.h; path = ThumbnailViewController.h; sourceTree = "<group>"; };
		914E5E29216648120089C1C7 /* ThumbnailViewController.m */ = {isa = PBXFileReference; lastKnownFileType = sourcecode.c.objc; path = ThumbnailViewController.m; sourceTree = "<group>"; };
		914E5E2B21664DF00089C1C7 /* PaletteViewController.h */ = {isa = PBXFileReference; lastKnownFileType = sourcecode.c.h; path = PaletteViewController.h; sourceTree = "<group>"; };
		914E5E2C21664DF00089C1C7 /* PaletteViewController.m */ = {isa = PBXFileReference; lastKnownFileType = sourcecode.c.objc; path = PaletteViewController.m; sourceTree = "<group>"; };
		914E5E2F216659810089C1C7 /* Mark.h */ = {isa = PBXFileReference; lastKnownFileType = sourcecode.c.h; path = Mark.h; sourceTree = "<group>"; };
		915075C02163467A0049B5CA /* CoordinatingController.h */ = {isa = PBXFileReference; lastKnownFileType = sourcecode.c.h; path = CoordinatingController.h; sourceTree = "<group>"; };
		915075C12163467A0049B5CA /* CoordinatingController.m */ = {isa = PBXFileReference; lastKnownFileType = sourcecode.c.objc; path = CoordinatingController.m; sourceTree = "<group>"; };
		916E363C2163209200602088 /* Objective-C_Design_Patterns.app */ = {isa = PBXFileReference; explicitFileType = wrapper.application; includeInIndex = 0; path = "Objective-C_Design_Patterns.app"; sourceTree = BUILT_PRODUCTS_DIR; };
		916E363F2163209200602088 /* AppDelegate.h */ = {isa = PBXFileReference; lastKnownFileType = sourcecode.c.h; path = AppDelegate.h; sourceTree = "<group>"; };
		916E36402163209200602088 /* AppDelegate.m */ = {isa = PBXFileReference; lastKnownFileType = sourcecode.c.objc; path = AppDelegate.m; sourceTree = "<group>"; };
		916E36422163209200602088 /* ViewController.h */ = {isa = PBXFileReference; lastKnownFileType = sourcecode.c.h; path = ViewController.h; sourceTree = "<group>"; };
		916E36432163209200602088 /* ViewController.m */ = {isa = PBXFileReference; lastKnownFileType = sourcecode.c.objc; path = ViewController.m; sourceTree = "<group>"; };
		916E36462163209200602088 /* Base */ = {isa = PBXFileReference; lastKnownFileType = file.storyboard; name = Base; path = Base.lproj/Main.storyboard; sourceTree = "<group>"; };
		916E36482163209400602088 /* Assets.xcassets */ = {isa = PBXFileReference; lastKnownFileType = folder.assetcatalog; path = Assets.xcassets; sourceTree = "<group>"; };
		916E364B2163209400602088 /* Base */ = {isa = PBXFileReference; lastKnownFileType = file.storyboard; name = Base; path = Base.lproj/LaunchScreen.storyboard; sourceTree = "<group>"; };
		916E364D2163209400602088 /* Info.plist */ = {isa = PBXFileReference; lastKnownFileType = text.plist.xml; path = Info.plist; sourceTree = "<group>"; };
		916E364E2163209400602088 /* main.m */ = {isa = PBXFileReference; lastKnownFileType = sourcecode.c.objc; path = main.m; sourceTree = "<group>"; };
		9174038621632FC500EEC228 /* CanvasViewController.h */ = {isa = PBXFileReference; lastKnownFileType = sourcecode.c.h; path = CanvasViewController.h; sourceTree = "<group>"; };
		9174038721632FC500EEC228 /* CanvasViewController.m */ = {isa = PBXFileReference; lastKnownFileType = sourcecode.c.objc; path = CanvasViewController.m; sourceTree = "<group>"; };
		918B573421703E6300E9B71D /* CAShapeLayer+ShortCut.h */ = {isa = PBXFileReference; lastKnownFileType = sourcecode.c.h; path = "CAShapeLayer+ShortCut.h"; sourceTree = "<group>"; };
		918B573521703E6300E9B71D /* CAShapeLayer+ShortCut.m */ = {isa = PBXFileReference; lastKnownFileType = sourcecode.c.objc; path = "CAShapeLayer+ShortCut.m"; sourceTree = "<group>"; };
		918B5737217040B100E9B71D /* ZHFQRCodeView.h */ = {isa = PBXFileReference; lastKnownFileType = sourcecode.c.h; path = ZHFQRCodeView.h; sourceTree = "<group>"; };
		918B5738217040B100E9B71D /* ZHFQRCodeView.m */ = {isa = PBXFileReference; lastKnownFileType = sourcecode.c.objc; path = ZHFQRCodeView.m; sourceTree = "<group>"; };
		918B573D2170466600E9B71D /* NSArray+ShortCut.h */ = {isa = PBXFileReference; lastKnownFileType = sourcecode.c.h; path = "NSArray+ShortCut.h"; sourceTree = "<group>"; };
		918B573E2170466600E9B71D /* NSArray+ShortCut.m */ = {isa = PBXFileReference; lastKnownFileType = sourcecode.c.objc; path = "NSArray+ShortCut.m"; sourceTree = "<group>"; };
		918B574021704A3C00E9B71D /* UIView+Frame.h */ = {isa = PBXFileReference; lastKnownFileType = sourcecode.c.h; path = "UIView+Frame.h"; sourceTree = "<group>"; };
		918B574121704A3C00E9B71D /* UIView+Frame.m */ = {isa = PBXFileReference; lastKnownFileType = sourcecode.c.objc; path = "UIView+Frame.m"; sourceTree = "<group>"; };
		918B574321704BE700E9B71D /* Utility.h */ = {isa = PBXFileReference; lastKnownFileType = sourcecode.c.h; path = Utility.h; sourceTree = "<group>"; };
		918B574421704BE700E9B71D /* Utility.m */ = {isa = PBXFileReference; lastKnownFileType = sourcecode.c.objc; path = Utility.m; sourceTree = "<group>"; };
		918B574621704DC500E9B71D /* ZHFNetworking.h */ = {isa = PBXFileReference; lastKnownFileType = sourcecode.c.h; path = ZHFNetworking.h; sourceTree = "<group>"; };
		918B574721704DC500E9B71D /* ZHFNetworking.m */ = {isa = PBXFileReference; lastKnownFileType = sourcecode.c.objc; path = ZHFNetworking.m; sourceTree = "<group>"; };
		918B574921704F3300E9B71D /* ZHFRequestParameter.h */ = {isa = PBXFileReference; lastKnownFileType = sourcecode.c.h; path = ZHFRequestParameter.h; sourceTree = "<group>"; };
		918B574A21704F3300E9B71D /* ZHFRequestParameter.m */ = {isa = PBXFileReference; lastKnownFileType = sourcecode.c.objc; path = ZHFRequestParameter.m; sourceTree = "<group>"; };
		918B574C2170744B00E9B71D /* ZHFFoundation.h */ = {isa = PBXFileReference; lastKnownFileType = sourcecode.c.h; path = ZHFFoundation.h; sourceTree = "<group>"; };
		9191DDFD216F7388007B6E53 /* ZHFTopWindow.h */ = {isa = PBXFileReference; lastKnownFileType = sourcecode.c.h; path = ZHFTopWindow.h; sourceTree = "<group>"; };
		9191DDFE216F7388007B6E53 /* ZHFTopWindow.m */ = {isa = PBXFileReference; lastKnownFileType = sourcecode.c.objc; path = ZHFTopWindow.m; sourceTree = "<group>"; };
		9191DE00216F74BF007B6E53 /* ZHFAlertControlle.h */ = {isa = PBXFileReference; lastKnownFileType = sourcecode.c.h; path = ZHFAlertControlle.h; sourceTree = "<group>"; };
		9191DE01216F74BF007B6E53 /* ZHFAlertControlle.m */ = {isa = PBXFileReference; lastKnownFileType = sourcecode.c.objc; path = ZHFAlertControlle.m; sourceTree = "<group>"; };
		9191DE03216F77EF007B6E53 /* UIButton+ZHFShortCut.h */ = {isa = PBXFileReference; lastKnownFileType = sourcecode.c.h; path = "UIButton+ZHFShortCut.h"; sourceTree = "<group>"; };
		9191DE04216F77EF007B6E53 /* UIButton+ZHFShortCut.m */ = {isa = PBXFileReference; lastKnownFileType = sourcecode.c.objc; path = "UIButton+ZHFShortCut.m"; sourceTree = "<group>"; };
		9191DE09216F7E18007B6E53 /* NSString+ShortCut.h */ = {isa = PBXFileReference; lastKnownFileType = sourcecode.c.h; path = "NSString+ShortCut.h"; sourceTree = "<group>"; };
		9191DE0A216F7E18007B6E53 /* NSString+ShortCut.m */ = {isa = PBXFileReference; lastKnownFileType = sourcecode.c.objc; path = "NSString+ShortCut.m"; sourceTree = "<group>"; };
		9191DE10216F8281007B6E53 /* ZHFProgressHUD.h */ = {isa = PBXFileReference; lastKnownFileType = sourcecode.c.h; path = ZHFProgressHUD.h; sourceTree = "<group>"; };
		9191DE11216F8281007B6E53 /* ZHFProgressHUD.m */ = {isa = PBXFileReference; lastKnownFileType = sourcecode.c.objc; path = ZHFProgressHUD.m; sourceTree = "<group>"; };
		9191DE13216F856A007B6E53 /* NSDate+ShortCut.h */ = {isa = PBXFileReference; lastKnownFileType = sourcecode.c.h; path = "NSDate+ShortCut.h"; sourceTree = "<group>"; };
		9191DE14216F856A007B6E53 /* NSDate+ShortCut.m */ = {isa = PBXFileReference; lastKnownFileType = sourcecode.c.objc; path = "NSDate+ShortCut.m"; sourceTree = "<group>"; };
		9191DE16216F85C0007B6E53 /* NSDateFormatter+ShortCut.h */ = {isa = PBXFileReference; lastKnownFileType = sourcecode.c.h; path = "NSDateFormatter+ShortCut.h"; sourceTree = "<group>"; };
		9191DE17216F85C0007B6E53 /* NSDateFormatter+ShortCut.m */ = {isa = PBXFileReference; lastKnownFileType = sourcecode.c.objc; path = "NSDateFormatter+ShortCut.m"; sourceTree = "<group>"; };
		9191DE19216F87FE007B6E53 /* NSDecimalNumber+ShortCut.h */ = {isa = PBXFileReference; lastKnownFileType = sourcecode.c.h; path = "NSDecimalNumber+ShortCut.h"; sourceTree = "<group>"; };
		9191DE1A216F87FE007B6E53 /* NSDecimalNumber+ShortCut.m */ = {isa = PBXFileReference; lastKnownFileType = sourcecode.c.objc; path = "NSDecimalNumber+ShortCut.m"; sourceTree = "<group>"; };
		9191DE1C216F8948007B6E53 /* UILabel+ShortCut.h */ = {isa = PBXFileReference; lastKnownFileType = sourcecode.c.h; path = "UILabel+ShortCut.h"; sourceTree = "<group>"; };
		9191DE1D216F8948007B6E53 /* UILabel+ShortCut.m */ = {isa = PBXFileReference; lastKnownFileType = sourcecode.c.objc; path = "UILabel+ShortCut.m"; sourceTree = "<group>"; };
		919C64AF21690B5300AADE1B /* GlobalConfig.h */ = {isa = PBXFileReference; lastKnownFileType = sourcecode.c.h; path = GlobalConfig.h; sourceTree = "<group>"; };
		919C64B021690B5300AADE1B /* GlobalConfig.m */ = {isa = PBXFileReference; lastKnownFileType = sourcecode.c.objc; path = GlobalConfig.m; sourceTree = "<group>"; };
		919C64B321690E7A00AADE1B /* FileManager.h */ = {isa = PBXFileReference; lastKnownFileType = sourcecode.c.h; path = FileManager.h; sourceTree = "<group>"; };
		919C64B421690E7A00AADE1B /* FileManager.m */ = {isa = PBXFileReference; lastKnownFileType = sourcecode.c.objc; path = FileManager.m; sourceTree = "<group>"; };
		91A6EC292168C54D002CC2B7 /* UIView+Draw.h */ = {isa = PBXFileReference; lastKnownFileType = sourcecode.c.h; path = "UIView+Draw.h"; sourceTree = "<group>"; };
		91A6EC2A2168C54D002CC2B7 /* UIView+Draw.m */ = {isa = PBXFileReference; lastKnownFileType = sourcecode.c.objc; path = "UIView+Draw.m"; sourceTree = "<group>"; };
		91A6EC2C2168C57B002CC2B7 /* PrefixHeader.pch */ = {isa = PBXFileReference; lastKnownFileType = sourcecode.c.h; path = PrefixHeader.pch; sourceTree = "<group>"; };
		91A6EC2D2168FF87002CC2B7 /* UIImage+Custom.h */ = {isa = PBXFileReference; lastKnownFileType = sourcecode.c.h; path = "UIImage+Custom.h"; sourceTree = "<group>"; };
		91A6EC2E2168FF87002CC2B7 /* UIImage+Custom.m */ = {isa = PBXFileReference; lastKnownFileType = sourcecode.c.objc; path = "UIImage+Custom.m"; sourceTree = "<group>"; };
		91A6EC30216906A9002CC2B7 /* Macro.h */ = {isa = PBXFileReference; lastKnownFileType = sourcecode.c.h; path = Macro.h; sourceTree = "<group>"; };
		91B45D4F2169B47D00F45A8C /* UIColor+Transform.h */ = {isa = PBXFileReference; lastKnownFileType = sourcecode.c.h; path = "UIColor+Transform.h"; sourceTree = "<group>"; };
		91B45D502169B47D00F45A8C /* UIColor+Transform.m */ = {isa = PBXFileReference; lastKnownFileType = sourcecode.c.objc; path = "UIColor+Transform.m"; sourceTree = "<group>"; };
		91C1B78D21665A660070DB88 /* Stroke.h */ = {isa = PBXFileReference; lastKnownFileType = sourcecode.c.h; path = Stroke.h; sourceTree = "<group>"; };
		91C1B78E21665A660070DB88 /* Stroke.m */ = {isa = PBXFileReference; lastKnownFileType = sourcecode.c.objc; path = Stroke.m; sourceTree = "<group>"; };
		91C1B79321665E2D0070DB88 /* Vertex.h */ = {isa = PBXFileReference; lastKnownFileType = sourcecode.c.h; path = Vertex.h; sourceTree = "<group>"; };
		91C1B79421665E2D0070DB88 /* Vertex.m */ = {isa = PBXFileReference; lastKnownFileType = sourcecode.c.objc; path = Vertex.m; sourceTree = "<group>"; };
		91C1B79621665EC70070DB88 /* Dot.h */ = {isa = PBXFileReference; lastKnownFileType = sourcecode.c.h; path = Dot.h; sourceTree = "<group>"; };
		91C1B79721665EC70070DB88 /* Dot.m */ = {isa = PBXFileReference; lastKnownFileType = sourcecode.c.objc; path = Dot.m; sourceTree = "<group>"; };
		91C1B7992166680C0070DB88 /* CanvasView.h */ = {isa = PBXFileReference; lastKnownFileType = sourcecode.c.h; path = CanvasView.h; sourceTree = "<group>"; };
		91C1B79A2166680C0070DB88 /* CanvasView.m */ = {isa = PBXFileReference; lastKnownFileType = sourcecode.c.objc; path = CanvasView.m; sourceTree = "<group>"; };
		B1D9EB4201DA1379C3F5B058 /* libPods-Objective-C_Design_Patterns.a */ = {isa = PBXFileReference; explicitFileType = archive.ar; includeInIndex = 0; path = "libPods-Objective-C_Design_Patterns.a"; sourceTree = BUILT_PRODUCTS_DIR; };
/* End PBXFileReference section */

/* Begin PBXFrameworksBuildPhase section */
		916E36392163209200602088 /* Frameworks */ = {
			isa = PBXFrameworksBuildPhase;
			buildActionMask = 2147483647;
			files = (
				3F5F9106E46290962FF8406B /* libPods-Objective-C_Design_Patterns.a in Frameworks */,
			);
			runOnlyForDeploymentPostprocessing = 0;
		};
/* End PBXFrameworksBuildPhase section */

/* Begin PBXGroup section */
		073466E8EF1A59361E1C76BD /* Pods */ = {
			isa = PBXGroup;
			children = (
				032EA1AC0C304488AEA2B113 /* Pods-Objective-C_Design_Patterns.debug.xcconfig */,
				7AF48F83BE7FACAC0BCF4001 /* Pods-Objective-C_Design_Patterns.release.xcconfig */,
			);
			name = Pods;
			sourceTree = "<group>";
		};
		652EC8C14DD24A6F7E6BBE78 /* Frameworks */ = {
			isa = PBXGroup;
			children = (
				B1D9EB4201DA1379C3F5B058 /* libPods-Objective-C_Design_Patterns.a */,
			);
			name = Frameworks;
			sourceTree = "<group>";
		};
		914E5E2E216659650089C1C7 /* Protocols */ = {
			isa = PBXGroup;
			children = (
				914E5E2F216659810089C1C7 /* Mark.h */,
			);
			path = Protocols;
			sourceTree = "<group>";
		};
		915075BF216346580049B5CA /* Coordinate */ = {
			isa = PBXGroup;
			children = (
				915075C02163467A0049B5CA /* CoordinatingController.h */,
				915075C12163467A0049B5CA /* CoordinatingController.m */,
			);
			path = Coordinate;
			sourceTree = "<group>";
		};
		916E36332163209200602088 = {
			isa = PBXGroup;
			children = (
				916E363E2163209200602088 /* Objective-C_Design_Patterns */,
				916E363D2163209200602088 /* Products */,
				073466E8EF1A59361E1C76BD /* Pods */,
				652EC8C14DD24A6F7E6BBE78 /* Frameworks */,
			);
			sourceTree = "<group>";
		};
		916E363D2163209200602088 /* Products */ = {
			isa = PBXGroup;
			children = (
				916E363C2163209200602088 /* Objective-C_Design_Patterns.app */,
			);
			name = Products;
			sourceTree = "<group>";
		};
		916E363E2163209200602088 /* Objective-C_Design_Patterns */ = {
			isa = PBXGroup;
			children = (
				91A6EC262168C507002CC2B7 /* Common */,
				914E5E2E216659650089C1C7 /* Protocols */,
				915075BF216346580049B5CA /* Coordinate */,
				9174038521632F9400EEC228 /* Controller */,
				9174038321632F9400EEC228 /* Model */,
				9174038421632F9400EEC228 /* View */,
				916E363F2163209200602088 /* AppDelegate.h */,
				916E36402163209200602088 /* AppDelegate.m */,
				916E36422163209200602088 /* ViewController.h */,
				916E36432163209200602088 /* ViewController.m */,
				916E36452163209200602088 /* Main.storyboard */,
				916E36482163209400602088 /* Assets.xcassets */,
				916E364A2163209400602088 /* LaunchScreen.storyboard */,
				916E364D2163209400602088 /* Info.plist */,
				916E364E2163209400602088 /* main.m */,
				91A6EC2C2168C57B002CC2B7 /* PrefixHeader.pch */,
			);
			path = "Objective-C_Design_Patterns";
			sourceTree = "<group>";
		};
		9174038321632F9400EEC228 /* Model */ = {
			isa = PBXGroup;
			children = (
				91C1B78D21665A660070DB88 /* Stroke.h */,
				91C1B78E21665A660070DB88 /* Stroke.m */,
				91C1B79321665E2D0070DB88 /* Vertex.h */,
				91C1B79421665E2D0070DB88 /* Vertex.m */,
				91C1B79621665EC70070DB88 /* Dot.h */,
				91C1B79721665EC70070DB88 /* Dot.m */,
			);
			path = Model;
			sourceTree = "<group>";
		};
		9174038421632F9400EEC228 /* View */ = {
			isa = PBXGroup;
			children = (
				91C1B7992166680C0070DB88 /* CanvasView.h */,
				91C1B79A2166680C0070DB88 /* CanvasView.m */,
			);
			path = View;
			sourceTree = "<group>";
		};
		9174038521632F9400EEC228 /* Controller */ = {
			isa = PBXGroup;
			children = (
				9174038621632FC500EEC228 /* CanvasViewController.h */,
				9174038721632FC500EEC228 /* CanvasViewController.m */,
				914E5E2B21664DF00089C1C7 /* PaletteViewController.h */,
				914E5E2C21664DF00089C1C7 /* PaletteViewController.m */,
				914E5E28216648120089C1C7 /* ThumbnailViewController.h */,
				914E5E29216648120089C1C7 /* ThumbnailViewController.m */,
			);
			path = Controller;
			sourceTree = "<group>";
		};
		9191DDFC216F730C007B6E53 /* Foundation */ = {
			isa = PBXGroup;
			children = (
				9191DDFD216F7388007B6E53 /* ZHFTopWindow.h */,
				9191DDFE216F7388007B6E53 /* ZHFTopWindow.m */,
				9191DE00216F74BF007B6E53 /* ZHFAlertControlle.h */,
				9191DE01216F74BF007B6E53 /* ZHFAlertControlle.m */,
				9191DE10216F8281007B6E53 /* ZHFProgressHUD.h */,
				9191DE11216F8281007B6E53 /* ZHFProgressHUD.m */,
				918B5737217040B100E9B71D /* ZHFQRCodeView.h */,
				918B5738217040B100E9B71D /* ZHFQRCodeView.m */,
			);
			path = Foundation;
			sourceTree = "<group>";
		};
		9191DE0C216F81A6007B6E53 /* NetWorking */ = {
			isa = PBXGroup;
			children = (
				918B574621704DC500E9B71D /* ZHFNetworking.h */,
				918B574721704DC500E9B71D /* ZHFNetworking.m */,
				918B574921704F3300E9B71D /* ZHFRequestParameter.h */,
				918B574A21704F3300E9B71D /* ZHFRequestParameter.m */,
			);
			path = NetWorking;
			sourceTree = "<group>";
		};
		919C64AE21690B0700AADE1B /* Config */ = {
			isa = PBXGroup;
			children = (
				919C64AF21690B5300AADE1B /* GlobalConfig.h */,
				919C64B021690B5300AADE1B /* GlobalConfig.m */,
			);
			path = Config;
			sourceTree = "<group>";
		};
		919C64B221690E6700AADE1B /* FileManager */ = {
			isa = PBXGroup;
			children = (
				919C64B321690E7A00AADE1B /* FileManager.h */,
				919C64B421690E7A00AADE1B /* FileManager.m */,
			);
			path = FileManager;
			sourceTree = "<group>";
		};
		91A6EC262168C507002CC2B7 /* Common */ = {
			isa = PBXGroup;
			children = (
				9191DE0C216F81A6007B6E53 /* NetWorking */,
				9191DDFC216F730C007B6E53 /* Foundation */,
				919C64B221690E6700AADE1B /* FileManager */,
				919C64AE21690B0700AADE1B /* Config */,
				91A6EC272168C507002CC2B7 /* Category */,
				91A6EC282168C507002CC2B7 /* Helper */,
				91A6EC30216906A9002CC2B7 /* Macro.h */,
				918B574C2170744B00E9B71D /* ZHFFoundation.h */,
			);
			path = Common;
			sourceTree = "<group>";
		};
		91A6EC272168C507002CC2B7 /* Category */ = {
			isa = PBXGroup;
			children = (
				91A6EC292168C54D002CC2B7 /* UIView+Draw.h */,
				91A6EC2A2168C54D002CC2B7 /* UIView+Draw.m */,
				918B574021704A3C00E9B71D /* UIView+Frame.h */,
				918B574121704A3C00E9B71D /* UIView+Frame.m */,
				91A6EC2D2168FF87002CC2B7 /* UIImage+Custom.h */,
				91A6EC2E2168FF87002CC2B7 /* UIImage+Custom.m */,
				91B45D4F2169B47D00F45A8C /* UIColor+Transform.h */,
				91B45D502169B47D00F45A8C /* UIColor+Transform.m */,
				9191DE03216F77EF007B6E53 /* UIButton+ZHFShortCut.h */,
				9191DE04216F77EF007B6E53 /* UIButton+ZHFShortCut.m */,
				9191DE09216F7E18007B6E53 /* NSString+ShortCut.h */,
				9191DE0A216F7E18007B6E53 /* NSString+ShortCut.m */,
				9191DE13216F856A007B6E53 /* NSDate+ShortCut.h */,
				9191DE14216F856A007B6E53 /* NSDate+ShortCut.m */,
				9191DE16216F85C0007B6E53 /* NSDateFormatter+ShortCut.h */,
				9191DE17216F85C0007B6E53 /* NSDateFormatter+ShortCut.m */,
				9191DE19216F87FE007B6E53 /* NSDecimalNumber+ShortCut.h */,
				9191DE1A216F87FE007B6E53 /* NSDecimalNumber+ShortCut.m */,
				9191DE1C216F8948007B6E53 /* UILabel+ShortCut.h */,
				9191DE1D216F8948007B6E53 /* UILabel+ShortCut.m */,
				918B573421703E6300E9B71D /* CAShapeLayer+ShortCut.h */,
				918B573521703E6300E9B71D /* CAShapeLayer+ShortCut.m */,
				918B573D2170466600E9B71D /* NSArray+ShortCut.h */,
				918B573E2170466600E9B71D /* NSArray+ShortCut.m */,
			);
			path = Category;
			sourceTree = "<group>";
		};
		91A6EC282168C507002CC2B7 /* Helper */ = {
			isa = PBXGroup;
			children = (
				918B574321704BE700E9B71D /* Utility.h */,
				918B574421704BE700E9B71D /* Utility.m */,
			);
			path = Helper;
			sourceTree = "<group>";
		};
/* End PBXGroup section */

/* Begin PBXNativeTarget section */
		916E363B2163209200602088 /* Objective-C_Design_Patterns */ = {
			isa = PBXNativeTarget;
			buildConfigurationList = 916E36522163209400602088 /* Build configuration list for PBXNativeTarget "Objective-C_Design_Patterns" */;
			buildPhases = (
				48A0ED1D54E68162ADD70103 /* [CP] Check Pods Manifest.lock */,
				916E36382163209200602088 /* Sources */,
				916E36392163209200602088 /* Frameworks */,
				916E363A2163209200602088 /* Resources */,
			);
			buildRules = (
			);
			dependencies = (
			);
			name = "Objective-C_Design_Patterns";
			productName = "Objective-C_Design_Patterns";
			productReference = 916E363C2163209200602088 /* Objective-C_Design_Patterns.app */;
			productType = "com.apple.product-type.application";
		};
/* End PBXNativeTarget section */

/* Begin PBXProject section */
		916E36342163209200602088 /* Project object */ = {
			isa = PBXProject;
			attributes = {
				CLASSPREFIX = ZHF;
				LastUpgradeCheck = 0940;
				ORGANIZATIONNAME = "周飞";
				TargetAttributes = {
					916E363B2163209200602088 = {
						CreatedOnToolsVersion = 9.4.1;
					};
				};
			};
			buildConfigurationList = 916E36372163209200602088 /* Build configuration list for PBXProject "Objective-C_Design_Patterns" */;
			compatibilityVersion = "Xcode 9.3";
			developmentRegion = en;
			hasScannedForEncodings = 0;
			knownRegions = (
				en,
				Base,
			);
			mainGroup = 916E36332163209200602088;
			productRefGroup = 916E363D2163209200602088 /* Products */;
			projectDirPath = "";
			projectRoot = "";
			targets = (
				916E363B2163209200602088 /* Objective-C_Design_Patterns */,
			);
		};
/* End PBXProject section */

/* Begin PBXResourcesBuildPhase section */
		916E363A2163209200602088 /* Resources */ = {
			isa = PBXResourcesBuildPhase;
			buildActionMask = 2147483647;
			files = (
				916E364C2163209400602088 /* LaunchScreen.storyboard in Resources */,
				916E36492163209400602088 /* Assets.xcassets in Resources */,
				916E36472163209200602088 /* Main.storyboard in Resources */,
			);
			runOnlyForDeploymentPostprocessing = 0;
		};
/* End PBXResourcesBuildPhase section */

/* Begin PBXShellScriptBuildPhase section */
		48A0ED1D54E68162ADD70103 /* [CP] Check Pods Manifest.lock */ = {
			isa = PBXShellScriptBuildPhase;
			buildActionMask = 2147483647;
			files = (
			);
			inputPaths = (
				"${PODS_PODFILE_DIR_PATH}/Podfile.lock",
				"${PODS_ROOT}/Manifest.lock",
			);
			name = "[CP] Check Pods Manifest.lock";
			outputPaths = (
				"$(DERIVED_FILE_DIR)/Pods-Objective-C_Design_Patterns-checkManifestLockResult.txt",
			);
			runOnlyForDeploymentPostprocessing = 0;
			shellPath = /bin/sh;
			shellScript = "diff \"${PODS_PODFILE_DIR_PATH}/Podfile.lock\" \"${PODS_ROOT}/Manifest.lock\" > /dev/null\nif [ $? != 0 ] ; then\n    # print error to STDERR\n    echo \"error: The sandbox is not in sync with the Podfile.lock. Run 'pod install' or update your CocoaPods installation.\" >&2\n    exit 1\nfi\n# This output is used by Xcode 'outputs' to avoid re-running this script phase.\necho \"SUCCESS\" > \"${SCRIPT_OUTPUT_FILE_0}\"\n";
			showEnvVarsInLog = 0;
		};
/* End PBXShellScriptBuildPhase section */

/* Begin PBXSourcesBuildPhase section */
		916E36382163209200602088 /* Sources */ = {
			isa = PBXSourcesBuildPhase;
			buildActionMask = 2147483647;
			files = (
				918B573F2170466600E9B71D /* NSArray+ShortCut.m in Sources */,
				9191DE1E216F8948007B6E53 /* UILabel+ShortCut.m in Sources */,
				918B574B21704F3300E9B71D /* ZHFRequestParameter.m in Sources */,
				9174038821632FC500EEC228 /* CanvasViewController.m in Sources */,
				918B574821704DC500E9B71D /* ZHFNetworking.m in Sources */,
				91C1B79B2166680C0070DB88 /* CanvasView.m in Sources */,
				9191DE02216F74BF007B6E53 /* ZHFAlertControlle.m in Sources */,
				91B45D512169B47D00F45A8C /* UIColor+Transform.m in Sources */,
				916E36442163209200602088 /* ViewController.m in Sources */,
				9191DE0B216F7E18007B6E53 /* NSString+ShortCut.m in Sources */,
				918B573621703E6300E9B71D /* CAShapeLayer+ShortCut.m in Sources */,
				914E5E2D21664DF00089C1C7 /* PaletteViewController.m in Sources */,
				91C1B79821665EC70070DB88 /* Dot.m in Sources */,
				918B574521704BE700E9B71D /* Utility.m in Sources */,
				9191DE05216F77EF007B6E53 /* UIButton+ZHFShortCut.m in Sources */,
				91C1B78F21665A660070DB88 /* Stroke.m in Sources */,
				9191DDFF216F7388007B6E53 /* ZHFTopWindow.m in Sources */,
				9191DE1B216F87FE007B6E53 /* NSDecimalNumber+ShortCut.m in Sources */,
				918B5739217040B100E9B71D /* ZHFQRCodeView.m in Sources */,
				919C64B121690B5300AADE1B /* GlobalConfig.m in Sources */,
				918B574221704A3C00E9B71D /* UIView+Frame.m in Sources */,
				91A6EC2B2168C54D002CC2B7 /* UIView+Draw.m in Sources */,
				919C64B521690E7A00AADE1B /* FileManager.m in Sources */,
				9191DE12216F8281007B6E53 /* ZHFProgressHUD.m in Sources */,
				91A6EC2F2168FF87002CC2B7 /* UIImage+Custom.m in Sources */,
				916E364F2163209400602088 /* main.m in Sources */,
				915075C22163467A0049B5CA /* CoordinatingController.m in Sources */,
				9191DE15216F856A007B6E53 /* NSDate+ShortCut.m in Sources */,
				91C1B79521665E2D0070DB88 /* Vertex.m in Sources */,
				916E36412163209200602088 /* AppDelegate.m in Sources */,
				914E5E2A216648120089C1C7 /* ThumbnailViewController.m in Sources */,
				9191DE18216F85C0007B6E53 /* NSDateFormatter+ShortCut.m in Sources */,
			);
			runOnlyForDeploymentPostprocessing = 0;
		};
/* End PBXSourcesBuildPhase section */

/* Begin PBXVariantGroup section */
		916E36452163209200602088 /* Main.storyboard */ = {
			isa = PBXVariantGroup;
			children = (
				916E36462163209200602088 /* Base */,
			);
			name = Main.storyboard;
			sourceTree = "<group>";
		};
		916E364A2163209400602088 /* LaunchScreen.storyboard */ = {
			isa = PBXVariantGroup;
			children = (
				916E364B2163209400602088 /* Base */,
			);
			name = LaunchScreen.storyboard;
			sourceTree = "<group>";
		};
/* End PBXVariantGroup section */

/* Begin XCBuildConfiguration section */
		916E36502163209400602088 /* Debug */ = {
			isa = XCBuildConfiguration;
			buildSettings = {
				ALWAYS_SEARCH_USER_PATHS = NO;
				CLANG_ANALYZER_NONNULL = YES;
				CLANG_ANALYZER_NUMBER_OBJECT_CONVERSION = YES_AGGRESSIVE;
				CLANG_CXX_LANGUAGE_STANDARD = "gnu++14";
				CLANG_CXX_LIBRARY = "libc++";
				CLANG_ENABLE_MODULES = YES;
				CLANG_ENABLE_OBJC_ARC = YES;
				CLANG_ENABLE_OBJC_WEAK = YES;
				CLANG_WARN_BLOCK_CAPTURE_AUTORELEASING = YES;
				CLANG_WARN_BOOL_CONVERSION = YES;
				CLANG_WARN_COMMA = YES;
				CLANG_WARN_CONSTANT_CONVERSION = YES;
				CLANG_WARN_DEPRECATED_OBJC_IMPLEMENTATIONS = YES;
				CLANG_WARN_DIRECT_OBJC_ISA_USAGE = YES_ERROR;
				CLANG_WARN_DOCUMENTATION_COMMENTS = YES;
				CLANG_WARN_EMPTY_BODY = YES;
				CLANG_WARN_ENUM_CONVERSION = YES;
				CLANG_WARN_INFINITE_RECURSION = YES;
				CLANG_WARN_INT_CONVERSION = YES;
				CLANG_WARN_NON_LITERAL_NULL_CONVERSION = YES;
				CLANG_WARN_OBJC_IMPLICIT_RETAIN_SELF = YES;
				CLANG_WARN_OBJC_LITERAL_CONVERSION = YES;
				CLANG_WARN_OBJC_ROOT_CLASS = YES_ERROR;
				CLANG_WARN_RANGE_LOOP_ANALYSIS = YES;
				CLANG_WARN_STRICT_PROTOTYPES = YES;
				CLANG_WARN_SUSPICIOUS_MOVE = YES;
				CLANG_WARN_UNGUARDED_AVAILABILITY = YES_AGGRESSIVE;
				CLANG_WARN_UNREACHABLE_CODE = YES;
				CLANG_WARN__DUPLICATE_METHOD_MATCH = YES;
				CODE_SIGN_IDENTITY = "iPhone Developer";
				COPY_PHASE_STRIP = NO;
				DEBUG_INFORMATION_FORMAT = dwarf;
				ENABLE_STRICT_OBJC_MSGSEND = YES;
				ENABLE_TESTABILITY = YES;
				GCC_C_LANGUAGE_STANDARD = gnu11;
				GCC_DYNAMIC_NO_PIC = NO;
				GCC_NO_COMMON_BLOCKS = YES;
				GCC_OPTIMIZATION_LEVEL = 0;
				GCC_PREPROCESSOR_DEFINITIONS = (
					"DEBUG=1",
					"$(inherited)",
				);
				GCC_WARN_64_TO_32_BIT_CONVERSION = YES;
				GCC_WARN_ABOUT_RETURN_TYPE = YES_ERROR;
				GCC_WARN_UNDECLARED_SELECTOR = YES;
				GCC_WARN_UNINITIALIZED_AUTOS = YES_AGGRESSIVE;
				GCC_WARN_UNUSED_FUNCTION = YES;
				GCC_WARN_UNUSED_VARIABLE = YES;
				IPHONEOS_DEPLOYMENT_TARGET = 11.4;
				MTL_ENABLE_DEBUG_INFO = YES;
				ONLY_ACTIVE_ARCH = YES;
				SDKROOT = iphoneos;
			};
			name = Debug;
		};
		916E36512163209400602088 /* Release */ = {
			isa = XCBuildConfiguration;
			buildSettings = {
				ALWAYS_SEARCH_USER_PATHS = NO;
				CLANG_ANALYZER_NONNULL = YES;
				CLANG_ANALYZER_NUMBER_OBJECT_CONVERSION = YES_AGGRESSIVE;
				CLANG_CXX_LANGUAGE_STANDARD = "gnu++14";
				CLANG_CXX_LIBRARY = "libc++";
				CLANG_ENABLE_MODULES = YES;
				CLANG_ENABLE_OBJC_ARC = YES;
				CLANG_ENABLE_OBJC_WEAK = YES;
				CLANG_WARN_BLOCK_CAPTURE_AUTORELEASING = YES;
				CLANG_WARN_BOOL_CONVERSION = YES;
				CLANG_WARN_COMMA = YES;
				CLANG_WARN_CONSTANT_CONVERSION = YES;
				CLANG_WARN_DEPRECATED_OBJC_IMPLEMENTATIONS = YES;
				CLANG_WARN_DIRECT_OBJC_ISA_USAGE = YES_ERROR;
				CLANG_WARN_DOCUMENTATION_COMMENTS = YES;
				CLANG_WARN_EMPTY_BODY = YES;
				CLANG_WARN_ENUM_CONVERSION = YES;
				CLANG_WARN_INFINITE_RECURSION = YES;
				CLANG_WARN_INT_CONVERSION = YES;
				CLANG_WARN_NON_LITERAL_NULL_CONVERSION = YES;
				CLANG_WARN_OBJC_IMPLICIT_RETAIN_SELF = YES;
				CLANG_WARN_OBJC_LITERAL_CONVERSION = YES;
				CLANG_WARN_OBJC_ROOT_CLASS = YES_ERROR;
				CLANG_WARN_RANGE_LOOP_ANALYSIS = YES;
				CLANG_WARN_STRICT_PROTOTYPES = YES;
				CLANG_WARN_SUSPICIOUS_MOVE = YES;
				CLANG_WARN_UNGUARDED_AVAILABILITY = YES_AGGRESSIVE;
				CLANG_WARN_UNREACHABLE_CODE = YES;
				CLANG_WARN__DUPLICATE_METHOD_MATCH = YES;
				CODE_SIGN_IDENTITY = "iPhone Developer";
				COPY_PHASE_STRIP = NO;
				DEBUG_INFORMATION_FORMAT = "dwarf-with-dsym";
				ENABLE_NS_ASSERTIONS = NO;
				ENABLE_STRICT_OBJC_MSGSEND = YES;
				GCC_C_LANGUAGE_STANDARD = gnu11;
				GCC_NO_COMMON_BLOCKS = YES;
				GCC_WARN_64_TO_32_BIT_CONVERSION = YES;
				GCC_WARN_ABOUT_RETURN_TYPE = YES_ERROR;
				GCC_WARN_UNDECLARED_SELECTOR = YES;
				GCC_WARN_UNINITIALIZED_AUTOS = YES_AGGRESSIVE;
				GCC_WARN_UNUSED_FUNCTION = YES;
				GCC_WARN_UNUSED_VARIABLE = YES;
				IPHONEOS_DEPLOYMENT_TARGET = 11.4;
				MTL_ENABLE_DEBUG_INFO = NO;
				SDKROOT = iphoneos;
				VALIDATE_PRODUCT = YES;
			};
			name = Release;
		};
		916E36532163209400602088 /* Debug */ = {
			isa = XCBuildConfiguration;
			baseConfigurationReference = 032EA1AC0C304488AEA2B113 /* Pods-Objective-C_Design_Patterns.debug.xcconfig */;
			buildSettings = {
				ASSETCATALOG_COMPILER_APPICON_NAME = AppIcon;
				CODE_SIGN_STYLE = Automatic;
				DEVELOPMENT_TEAM = C7UNH8293N;
				GCC_PREFIX_HEADER = "$(PROJECT_DIR)/Objective-C_Design_Patterns/PrefixHeader.pch";
				INFOPLIST_FILE = "Objective-C_Design_Patterns/Info.plist";
				LD_RUNPATH_SEARCH_PATHS = (
					"$(inherited)",
					"@executable_path/Frameworks",
				);
				PRODUCT_BUNDLE_IDENTIFIER = "zhfei.Objective-C-Design-Patterns";
				PRODUCT_NAME = "$(TARGET_NAME)";
				TARGETED_DEVICE_FAMILY = "1,2";
			};
			name = Debug;
		};
		916E36542163209400602088 /* Release */ = {
			isa = XCBuildConfiguration;
			baseConfigurationReference = 7AF48F83BE7FACAC0BCF4001 /* Pods-Objective-C_Design_Patterns.release.xcconfig */;
			buildSettings = {
				ASSETCATALOG_COMPILER_APPICON_NAME = AppIcon;
				CODE_SIGN_STYLE = Automatic;
				DEVELOPMENT_TEAM = C7UNH8293N;
				GCC_PREFIX_HEADER = "$(PROJECT_DIR)/Objective-C_Design_Patterns/PrefixHeader.pch";
				INFOPLIST_FILE = "Objective-C_Design_Patterns/Info.plist";
				LD_RUNPATH_SEARCH_PATHS = (
					"$(inherited)",
					"@executable_path/Frameworks",
				);
				PRODUCT_BUNDLE_IDENTIFIER = "zhfei.Objective-C-Design-Patterns";
				PRODUCT_NAME = "$(TARGET_NAME)";
				TARGETED_DEVICE_FAMILY = "1,2";
			};
			name = Release;
		};
/* End XCBuildConfiguration section */

/* Begin XCConfigurationList section */
		916E36372163209200602088 /* Build configuration list for PBXProject "Objective-C_Design_Patterns" */ = {
			isa = XCConfigurationList;
			buildConfigurations = (
				916E36502163209400602088 /* Debug */,
				916E36512163209400602088 /* Release */,
			);
			defaultConfigurationIsVisible = 0;
			defaultConfigurationName = Release;
		};
		916E36522163209400602088 /* Build configuration list for PBXNativeTarget "Objective-C_Design_Patterns" */ = {
			isa = XCConfigurationList;
			buildConfigurations = (
				916E36532163209400602088 /* Debug */,
				916E36542163209400602088 /* Release */,
			);
			defaultConfigurationIsVisible = 0;
			defaultConfigurationName = Release;
		};
/* End XCConfigurationList section */
	};
	rootObject = 916E36342163209200602088 /* Project object */;
}
