// !$*UTF8*$!
{
	archiveVersion = 1;
	classes = {
	};
	objectVersion = 50;
	objects = {

/* Begin PBXBuildFile section */
		910D56AF22B3A16600467009 /* DPFlyweightViewController.m in Sources */ = {isa = PBXBuildFile; fileRef = 910D56AE22B3A16600467009 /* DPFlyweightViewController.m */; };
		910D56B422B3A1AB00467009 /* DPFlyweightModel.m in Sources */ = {isa = PBXBuildFile; fileRef = 910D56B322B3A1AB00467009 /* DPFlyweightModel.m */; };
		910D56B722B3A1C000467009 /* DPFlyweightFactory.m in Sources */ = {isa = PBXBuildFile; fileRef = 910D56B622B3A1C000467009 /* DPFlyweightFactory.m */; };
		911308CE224E6C19003CD7CB /* DPBaseViewController.m in Sources */ = {isa = PBXBuildFile; fileRef = 911308CD224E6C19003CD7CB /* DPBaseViewController.m */; };
		912A396922BE7A230094A647 /* DPEventB.m in Sources */ = {isa = PBXBuildFile; fileRef = 912A396822BE7A230094A647 /* DPEventB.m */; };
		912A396C22BE7A3C0094A647 /* DPEventBHandler.m in Sources */ = {isa = PBXBuildFile; fileRef = 912A396B22BE7A3C0094A647 /* DPEventBHandler.m */; };
		9155AD3322BBD8ED00B7C1B8 /* DPChainOfRespViewController.m in Sources */ = {isa = PBXBuildFile; fileRef = 9155AD3222BBD8ED00B7C1B8 /* DPChainOfRespViewController.m */; };
		916E2C9522B253F600538A39 /* DPClient.m in Sources */ = {isa = PBXBuildFile; fileRef = 916E2C9422B253F600538A39 /* DPClient.m */; };
		916E2CE922B2563F00538A39 /* DPAdapterViewController.m in Sources */ = {isa = PBXBuildFile; fileRef = 916E2C9922B2563E00538A39 /* DPAdapterViewController.m */; };
		916E2CEA22B2563F00538A39 /* DPFactoryViewController.m in Sources */ = {isa = PBXBuildFile; fileRef = 916E2C9F22B2563E00538A39 /* DPFactoryViewController.m */; };
		916E2CEB22B2563F00538A39 /* DPClothCanvasView.m in Sources */ = {isa = PBXBuildFile; fileRef = 916E2CA222B2563E00538A39 /* DPClothCanvasView.m */; };
		916E2CEC22B2563F00538A39 /* DPPaperCanvasView.m in Sources */ = {isa = PBXBuildFile; fileRef = 916E2CA522B2563E00538A39 /* DPPaperCanvasView.m */; };
		916E2CED22B2563F00538A39 /* DPCanvasViewGenerator.m in Sources */ = {isa = PBXBuildFile; fileRef = 916E2CA822B2563E00538A39 /* DPCanvasViewGenerator.m */; };
		916E2CEE22B2563F00538A39 /* DPClothCanvasViewGenerator.m in Sources */ = {isa = PBXBuildFile; fileRef = 916E2CA922B2563E00538A39 /* DPClothCanvasViewGenerator.m */; };
		916E2CEF22B2563F00538A39 /* DPPaperCanvasViewGenerator.m in Sources */ = {isa = PBXBuildFile; fileRef = 916E2CAB22B2563E00538A39 /* DPPaperCanvasViewGenerator.m */; };
		916E2CF022B2563F00538A39 /* DPSingleObject.m in Sources */ = {isa = PBXBuildFile; fileRef = 916E2CAF22B2563E00538A39 /* DPSingleObject.m */; };
		916E2CF122B2563F00538A39 /* DPSingleViewController.m in Sources */ = {isa = PBXBuildFile; fileRef = 916E2CB222B2563E00538A39 /* DPSingleViewController.m */; };
		916E2CF222B2563F00538A39 /* Dot.m in Sources */ = {isa = PBXBuildFile; fileRef = 916E2CB922B2563E00538A39 /* Dot.m */; };
		916E2CF322B2563F00538A39 /* Vertex.m in Sources */ = {isa = PBXBuildFile; fileRef = 916E2CBC22B2563E00538A39 /* Vertex.m */; };
		916E2CF422B2563F00538A39 /* Stroke.m in Sources */ = {isa = PBXBuildFile; fileRef = 916E2CBE22B2563E00538A39 /* Stroke.m */; };
		916E2CF522B2563F00538A39 /* DPCanvasView.m in Sources */ = {isa = PBXBuildFile; fileRef = 916E2CBF22B2563E00538A39 /* DPCanvasView.m */; };
		916E2CF622B2563F00538A39 /* DPScribble.m in Sources */ = {isa = PBXBuildFile; fileRef = 916E2CC022B2563E00538A39 /* DPScribble.m */; };
		916E2CF722B2563F00538A39 /* DPPrototypeViewController.m in Sources */ = {isa = PBXBuildFile; fileRef = 916E2CC122B2563E00538A39 /* DPPrototypeViewController.m */; };
		916E2CF822B2563F00538A39 /* DPSouthOrange.m in Sources */ = {isa = PBXBuildFile; fileRef = 916E2CC522B2563F00538A39 /* DPSouthOrange.m */; };
		916E2CF922B2563F00538A39 /* DPOrange.m in Sources */ = {isa = PBXBuildFile; fileRef = 916E2CC622B2563F00538A39 /* DPOrange.m */; };
		916E2CFA22B2563F00538A39 /* DPApple.m in Sources */ = {isa = PBXBuildFile; fileRef = 916E2CCA22B2563F00538A39 /* DPApple.m */; };
		916E2CFB22B2563F00538A39 /* DPSouthApple.m in Sources */ = {isa = PBXBuildFile; fileRef = 916E2CCB22B2563F00538A39 /* DPSouthApple.m */; };
		916E2CFC22B2563F00538A39 /* DPFruit.m in Sources */ = {isa = PBXBuildFile; fileRef = 916E2CCC22B2563F00538A39 /* DPFruit.m */; };
		916E2CFD22B2563F00538A39 /* DPNorthOrange.m in Sources */ = {isa = PBXBuildFile; fileRef = 916E2CCF22B2563F00538A39 /* DPNorthOrange.m */; };
		916E2CFE22B2563F00538A39 /* DPNorthApple.m in Sources */ = {isa = PBXBuildFile; fileRef = 916E2CD222B2563F00538A39 /* DPNorthApple.m */; };
		916E2CFF22B2563F00538A39 /* DPAbstractFruitsFactory.m in Sources */ = {isa = PBXBuildFile; fileRef = 916E2CD422B2563F00538A39 /* DPAbstractFruitsFactory.m */; };
		916E2D0022B2563F00538A39 /* DPSouthFruitsFactory.m in Sources */ = {isa = PBXBuildFile; fileRef = 916E2CD522B2563F00538A39 /* DPSouthFruitsFactory.m */; };
		916E2D0122B2563F00538A39 /* DPNorthFruitsFactory.m in Sources */ = {isa = PBXBuildFile; fileRef = 916E2CD622B2563F00538A39 /* DPNorthFruitsFactory.m */; };
		916E2D0222B2563F00538A39 /* DPAbstractFactoryViewController.m in Sources */ = {isa = PBXBuildFile; fileRef = 916E2CDA22B2563F00538A39 /* DPAbstractFactoryViewController.m */; };
		916E2D0322B2563F00538A39 /* DPBuilderViewController.m in Sources */ = {isa = PBXBuildFile; fileRef = 916E2CDC22B2563F00538A39 /* DPBuilderViewController.m */; };
		916E2D0422B2563F00538A39 /* DPChasingGame.m in Sources */ = {isa = PBXBuildFile; fileRef = 916E2CDF22B2563F00538A39 /* DPChasingGame.m */; };
		916E2D0522B2563F00538A39 /* DPCharacter.m in Sources */ = {isa = PBXBuildFile; fileRef = 916E2CE222B2563F00538A39 /* DPCharacter.m */; };
		916E2D0622B2563F00538A39 /* DPCharacterBuilder.m in Sources */ = {isa = PBXBuildFile; fileRef = 916E2CE722B2563F00538A39 /* DPCharacterBuilder.m */; };
		916E2D0722B2563F00538A39 /* DPStandardCharacterBuilder.m in Sources */ = {isa = PBXBuildFile; fileRef = 916E2CE822B2563F00538A39 /* DPStandardCharacterBuilder.m */; };
		916E2D0D22B257C700538A39 /* DPClassAdaptee.m in Sources */ = {isa = PBXBuildFile; fileRef = 916E2D0C22B257C700538A39 /* DPClassAdaptee.m */; };
		916E2D1122B25B1C00538A39 /* DPClassAdapter.m in Sources */ = {isa = PBXBuildFile; fileRef = 916E2D1022B25B1C00538A39 /* DPClassAdapter.m */; };
		916E2D1422B25E6100538A39 /* DPObjectAdaptee.m in Sources */ = {isa = PBXBuildFile; fileRef = 916E2D1322B25E6100538A39 /* DPObjectAdaptee.m */; };
		916E2D1722B25E7700538A39 /* DPObjectAdapter.m in Sources */ = {isa = PBXBuildFile; fileRef = 916E2D1622B25E7700538A39 /* DPObjectAdapter.m */; };
		91819EE622510EF70001F593 /* DPMainTableVC.m in Sources */ = {isa = PBXBuildFile; fileRef = 91819EDC22510EF70001F593 /* DPMainTableVC.m */; };
		91819EE722510EF70001F593 /* DPMainTableViewModel.m in Sources */ = {isa = PBXBuildFile; fileRef = 91819EDD22510EF70001F593 /* DPMainTableViewModel.m */; };
		91819EE822510EF70001F593 /* DPSubTitleTableViewModel.m in Sources */ = {isa = PBXBuildFile; fileRef = 91819EE022510EF70001F593 /* DPSubTitleTableViewModel.m */; };
		91819EE922510EF70001F593 /* DPSubTitleTableVC.m in Sources */ = {isa = PBXBuildFile; fileRef = 91819EE222510EF70001F593 /* DPSubTitleTableVC.m */; };
		91819EEA22510EF70001F593 /* DPSubTitleTableVCFactory.m in Sources */ = {isa = PBXBuildFile; fileRef = 91819EE322510EF70001F593 /* DPSubTitleTableVCFactory.m */; };
		918E006522BD32ED002D7AA9 /* DPEventHandler.m in Sources */ = {isa = PBXBuildFile; fileRef = 918E006422BD32ED002D7AA9 /* DPEventHandler.m */; };
		918E006822BD3300002D7AA9 /* DPEvent.m in Sources */ = {isa = PBXBuildFile; fileRef = 918E006722BD3300002D7AA9 /* DPEvent.m */; };
		918E006B22BD34C4002D7AA9 /* DPEventAHandler.m in Sources */ = {isa = PBXBuildFile; fileRef = 918E006A22BD34C4002D7AA9 /* DPEventAHandler.m */; };
		918E006E22BD34D8002D7AA9 /* DPEventA.m in Sources */ = {isa = PBXBuildFile; fileRef = 918E006D22BD34D8002D7AA9 /* DPEventA.m */; };
		91BC9187224CE11D00477101 /* AppDelegate.m in Sources */ = {isa = PBXBuildFile; fileRef = 91BC9186224CE11D00477101 /* AppDelegate.m */; };
		91BC918A224CE11D00477101 /* ViewController.m in Sources */ = {isa = PBXBuildFile; fileRef = 91BC9189224CE11D00477101 /* ViewController.m */; };
		91BC918D224CE11D00477101 /* Main.storyboard in Resources */ = {isa = PBXBuildFile; fileRef = 91BC918B224CE11D00477101 /* Main.storyboard */; };
		91BC918F224CE11D00477101 /* Assets.xcassets in Resources */ = {isa = PBXBuildFile; fileRef = 91BC918E224CE11D00477101 /* Assets.xcassets */; };
		91BC9192224CE11D00477101 /* LaunchScreen.storyboard in Resources */ = {isa = PBXBuildFile; fileRef = 91BC9190224CE11D00477101 /* LaunchScreen.storyboard */; };
		91BC9195224CE11E00477101 /* main.m in Sources */ = {isa = PBXBuildFile; fileRef = 91BC9194224CE11E00477101 /* main.m */; };
		91BC919F224CE11E00477101 /* Design_Patterns_DemoesTests.m in Sources */ = {isa = PBXBuildFile; fileRef = 91BC919E224CE11E00477101 /* Design_Patterns_DemoesTests.m */; };
/* End PBXBuildFile section */

/* Begin PBXContainerItemProxy section */
		91BC919B224CE11E00477101 /* PBXContainerItemProxy */ = {
			isa = PBXContainerItemProxy;
			containerPortal = 91BC917A224CE11C00477101 /* Project object */;
			proxyType = 1;
			remoteGlobalIDString = 91BC9181224CE11C00477101;
			remoteInfo = Design_Patterns_Demoes;
		};
/* End PBXContainerItemProxy section */

/* Begin PBXFileReference section */
		910D56AD22B3A16600467009 /* DPFlyweightViewController.h */ = {isa = PBXFileReference; lastKnownFileType = sourcecode.c.h; path = DPFlyweightViewController.h; sourceTree = "<group>"; };
		910D56AE22B3A16600467009 /* DPFlyweightViewController.m */ = {isa = PBXFileReference; lastKnownFileType = sourcecode.c.objc; path = DPFlyweightViewController.m; sourceTree = "<group>"; };
		910D56B222B3A1AB00467009 /* DPFlyweightModel.h */ = {isa = PBXFileReference; lastKnownFileType = sourcecode.c.h; path = DPFlyweightModel.h; sourceTree = "<group>"; };
		910D56B322B3A1AB00467009 /* DPFlyweightModel.m */ = {isa = PBXFileReference; lastKnownFileType = sourcecode.c.objc; path = DPFlyweightModel.m; sourceTree = "<group>"; };
		910D56B522B3A1C000467009 /* DPFlyweightFactory.h */ = {isa = PBXFileReference; lastKnownFileType = sourcecode.c.h; path = DPFlyweightFactory.h; sourceTree = "<group>"; };
		910D56B622B3A1C000467009 /* DPFlyweightFactory.m */ = {isa = PBXFileReference; lastKnownFileType = sourcecode.c.objc; path = DPFlyweightFactory.m; sourceTree = "<group>"; };
		911308CC224E6C19003CD7CB /* DPBaseViewController.h */ = {isa = PBXFileReference; lastKnownFileType = sourcecode.c.h; path = DPBaseViewController.h; sourceTree = "<group>"; };
		911308CD224E6C19003CD7CB /* DPBaseViewController.m */ = {isa = PBXFileReference; lastKnownFileType = sourcecode.c.objc; path = DPBaseViewController.m; sourceTree = "<group>"; };
		912A396722BE7A230094A647 /* DPEventB.h */ = {isa = PBXFileReference; lastKnownFileType = sourcecode.c.h; path = DPEventB.h; sourceTree = "<group>"; };
		912A396822BE7A230094A647 /* DPEventB.m */ = {isa = PBXFileReference; lastKnownFileType = sourcecode.c.objc; path = DPEventB.m; sourceTree = "<group>"; };
		912A396A22BE7A3C0094A647 /* DPEventBHandler.h */ = {isa = PBXFileReference; lastKnownFileType = sourcecode.c.h; path = DPEventBHandler.h; sourceTree = "<group>"; };
		912A396B22BE7A3C0094A647 /* DPEventBHandler.m */ = {isa = PBXFileReference; lastKnownFileType = sourcecode.c.objc; path = DPEventBHandler.m; sourceTree = "<group>"; };
		912B42BA224F4CDC005A3DD8 /* DPMacro.h */ = {isa = PBXFileReference; lastKnownFileType = sourcecode.c.h; path = DPMacro.h; sourceTree = "<group>"; };
		9155AD3122BBD8ED00B7C1B8 /* DPChainOfRespViewController.h */ = {isa = PBXFileReference; lastKnownFileType = sourcecode.c.h; path = DPChainOfRespViewController.h; sourceTree = "<group>"; };
		9155AD3222BBD8ED00B7C1B8 /* DPChainOfRespViewController.m */ = {isa = PBXFileReference; lastKnownFileType = sourcecode.c.objc; path = DPChainOfRespViewController.m; sourceTree = "<group>"; };
		916E2C9322B253F600538A39 /* DPClient.h */ = {isa = PBXFileReference; lastKnownFileType = sourcecode.c.h; path = DPClient.h; sourceTree = "<group>"; };
		916E2C9422B253F600538A39 /* DPClient.m */ = {isa = PBXFileReference; lastKnownFileType = sourcecode.c.objc; path = DPClient.m; sourceTree = "<group>"; };
		916E2C9922B2563E00538A39 /* DPAdapterViewController.m */ = {isa = PBXFileReference; fileEncoding = 4; lastKnownFileType = sourcecode.c.objc; path = DPAdapterViewController.m; sourceTree = "<group>"; };
		916E2C9B22B2563E00538A39 /* DPAdapterViewController.h */ = {isa = PBXFileReference; fileEncoding = 4; lastKnownFileType = sourcecode.c.h; path = DPAdapterViewController.h; sourceTree = "<group>"; };
		916E2C9F22B2563E00538A39 /* DPFactoryViewController.m */ = {isa = PBXFileReference; fileEncoding = 4; lastKnownFileType = sourcecode.c.objc; path = DPFactoryViewController.m; sourceTree = "<group>"; };
		916E2CA222B2563E00538A39 /* DPClothCanvasView.m */ = {isa = PBXFileReference; fileEncoding = 4; lastKnownFileType = sourcecode.c.objc; path = DPClothCanvasView.m; sourceTree = "<group>"; };
		916E2CA322B2563E00538A39 /* DPPaperCanvasView.h */ = {isa = PBXFileReference; fileEncoding = 4; lastKnownFileType = sourcecode.c.h; path = DPPaperCanvasView.h; sourceTree = "<group>"; };
		916E2CA422B2563E00538A39 /* DPClothCanvasView.h */ = {isa = PBXFileReference; fileEncoding = 4; lastKnownFileType = sourcecode.c.h; path = DPClothCanvasView.h; sourceTree = "<group>"; };
		916E2CA522B2563E00538A39 /* DPPaperCanvasView.m */ = {isa = PBXFileReference; fileEncoding = 4; lastKnownFileType = sourcecode.c.objc; path = DPPaperCanvasView.m; sourceTree = "<group>"; };
		916E2CA722B2563E00538A39 /* DPPaperCanvasViewGenerator.h */ = {isa = PBXFileReference; fileEncoding = 4; lastKnownFileType = sourcecode.c.h; path = DPPaperCanvasViewGenerator.h; sourceTree = "<group>"; };
		916E2CA822B2563E00538A39 /* DPCanvasViewGenerator.m */ = {isa = PBXFileReference; fileEncoding = 4; lastKnownFileType = sourcecode.c.objc; path = DPCanvasViewGenerator.m; sourceTree = "<group>"; };
		916E2CA922B2563E00538A39 /* DPClothCanvasViewGenerator.m */ = {isa = PBXFileReference; fileEncoding = 4; lastKnownFileType = sourcecode.c.objc; path = DPClothCanvasViewGenerator.m; sourceTree = "<group>"; };
		916E2CAA22B2563E00538A39 /* DPCanvasViewGenerator.h */ = {isa = PBXFileReference; fileEncoding = 4; lastKnownFileType = sourcecode.c.h; path = DPCanvasViewGenerator.h; sourceTree = "<group>"; };
		916E2CAB22B2563E00538A39 /* DPPaperCanvasViewGenerator.m */ = {isa = PBXFileReference; fileEncoding = 4; lastKnownFileType = sourcecode.c.objc; path = DPPaperCanvasViewGenerator.m; sourceTree = "<group>"; };
		916E2CAC22B2563E00538A39 /* DPClothCanvasViewGenerator.h */ = {isa = PBXFileReference; fileEncoding = 4; lastKnownFileType = sourcecode.c.h; path = DPClothCanvasViewGenerator.h; sourceTree = "<group>"; };
		916E2CAD22B2563E00538A39 /* DPFactoryViewController.h */ = {isa = PBXFileReference; fileEncoding = 4; lastKnownFileType = sourcecode.c.h; path = DPFactoryViewController.h; sourceTree = "<group>"; };
		916E2CAF22B2563E00538A39 /* DPSingleObject.m */ = {isa = PBXFileReference; fileEncoding = 4; lastKnownFileType = sourcecode.c.objc; path = DPSingleObject.m; sourceTree = "<group>"; };
		916E2CB022B2563E00538A39 /* DPSingleViewController.h */ = {isa = PBXFileReference; fileEncoding = 4; lastKnownFileType = sourcecode.c.h; path = DPSingleViewController.h; sourceTree = "<group>"; };
		916E2CB122B2563E00538A39 /* DPSingleObject.h */ = {isa = PBXFileReference; fileEncoding = 4; lastKnownFileType = sourcecode.c.h; path = DPSingleObject.h; sourceTree = "<group>"; };
		916E2CB222B2563E00538A39 /* DPSingleViewController.m */ = {isa = PBXFileReference; fileEncoding = 4; lastKnownFileType = sourcecode.c.objc; path = DPSingleViewController.m; sourceTree = "<group>"; };
		916E2CB422B2563E00538A39 /* DPScribble.h */ = {isa = PBXFileReference; fileEncoding = 4; lastKnownFileType = sourcecode.c.h; path = DPScribble.h; sourceTree = "<group>"; };
		916E2CB522B2563E00538A39 /* DPCanvasView.h */ = {isa = PBXFileReference; fileEncoding = 4; lastKnownFileType = sourcecode.c.h; path = DPCanvasView.h; sourceTree = "<group>"; };
		916E2CB622B2563E00538A39 /* DPPrototypeViewController.h */ = {isa = PBXFileReference; fileEncoding = 4; lastKnownFileType = sourcecode.c.h; path = DPPrototypeViewController.h; sourceTree = "<group>"; };
		916E2CB822B2563E00538A39 /* Vertex.h */ = {isa = PBXFileReference; fileEncoding = 4; lastKnownFileType = sourcecode.c.h; path = Vertex.h; sourceTree = "<group>"; };
		916E2CB922B2563E00538A39 /* Dot.m */ = {isa = PBXFileReference; fileEncoding = 4; lastKnownFileType = sourcecode.c.objc; path = Dot.m; sourceTree = "<group>"; };
		916E2CBA22B2563E00538A39 /* Mark.h */ = {isa = PBXFileReference; fileEncoding = 4; lastKnownFileType = sourcecode.c.h; path = Mark.h; sourceTree = "<group>"; };
		916E2CBB22B2563E00538A39 /* Stroke.h */ = {isa = PBXFileReference; fileEncoding = 4; lastKnownFileType = sourcecode.c.h; path = Stroke.h; sourceTree = "<group>"; };
		916E2CBC22B2563E00538A39 /* Vertex.m */ = {isa = PBXFileReference; fileEncoding = 4; lastKnownFileType = sourcecode.c.objc; path = Vertex.m; sourceTree = "<group>"; };
		916E2CBD22B2563E00538A39 /* Dot.h */ = {isa = PBXFileReference; fileEncoding = 4; lastKnownFileType = sourcecode.c.h; path = Dot.h; sourceTree = "<group>"; };
		916E2CBE22B2563E00538A39 /* Stroke.m */ = {isa = PBXFileReference; fileEncoding = 4; lastKnownFileType = sourcecode.c.objc; path = Stroke.m; sourceTree = "<group>"; };
		916E2CBF22B2563E00538A39 /* DPCanvasView.m */ = {isa = PBXFileReference; fileEncoding = 4; lastKnownFileType = sourcecode.c.objc; path = DPCanvasView.m; sourceTree = "<group>"; };
		916E2CC022B2563E00538A39 /* DPScribble.m */ = {isa = PBXFileReference; fileEncoding = 4; lastKnownFileType = sourcecode.c.objc; path = DPScribble.m; sourceTree = "<group>"; };
		916E2CC122B2563E00538A39 /* DPPrototypeViewController.m */ = {isa = PBXFileReference; fileEncoding = 4; lastKnownFileType = sourcecode.c.objc; path = DPPrototypeViewController.m; sourceTree = "<group>"; };
		916E2CC322B2563F00538A39 /* DPAbstractFactoryViewController.h */ = {isa = PBXFileReference; fileEncoding = 4; lastKnownFileType = sourcecode.c.h; path = DPAbstractFactoryViewController.h; sourceTree = "<group>"; };
		916E2CC522B2563F00538A39 /* DPSouthOrange.m */ = {isa = PBXFileReference; fileEncoding = 4; lastKnownFileType = sourcecode.c.objc; path = DPSouthOrange.m; sourceTree = "<group>"; };
		916E2CC622B2563F00538A39 /* DPOrange.m */ = {isa = PBXFileReference; fileEncoding = 4; lastKnownFileType = sourcecode.c.objc; path = DPOrange.m; sourceTree = "<group>"; };
		916E2CC722B2563F00538A39 /* DPFruit.h */ = {isa = PBXFileReference; fileEncoding = 4; lastKnownFileType = sourcecode.c.h; path = DPFruit.h; sourceTree = "<group>"; };
		916E2CC822B2563F00538A39 /* DPNorthOrange.h */ = {isa = PBXFileReference; fileEncoding = 4; lastKnownFileType = sourcecode.c.h; path = DPNorthOrange.h; sourceTree = "<group>"; };
		916E2CC922B2563F00538A39 /* DPNorthApple.h */ = {isa = PBXFileReference; fileEncoding = 4; lastKnownFileType = sourcecode.c.h; path = DPNorthApple.h; sourceTree = "<group>"; };
		916E2CCA22B2563F00538A39 /* DPApple.m */ = {isa = PBXFileReference; fileEncoding = 4; lastKnownFileType = sourcecode.c.objc; path = DPApple.m; sourceTree = "<group>"; };
		916E2CCB22B2563F00538A39 /* DPSouthApple.m */ = {isa = PBXFileReference; fileEncoding = 4; lastKnownFileType = sourcecode.c.objc; path = DPSouthApple.m; sourceTree = "<group>"; };
		916E2CCC22B2563F00538A39 /* DPFruit.m */ = {isa = PBXFileReference; fileEncoding = 4; lastKnownFileType = sourcecode.c.objc; path = DPFruit.m; sourceTree = "<group>"; };
		916E2CCD22B2563F00538A39 /* DPOrange.h */ = {isa = PBXFileReference; fileEncoding = 4; lastKnownFileType = sourcecode.c.h; path = DPOrange.h; sourceTree = "<group>"; };
		916E2CCE22B2563F00538A39 /* DPSouthOrange.h */ = {isa = PBXFileReference; fileEncoding = 4; lastKnownFileType = sourcecode.c.h; path = DPSouthOrange.h; sourceTree = "<group>"; };
		916E2CCF22B2563F00538A39 /* DPNorthOrange.m */ = {isa = PBXFileReference; fileEncoding = 4; lastKnownFileType = sourcecode.c.objc; path = DPNorthOrange.m; sourceTree = "<group>"; };
		916E2CD022B2563F00538A39 /* DPSouthApple.h */ = {isa = PBXFileReference; fileEncoding = 4; lastKnownFileType = sourcecode.c.h; path = DPSouthApple.h; sourceTree = "<group>"; };
		916E2CD122B2563F00538A39 /* DPApple.h */ = {isa = PBXFileReference; fileEncoding = 4; lastKnownFileType = sourcecode.c.h; path = DPApple.h; sourceTree = "<group>"; };
		916E2CD222B2563F00538A39 /* DPNorthApple.m */ = {isa = PBXFileReference; fileEncoding = 4; lastKnownFileType = sourcecode.c.objc; path = DPNorthApple.m; sourceTree = "<group>"; };
		916E2CD422B2563F00538A39 /* DPAbstractFruitsFactory.m */ = {isa = PBXFileReference; fileEncoding = 4; lastKnownFileType = sourcecode.c.objc; path = DPAbstractFruitsFactory.m; sourceTree = "<group>"; };
		916E2CD522B2563F00538A39 /* DPSouthFruitsFactory.m */ = {isa = PBXFileReference; fileEncoding = 4; lastKnownFileType = sourcecode.c.objc; path = DPSouthFruitsFactory.m; sourceTree = "<group>"; };
		916E2CD622B2563F00538A39 /* DPNorthFruitsFactory.m */ = {isa = PBXFileReference; fileEncoding = 4; lastKnownFileType = sourcecode.c.objc; path = DPNorthFruitsFactory.m; sourceTree = "<group>"; };
		916E2CD722B2563F00538A39 /* DPSouthFruitsFactory.h */ = {isa = PBXFileReference; fileEncoding = 4; lastKnownFileType = sourcecode.c.h; path = DPSouthFruitsFactory.h; sourceTree = "<group>"; };
		916E2CD822B2563F00538A39 /* DPAbstractFruitsFactory.h */ = {isa = PBXFileReference; fileEncoding = 4; lastKnownFileType = sourcecode.c.h; path = DPAbstractFruitsFactory.h; sourceTree = "<group>"; };
		916E2CD922B2563F00538A39 /* DPNorthFruitsFactory.h */ = {isa = PBXFileReference; fileEncoding = 4; lastKnownFileType = sourcecode.c.h; path = DPNorthFruitsFactory.h; sourceTree = "<group>"; };
		916E2CDA22B2563F00538A39 /* DPAbstractFactoryViewController.m */ = {isa = PBXFileReference; fileEncoding = 4; lastKnownFileType = sourcecode.c.objc; path = DPAbstractFactoryViewController.m; sourceTree = "<group>"; };
		916E2CDC22B2563F00538A39 /* DPBuilderViewController.m */ = {isa = PBXFileReference; fileEncoding = 4; lastKnownFileType = sourcecode.c.objc; path = DPBuilderViewController.m; sourceTree = "<group>"; };
		916E2CDE22B2563F00538A39 /* DPChasingGame.h */ = {isa = PBXFileReference; fileEncoding = 4; lastKnownFileType = sourcecode.c.h; path = DPChasingGame.h; sourceTree = "<group>"; };
		916E2CDF22B2563F00538A39 /* DPChasingGame.m */ = {isa = PBXFileReference; fileEncoding = 4; lastKnownFileType = sourcecode.c.objc; path = DPChasingGame.m; sourceTree = "<group>"; };
		916E2CE122B2563F00538A39 /* DPCharacter.h */ = {isa = PBXFileReference; fileEncoding = 4; lastKnownFileType = sourcecode.c.h; path = DPCharacter.h; sourceTree = "<group>"; };
		916E2CE222B2563F00538A39 /* DPCharacter.m */ = {isa = PBXFileReference; fileEncoding = 4; lastKnownFileType = sourcecode.c.objc; path = DPCharacter.m; sourceTree = "<group>"; };
		916E2CE322B2563F00538A39 /* DPBuilderViewController.h */ = {isa = PBXFileReference; fileEncoding = 4; lastKnownFileType = sourcecode.c.h; path = DPBuilderViewController.h; sourceTree = "<group>"; };
		916E2CE522B2563F00538A39 /* DPCharacterBuilder.h */ = {isa = PBXFileReference; fileEncoding = 4; lastKnownFileType = sourcecode.c.h; path = DPCharacterBuilder.h; sourceTree = "<group>"; };
		916E2CE622B2563F00538A39 /* DPStandardCharacterBuilder.h */ = {isa = PBXFileReference; fileEncoding = 4; lastKnownFileType = sourcecode.c.h; path = DPStandardCharacterBuilder.h; sourceTree = "<group>"; };
		916E2CE722B2563F00538A39 /* DPCharacterBuilder.m */ = {isa = PBXFileReference; fileEncoding = 4; lastKnownFileType = sourcecode.c.objc; path = DPCharacterBuilder.m; sourceTree = "<group>"; };
		916E2CE822B2563F00538A39 /* DPStandardCharacterBuilder.m */ = {isa = PBXFileReference; fileEncoding = 4; lastKnownFileType = sourcecode.c.objc; path = DPStandardCharacterBuilder.m; sourceTree = "<group>"; };
		916E2D0B22B257C700538A39 /* DPClassAdaptee.h */ = {isa = PBXFileReference; lastKnownFileType = sourcecode.c.h; path = DPClassAdaptee.h; sourceTree = "<group>"; };
		916E2D0C22B257C700538A39 /* DPClassAdaptee.m */ = {isa = PBXFileReference; lastKnownFileType = sourcecode.c.objc; path = DPClassAdaptee.m; sourceTree = "<group>"; };
		916E2D0E22B259A900538A39 /* DPAdapteProtocol.h */ = {isa = PBXFileReference; lastKnownFileType = sourcecode.c.h; path = DPAdapteProtocol.h; sourceTree = "<group>"; };
		916E2D0F22B25B1C00538A39 /* DPClassAdapter.h */ = {isa = PBXFileReference; lastKnownFileType = sourcecode.c.h; path = DPClassAdapter.h; sourceTree = "<group>"; };
		916E2D1022B25B1C00538A39 /* DPClassAdapter.m */ = {isa = PBXFileReference; lastKnownFileType = sourcecode.c.objc; path = DPClassAdapter.m; sourceTree = "<group>"; };
		916E2D1222B25E6100538A39 /* DPObjectAdaptee.h */ = {isa = PBXFileReference; lastKnownFileType = sourcecode.c.h; path = DPObjectAdaptee.h; sourceTree = "<group>"; };
		916E2D1322B25E6100538A39 /* DPObjectAdaptee.m */ = {isa = PBXFileReference; lastKnownFileType = sourcecode.c.objc; path = DPObjectAdaptee.m; sourceTree = "<group>"; };
		916E2D1522B25E7700538A39 /* DPObjectAdapter.h */ = {isa = PBXFileReference; lastKnownFileType = sourcecode.c.h; path = DPObjectAdapter.h; sourceTree = "<group>"; };
		916E2D1622B25E7700538A39 /* DPObjectAdapter.m */ = {isa = PBXFileReference; lastKnownFileType = sourcecode.c.objc; path = DPObjectAdapter.m; sourceTree = "<group>"; };
		91819EDB22510EF70001F593 /* DPMainTableViewModel.h */ = {isa = PBXFileReference; fileEncoding = 4; lastKnownFileType = sourcecode.c.h; path = DPMainTableViewModel.h; sourceTree = "<group>"; };
		91819EDC22510EF70001F593 /* DPMainTableVC.m */ = {isa = PBXFileReference; fileEncoding = 4; lastKnownFileType = sourcecode.c.objc; path = DPMainTableVC.m; sourceTree = "<group>"; };
		91819EDD22510EF70001F593 /* DPMainTableViewModel.m */ = {isa = PBXFileReference; fileEncoding = 4; lastKnownFileType = sourcecode.c.objc; path = DPMainTableViewModel.m; sourceTree = "<group>"; };
		91819EDE22510EF70001F593 /* DPMainTableVC.h */ = {isa = PBXFileReference; fileEncoding = 4; lastKnownFileType = sourcecode.c.h; path = DPMainTableVC.h; sourceTree = "<group>"; };
		91819EE022510EF70001F593 /* DPSubTitleTableViewModel.m */ = {isa = PBXFileReference; fileEncoding = 4; lastKnownFileType = sourcecode.c.objc; path = DPSubTitleTableViewModel.m; sourceTree = "<group>"; };
		91819EE122510EF70001F593 /* DPSubTitleTableVCFactory.h */ = {isa = PBXFileReference; fileEncoding = 4; lastKnownFileType = sourcecode.c.h; path = DPSubTitleTableVCFactory.h; sourceTree = "<group>"; };
		91819EE222510EF70001F593 /* DPSubTitleTableVC.m */ = {isa = PBXFileReference; fileEncoding = 4; lastKnownFileType = sourcecode.c.objc; path = DPSubTitleTableVC.m; sourceTree = "<group>"; };
		91819EE322510EF70001F593 /* DPSubTitleTableVCFactory.m */ = {isa = PBXFileReference; fileEncoding = 4; lastKnownFileType = sourcecode.c.objc; path = DPSubTitleTableVCFactory.m; sourceTree = "<group>"; };
		91819EE422510EF70001F593 /* DPSubTitleTableViewModel.h */ = {isa = PBXFileReference; fileEncoding = 4; lastKnownFileType = sourcecode.c.h; path = DPSubTitleTableViewModel.h; sourceTree = "<group>"; };
		91819EE522510EF70001F593 /* DPSubTitleTableVC.h */ = {isa = PBXFileReference; fileEncoding = 4; lastKnownFileType = sourcecode.c.h; path = DPSubTitleTableVC.h; sourceTree = "<group>"; };
		918E006322BD32ED002D7AA9 /* DPEventHandler.h */ = {isa = PBXFileReference; lastKnownFileType = sourcecode.c.h; path = DPEventHandler.h; sourceTree = "<group>"; };
		918E006422BD32ED002D7AA9 /* DPEventHandler.m */ = {isa = PBXFileReference; lastKnownFileType = sourcecode.c.objc; path = DPEventHandler.m; sourceTree = "<group>"; };
		918E006622BD3300002D7AA9 /* DPEvent.h */ = {isa = PBXFileReference; lastKnownFileType = sourcecode.c.h; path = DPEvent.h; sourceTree = "<group>"; };
		918E006722BD3300002D7AA9 /* DPEvent.m */ = {isa = PBXFileReference; lastKnownFileType = sourcecode.c.objc; path = DPEvent.m; sourceTree = "<group>"; };
		918E006922BD34C4002D7AA9 /* DPEventAHandler.h */ = {isa = PBXFileReference; lastKnownFileType = sourcecode.c.h; path = DPEventAHandler.h; sourceTree = "<group>"; };
		918E006A22BD34C4002D7AA9 /* DPEventAHandler.m */ = {isa = PBXFileReference; lastKnownFileType = sourcecode.c.objc; path = DPEventAHandler.m; sourceTree = "<group>"; };
		918E006C22BD34D8002D7AA9 /* DPEventA.h */ = {isa = PBXFileReference; lastKnownFileType = sourcecode.c.h; path = DPEventA.h; sourceTree = "<group>"; };
		918E006D22BD34D8002D7AA9 /* DPEventA.m */ = {isa = PBXFileReference; lastKnownFileType = sourcecode.c.objc; path = DPEventA.m; sourceTree = "<group>"; };
		91BC9182224CE11C00477101 /* Design_Patterns_Demoes.app */ = {isa = PBXFileReference; explicitFileType = wrapper.application; includeInIndex = 0; path = Design_Patterns_Demoes.app; sourceTree = BUILT_PRODUCTS_DIR; };
		91BC9185224CE11C00477101 /* AppDelegate.h */ = {isa = PBXFileReference; lastKnownFileType = sourcecode.c.h; path = AppDelegate.h; sourceTree = "<group>"; };
		91BC9186224CE11D00477101 /* AppDelegate.m */ = {isa = PBXFileReference; lastKnownFileType = sourcecode.c.objc; path = AppDelegate.m; sourceTree = "<group>"; };
		91BC9188224CE11D00477101 /* ViewController.h */ = {isa = PBXFileReference; lastKnownFileType = sourcecode.c.h; path = ViewController.h; sourceTree = "<group>"; };
		91BC9189224CE11D00477101 /* ViewController.m */ = {isa = PBXFileReference; lastKnownFileType = sourcecode.c.objc; path = ViewController.m; sourceTree = "<group>"; };
		91BC918C224CE11D00477101 /* Base */ = {isa = PBXFileReference; lastKnownFileType = file.storyboard; name = Base; path = Base.lproj/Main.storyboard; sourceTree = "<group>"; };
		91BC918E224CE11D00477101 /* Assets.xcassets */ = {isa = PBXFileReference; lastKnownFileType = folder.assetcatalog; path = Assets.xcassets; sourceTree = "<group>"; };
		91BC9191224CE11D00477101 /* Base */ = {isa = PBXFileReference; lastKnownFileType = file.storyboard; name = Base; path = Base.lproj/LaunchScreen.storyboard; sourceTree = "<group>"; };
		91BC9193224CE11D00477101 /* Info.plist */ = {isa = PBXFileReference; lastKnownFileType = text.plist.xml; path = Info.plist; sourceTree = "<group>"; };
		91BC9194224CE11E00477101 /* main.m */ = {isa = PBXFileReference; lastKnownFileType = sourcecode.c.objc; path = main.m; sourceTree = "<group>"; };
		91BC919A224CE11E00477101 /* Design_Patterns_DemoesTests.xctest */ = {isa = PBXFileReference; explicitFileType = wrapper.cfbundle; includeInIndex = 0; path = Design_Patterns_DemoesTests.xctest; sourceTree = BUILT_PRODUCTS_DIR; };
		91BC919E224CE11E00477101 /* Design_Patterns_DemoesTests.m */ = {isa = PBXFileReference; lastKnownFileType = sourcecode.c.objc; path = Design_Patterns_DemoesTests.m; sourceTree = "<group>"; };
		91BC91A0224CE11E00477101 /* Info.plist */ = {isa = PBXFileReference; lastKnownFileType = text.plist.xml; path = Info.plist; sourceTree = "<group>"; };
/* End PBXFileReference section */

/* Begin PBXFrameworksBuildPhase section */
		91BC917F224CE11C00477101 /* Frameworks */ = {
			isa = PBXFrameworksBuildPhase;
			buildActionMask = 2147483647;
			files = (
			);
			runOnlyForDeploymentPostprocessing = 0;
		};
		91BC9197224CE11E00477101 /* Frameworks */ = {
			isa = PBXFrameworksBuildPhase;
			buildActionMask = 2147483647;
			files = (
			);
			runOnlyForDeploymentPostprocessing = 0;
		};
/* End PBXFrameworksBuildPhase section */

/* Begin PBXGroup section */
		910D56AB22B3A10B00467009 /* 性能和对象访问型 */ = {
			isa = PBXGroup;
			children = (
				910D56AC22B3A12B00467009 /* 享元模式 */,
			);
			path = "性能和对象访问型";
			sourceTree = "<group>";
		};
		910D56AC22B3A12B00467009 /* 享元模式 */ = {
			isa = PBXGroup;
			children = (
				910D56B122B3A19200467009 /* Factory */,
				910D56B022B3A19200467009 /* Model */,
				910D56AD22B3A16600467009 /* DPFlyweightViewController.h */,
				910D56AE22B3A16600467009 /* DPFlyweightViewController.m */,
			);
			path = "享元模式";
			sourceTree = "<group>";
		};
		910D56B022B3A19200467009 /* Model */ = {
			isa = PBXGroup;
			children = (
				910D56B222B3A1AB00467009 /* DPFlyweightModel.h */,
				910D56B322B3A1AB00467009 /* DPFlyweightModel.m */,
			);
			path = Model;
			sourceTree = "<group>";
		};
		910D56B122B3A19200467009 /* Factory */ = {
			isa = PBXGroup;
			children = (
				910D56B522B3A1C000467009 /* DPFlyweightFactory.h */,
				910D56B622B3A1C000467009 /* DPFlyweightFactory.m */,
			);
			path = Factory;
			sourceTree = "<group>";
		};
		911308CB224E6C03003CD7CB /* Base */ = {
			isa = PBXGroup;
			children = (
				911308CC224E6C19003CD7CB /* DPBaseViewController.h */,
				911308CD224E6C19003CD7CB /* DPBaseViewController.m */,
			);
			path = Base;
			sourceTree = "<group>";
		};
		911308CF224E6EFC003CD7CB /* VCMainStructure */ = {
			isa = PBXGroup;
			children = (
				91819EDA22510EF70001F593 /* MainTable */,
				91819EDF22510EF70001F593 /* SubTable */,
				912B42BA224F4CDC005A3DD8 /* DPMacro.h */,
			);
			path = VCMainStructure;
			sourceTree = "<group>";
		};
		9155AD2F22BBD89900B7C1B8 /* 行为扩张型 */ = {
			isa = PBXGroup;
			children = (
				9155AD3022BBD8B200B7C1B8 /* 责任链模式 */,
			);
			path = "行为扩张型";
			sourceTree = "<group>";
		};
		9155AD3022BBD8B200B7C1B8 /* 责任链模式 */ = {
			isa = PBXGroup;
			children = (
				918E006222BD32D6002D7AA9 /* Event */,
				918E006122BD32D6002D7AA9 /* EventHandler */,
				9155AD3122BBD8ED00B7C1B8 /* DPChainOfRespViewController.h */,
				9155AD3222BBD8ED00B7C1B8 /* DPChainOfRespViewController.m */,
			);
			path = "责任链模式";
			sourceTree = "<group>";
		};
		916E2C9222B253DA00538A39 /* Client */ = {
			isa = PBXGroup;
			children = (
				916E2C9322B253F600538A39 /* DPClient.h */,
				916E2C9422B253F600538A39 /* DPClient.m */,
			);
			path = Client;
			sourceTree = "<group>";
		};
		916E2C9622B2563E00538A39 /* Source */ = {
			isa = PBXGroup;
			children = (
				9155AD2F22BBD89900B7C1B8 /* 行为扩张型 */,
				910D56AB22B3A10B00467009 /* 性能和对象访问型 */,
				916E2C9722B2563E00538A39 /* 接口适配型 */,
				916E2C9D22B2563E00538A39 /* 对象创建型 */,
			);
			path = Source;
			sourceTree = "<group>";
		};
		916E2C9722B2563E00538A39 /* 接口适配型 */ = {
			isa = PBXGroup;
			children = (
				916E2C9822B2563E00538A39 /* 适配器模式 */,
			);
			path = "接口适配型";
			sourceTree = "<group>";
		};
		916E2C9822B2563E00538A39 /* 适配器模式 */ = {
			isa = PBXGroup;
			children = (
				916E2C9C22B2563E00538A39 /* 类适配器 */,
				916E2C9A22B2563E00538A39 /* 对象适配器 */,
				916E2C9B22B2563E00538A39 /* DPAdapterViewController.h */,
				916E2C9922B2563E00538A39 /* DPAdapterViewController.m */,
				916E2D0E22B259A900538A39 /* DPAdapteProtocol.h */,
			);
			path = "适配器模式";
			sourceTree = "<group>";
		};
		916E2C9A22B2563E00538A39 /* 对象适配器 */ = {
			isa = PBXGroup;
			children = (
				916E2D1222B25E6100538A39 /* DPObjectAdaptee.h */,
				916E2D1322B25E6100538A39 /* DPObjectAdaptee.m */,
				916E2D1522B25E7700538A39 /* DPObjectAdapter.h */,
				916E2D1622B25E7700538A39 /* DPObjectAdapter.m */,
			);
			path = "对象适配器";
			sourceTree = "<group>";
		};
		916E2C9C22B2563E00538A39 /* 类适配器 */ = {
			isa = PBXGroup;
			children = (
				916E2D0B22B257C700538A39 /* DPClassAdaptee.h */,
				916E2D0C22B257C700538A39 /* DPClassAdaptee.m */,
				916E2D0F22B25B1C00538A39 /* DPClassAdapter.h */,
				916E2D1022B25B1C00538A39 /* DPClassAdapter.m */,
			);
			path = "类适配器";
			sourceTree = "<group>";
		};
		916E2C9D22B2563E00538A39 /* 对象创建型 */ = {
			isa = PBXGroup;
			children = (
				916E2C9E22B2563E00538A39 /* 工厂方法模式 */,
				916E2CAE22B2563E00538A39 /* 单例模式 */,
				916E2CB322B2563E00538A39 /* 原型模式 */,
				916E2CC222B2563F00538A39 /* 抽象工厂模式 */,
				916E2CDB22B2563F00538A39 /* 生成器模式 */,
			);
			path = "对象创建型";
			sourceTree = "<group>";
		};
		916E2C9E22B2563E00538A39 /* 工厂方法模式 */ = {
			isa = PBXGroup;
			children = (
				916E2CA022B2563E00538A39 /* Models */,
				916E2C9F22B2563E00538A39 /* DPFactoryViewController.m */,
				916E2CAD22B2563E00538A39 /* DPFactoryViewController.h */,
			);
			path = "工厂方法模式";
			sourceTree = "<group>";
		};
		916E2CA022B2563E00538A39 /* Models */ = {
			isa = PBXGroup;
			children = (
				916E2CA122B2563E00538A39 /* CanvasView */,
				916E2CA622B2563E00538A39 /* CanvasViewGenerator */,
			);
			path = Models;
			sourceTree = "<group>";
		};
		916E2CA122B2563E00538A39 /* CanvasView */ = {
			isa = PBXGroup;
			children = (
				916E2CA222B2563E00538A39 /* DPClothCanvasView.m */,
				916E2CA322B2563E00538A39 /* DPPaperCanvasView.h */,
				916E2CA422B2563E00538A39 /* DPClothCanvasView.h */,
				916E2CA522B2563E00538A39 /* DPPaperCanvasView.m */,
			);
			path = CanvasView;
			sourceTree = "<group>";
		};
		916E2CA622B2563E00538A39 /* CanvasViewGenerator */ = {
			isa = PBXGroup;
			children = (
				916E2CA722B2563E00538A39 /* DPPaperCanvasViewGenerator.h */,
				916E2CA822B2563E00538A39 /* DPCanvasViewGenerator.m */,
				916E2CA922B2563E00538A39 /* DPClothCanvasViewGenerator.m */,
				916E2CAA22B2563E00538A39 /* DPCanvasViewGenerator.h */,
				916E2CAB22B2563E00538A39 /* DPPaperCanvasViewGenerator.m */,
				916E2CAC22B2563E00538A39 /* DPClothCanvasViewGenerator.h */,
			);
			path = CanvasViewGenerator;
			sourceTree = "<group>";
		};
		916E2CAE22B2563E00538A39 /* 单例模式 */ = {
			isa = PBXGroup;
			children = (
				916E2CB122B2563E00538A39 /* DPSingleObject.h */,
				916E2CAF22B2563E00538A39 /* DPSingleObject.m */,
				916E2CB022B2563E00538A39 /* DPSingleViewController.h */,
				916E2CB222B2563E00538A39 /* DPSingleViewController.m */,
			);
			path = "单例模式";
			sourceTree = "<group>";
		};
		916E2CB322B2563E00538A39 /* 原型模式 */ = {
			isa = PBXGroup;
			children = (
				916E2CB722B2563E00538A39 /* Models */,
				916E2CB422B2563E00538A39 /* DPScribble.h */,
				916E2CC022B2563E00538A39 /* DPScribble.m */,
				916E2CB522B2563E00538A39 /* DPCanvasView.h */,
				916E2CBF22B2563E00538A39 /* DPCanvasView.m */,
				916E2CB622B2563E00538A39 /* DPPrototypeViewController.h */,
				916E2CC122B2563E00538A39 /* DPPrototypeViewController.m */,
			);
			path = "原型模式";
			sourceTree = "<group>";
		};
		916E2CB722B2563E00538A39 /* Models */ = {
			isa = PBXGroup;
			children = (
				916E2CB822B2563E00538A39 /* Vertex.h */,
				916E2CB922B2563E00538A39 /* Dot.m */,
				916E2CBA22B2563E00538A39 /* Mark.h */,
				916E2CBB22B2563E00538A39 /* Stroke.h */,
				916E2CBC22B2563E00538A39 /* Vertex.m */,
				916E2CBD22B2563E00538A39 /* Dot.h */,
				916E2CBE22B2563E00538A39 /* Stroke.m */,
			);
			path = Models;
			sourceTree = "<group>";
		};
		916E2CC222B2563F00538A39 /* 抽象工厂模式 */ = {
			isa = PBXGroup;
			children = (
				916E2CC422B2563F00538A39 /* Models */,
				916E2CD322B2563F00538A39 /* Factories */,
				916E2CC322B2563F00538A39 /* DPAbstractFactoryViewController.h */,
				916E2CDA22B2563F00538A39 /* DPAbstractFactoryViewController.m */,
			);
			path = "抽象工厂模式";
			sourceTree = "<group>";
		};
		916E2CC422B2563F00538A39 /* Models */ = {
			isa = PBXGroup;
			children = (
				916E2CC522B2563F00538A39 /* DPSouthOrange.m */,
				916E2CC622B2563F00538A39 /* DPOrange.m */,
				916E2CC722B2563F00538A39 /* DPFruit.h */,
				916E2CC822B2563F00538A39 /* DPNorthOrange.h */,
				916E2CC922B2563F00538A39 /* DPNorthApple.h */,
				916E2CCA22B2563F00538A39 /* DPApple.m */,
				916E2CCB22B2563F00538A39 /* DPSouthApple.m */,
				916E2CCC22B2563F00538A39 /* DPFruit.m */,
				916E2CCD22B2563F00538A39 /* DPOrange.h */,
				916E2CCE22B2563F00538A39 /* DPSouthOrange.h */,
				916E2CCF22B2563F00538A39 /* DPNorthOrange.m */,
				916E2CD022B2563F00538A39 /* DPSouthApple.h */,
				916E2CD122B2563F00538A39 /* DPApple.h */,
				916E2CD222B2563F00538A39 /* DPNorthApple.m */,
			);
			path = Models;
			sourceTree = "<group>";
		};
		916E2CD322B2563F00538A39 /* Factories */ = {
			isa = PBXGroup;
			children = (
				916E2CD422B2563F00538A39 /* DPAbstractFruitsFactory.m */,
				916E2CD522B2563F00538A39 /* DPSouthFruitsFactory.m */,
				916E2CD622B2563F00538A39 /* DPNorthFruitsFactory.m */,
				916E2CD722B2563F00538A39 /* DPSouthFruitsFactory.h */,
				916E2CD822B2563F00538A39 /* DPAbstractFruitsFactory.h */,
				916E2CD922B2563F00538A39 /* DPNorthFruitsFactory.h */,
			);
			path = Factories;
			sourceTree = "<group>";
		};
		916E2CDB22B2563F00538A39 /* 生成器模式 */ = {
			isa = PBXGroup;
			children = (
				916E2CDD22B2563F00538A39 /* Director */,
				916E2CE022B2563F00538A39 /* Models */,
				916E2CE422B2563F00538A39 /* Builder */,
				916E2CDC22B2563F00538A39 /* DPBuilderViewController.m */,
				916E2CE322B2563F00538A39 /* DPBuilderViewController.h */,
			);
			path = "生成器模式";
			sourceTree = "<group>";
		};
		916E2CDD22B2563F00538A39 /* Director */ = {
			isa = PBXGroup;
			children = (
				916E2CDE22B2563F00538A39 /* DPChasingGame.h */,
				916E2CDF22B2563F00538A39 /* DPChasingGame.m */,
			);
			path = Director;
			sourceTree = "<group>";
		};
		916E2CE022B2563F00538A39 /* Models */ = {
			isa = PBXGroup;
			children = (
				916E2CE122B2563F00538A39 /* DPCharacter.h */,
				916E2CE222B2563F00538A39 /* DPCharacter.m */,
			);
			path = Models;
			sourceTree = "<group>";
		};
		916E2CE422B2563F00538A39 /* Builder */ = {
			isa = PBXGroup;
			children = (
				916E2CE522B2563F00538A39 /* DPCharacterBuilder.h */,
				916E2CE622B2563F00538A39 /* DPStandardCharacterBuilder.h */,
				916E2CE722B2563F00538A39 /* DPCharacterBuilder.m */,
				916E2CE822B2563F00538A39 /* DPStandardCharacterBuilder.m */,
			);
			path = Builder;
			sourceTree = "<group>";
		};
		91819EDA22510EF70001F593 /* MainTable */ = {
			isa = PBXGroup;
			children = (
				91819EDB22510EF70001F593 /* DPMainTableViewModel.h */,
				91819EDD22510EF70001F593 /* DPMainTableViewModel.m */,
				91819EDC22510EF70001F593 /* DPMainTableVC.m */,
				91819EDE22510EF70001F593 /* DPMainTableVC.h */,
			);
			path = MainTable;
			sourceTree = "<group>";
		};
		91819EDF22510EF70001F593 /* SubTable */ = {
			isa = PBXGroup;
			children = (
				91819EE122510EF70001F593 /* DPSubTitleTableVCFactory.h */,
				91819EE322510EF70001F593 /* DPSubTitleTableVCFactory.m */,
				91819EE422510EF70001F593 /* DPSubTitleTableViewModel.h */,
				91819EE022510EF70001F593 /* DPSubTitleTableViewModel.m */,
				91819EE522510EF70001F593 /* DPSubTitleTableVC.h */,
				91819EE222510EF70001F593 /* DPSubTitleTableVC.m */,
			);
			path = SubTable;
			sourceTree = "<group>";
		};
		918E006122BD32D6002D7AA9 /* EventHandler */ = {
			isa = PBXGroup;
			children = (
				918E006322BD32ED002D7AA9 /* DPEventHandler.h */,
				918E006422BD32ED002D7AA9 /* DPEventHandler.m */,
				918E006922BD34C4002D7AA9 /* DPEventAHandler.h */,
				918E006A22BD34C4002D7AA9 /* DPEventAHandler.m */,
				912A396A22BE7A3C0094A647 /* DPEventBHandler.h */,
				912A396B22BE7A3C0094A647 /* DPEventBHandler.m */,
			);
			path = EventHandler;
			sourceTree = "<group>";
		};
		918E006222BD32D6002D7AA9 /* Event */ = {
			isa = PBXGroup;
			children = (
				918E006622BD3300002D7AA9 /* DPEvent.h */,
				918E006722BD3300002D7AA9 /* DPEvent.m */,
				918E006C22BD34D8002D7AA9 /* DPEventA.h */,
				918E006D22BD34D8002D7AA9 /* DPEventA.m */,
				912A396722BE7A230094A647 /* DPEventB.h */,
				912A396822BE7A230094A647 /* DPEventB.m */,
			);
			path = Event;
			sourceTree = "<group>";
		};
		91BC9179224CE11C00477101 = {
			isa = PBXGroup;
			children = (
				91BC9184224CE11C00477101 /* Design_Patterns_Demoes */,
				91BC919D224CE11E00477101 /* Design_Patterns_DemoesTests */,
				91BC9183224CE11C00477101 /* Products */,
			);
			sourceTree = "<group>";
		};
		91BC9183224CE11C00477101 /* Products */ = {
			isa = PBXGroup;
			children = (
				91BC9182224CE11C00477101 /* Design_Patterns_Demoes.app */,
				91BC919A224CE11E00477101 /* Design_Patterns_DemoesTests.xctest */,
			);
			name = Products;
			sourceTree = "<group>";
		};
		91BC9184224CE11C00477101 /* Design_Patterns_Demoes */ = {
			isa = PBXGroup;
			children = (
				916E2C9622B2563E00538A39 /* Source */,
				916E2C9222B253DA00538A39 /* Client */,
				911308CF224E6EFC003CD7CB /* VCMainStructure */,
				911308CB224E6C03003CD7CB /* Base */,
				91BC9185224CE11C00477101 /* AppDelegate.h */,
				91BC9186224CE11D00477101 /* AppDelegate.m */,
				91BC9188224CE11D00477101 /* ViewController.h */,
				91BC9189224CE11D00477101 /* ViewController.m */,
				91BC918B224CE11D00477101 /* Main.storyboard */,
				91BC918E224CE11D00477101 /* Assets.xcassets */,
				91BC9190224CE11D00477101 /* LaunchScreen.storyboard */,
				91BC9193224CE11D00477101 /* Info.plist */,
				91BC9194224CE11E00477101 /* main.m */,
			);
			path = Design_Patterns_Demoes;
			sourceTree = "<group>";
		};
		91BC919D224CE11E00477101 /* Design_Patterns_DemoesTests */ = {
			isa = PBXGroup;
			children = (
				91BC919E224CE11E00477101 /* Design_Patterns_DemoesTests.m */,
				91BC91A0224CE11E00477101 /* Info.plist */,
			);
			path = Design_Patterns_DemoesTests;
			sourceTree = "<group>";
		};
/* End PBXGroup section */

/* Begin PBXNativeTarget section */
		91BC9181224CE11C00477101 /* Design_Patterns_Demoes */ = {
			isa = PBXNativeTarget;
			buildConfigurationList = 91BC91A3224CE11E00477101 /* Build configuration list for PBXNativeTarget "Design_Patterns_Demoes" */;
			buildPhases = (
				91BC917E224CE11C00477101 /* Sources */,
				91BC917F224CE11C00477101 /* Frameworks */,
				91BC9180224CE11C00477101 /* Resources */,
			);
			buildRules = (
			);
			dependencies = (
			);
			name = Design_Patterns_Demoes;
			productName = Design_Patterns_Demoes;
			productReference = 91BC9182224CE11C00477101 /* Design_Patterns_Demoes.app */;
			productType = "com.apple.product-type.application";
		};
		91BC9199224CE11E00477101 /* Design_Patterns_DemoesTests */ = {
			isa = PBXNativeTarget;
			buildConfigurationList = 91BC91A6224CE11E00477101 /* Build configuration list for PBXNativeTarget "Design_Patterns_DemoesTests" */;
			buildPhases = (
				91BC9196224CE11E00477101 /* Sources */,
				91BC9197224CE11E00477101 /* Frameworks */,
				91BC9198224CE11E00477101 /* Resources */,
			);
			buildRules = (
			);
			dependencies = (
				91BC919C224CE11E00477101 /* PBXTargetDependency */,
			);
			name = Design_Patterns_DemoesTests;
			productName = Design_Patterns_DemoesTests;
			productReference = 91BC919A224CE11E00477101 /* Design_Patterns_DemoesTests.xctest */;
			productType = "com.apple.product-type.bundle.unit-test";
		};
/* End PBXNativeTarget section */

/* Begin PBXProject section */
		91BC917A224CE11C00477101 /* Project object */ = {
			isa = PBXProject;
			attributes = {
				CLASSPREFIX = DP;
				LastUpgradeCheck = 1000;
				ORGANIZATIONNAME = zhf;
				TargetAttributes = {
					91BC9181224CE11C00477101 = {
						CreatedOnToolsVersion = 10.0;
					};
					91BC9199224CE11E00477101 = {
						CreatedOnToolsVersion = 10.0;
						TestTargetID = 91BC9181224CE11C00477101;
					};
				};
			};
			buildConfigurationList = 91BC917D224CE11C00477101 /* Build configuration list for PBXProject "Design_Patterns_Demoes" */;
			compatibilityVersion = "Xcode 9.3";
			developmentRegion = en;
			hasScannedForEncodings = 0;
			knownRegions = (
				en,
				Base,
			);
			mainGroup = 91BC9179224CE11C00477101;
			productRefGroup = 91BC9183224CE11C00477101 /* Products */;
			projectDirPath = "";
			projectRoot = "";
			targets = (
				91BC9181224CE11C00477101 /* Design_Patterns_Demoes */,
				91BC9199224CE11E00477101 /* Design_Patterns_DemoesTests */,
			);
		};
/* End PBXProject section */

/* Begin PBXResourcesBuildPhase section */
		91BC9180224CE11C00477101 /* Resources */ = {
			isa = PBXResourcesBuildPhase;
			buildActionMask = 2147483647;
			files = (
				91BC9192224CE11D00477101 /* LaunchScreen.storyboard in Resources */,
				91BC918F224CE11D00477101 /* Assets.xcassets in Resources */,
				91BC918D224CE11D00477101 /* Main.storyboard in Resources */,
			);
			runOnlyForDeploymentPostprocessing = 0;
		};
		91BC9198224CE11E00477101 /* Resources */ = {
			isa = PBXResourcesBuildPhase;
			buildActionMask = 2147483647;
			files = (
			);
			runOnlyForDeploymentPostprocessing = 0;
		};
/* End PBXResourcesBuildPhase section */

/* Begin PBXSourcesBuildPhase section */
		91BC917E224CE11C00477101 /* Sources */ = {
			isa = PBXSourcesBuildPhase;
			buildActionMask = 2147483647;
			files = (
				916E2CFF22B2563F00538A39 /* DPAbstractFruitsFactory.m in Sources */,
				91819EEA22510EF70001F593 /* DPSubTitleTableVCFactory.m in Sources */,
				916E2CF422B2563F00538A39 /* Stroke.m in Sources */,
				916E2CF322B2563F00538A39 /* Vertex.m in Sources */,
				916E2CEF22B2563F00538A39 /* DPPaperCanvasViewGenerator.m in Sources */,
				916E2CEB22B2563F00538A39 /* DPClothCanvasView.m in Sources */,
				916E2CF222B2563F00538A39 /* Dot.m in Sources */,
				916E2D0022B2563F00538A39 /* DPSouthFruitsFactory.m in Sources */,
				916E2CFA22B2563F00538A39 /* DPApple.m in Sources */,
				918E006B22BD34C4002D7AA9 /* DPEventAHandler.m in Sources */,
				9155AD3322BBD8ED00B7C1B8 /* DPChainOfRespViewController.m in Sources */,
				916E2D0522B2563F00538A39 /* DPCharacter.m in Sources */,
				916E2D0222B2563F00538A39 /* DPAbstractFactoryViewController.m in Sources */,
				91819EE922510EF70001F593 /* DPSubTitleTableVC.m in Sources */,
				916E2CF522B2563F00538A39 /* DPCanvasView.m in Sources */,
				916E2CF022B2563F00538A39 /* DPSingleObject.m in Sources */,
				916E2D0422B2563F00538A39 /* DPChasingGame.m in Sources */,
				916E2CF622B2563F00538A39 /* DPScribble.m in Sources */,
				916E2CFD22B2563F00538A39 /* DPNorthOrange.m in Sources */,
				916E2CEE22B2563F00538A39 /* DPClothCanvasViewGenerator.m in Sources */,
				91819EE822510EF70001F593 /* DPSubTitleTableViewModel.m in Sources */,
				911308CE224E6C19003CD7CB /* DPBaseViewController.m in Sources */,
				918E006E22BD34D8002D7AA9 /* DPEventA.m in Sources */,
				916E2D1722B25E7700538A39 /* DPObjectAdapter.m in Sources */,
				916E2C9522B253F600538A39 /* DPClient.m in Sources */,
				912A396C22BE7A3C0094A647 /* DPEventBHandler.m in Sources */,
				916E2D0D22B257C700538A39 /* DPClassAdaptee.m in Sources */,
				91BC918A224CE11D00477101 /* ViewController.m in Sources */,
				912A396922BE7A230094A647 /* DPEventB.m in Sources */,
				918E006522BD32ED002D7AA9 /* DPEventHandler.m in Sources */,
				910D56AF22B3A16600467009 /* DPFlyweightViewController.m in Sources */,
				916E2CF822B2563F00538A39 /* DPSouthOrange.m in Sources */,
				916E2D0622B2563F00538A39 /* DPCharacterBuilder.m in Sources */,
				91BC9195224CE11E00477101 /* main.m in Sources */,
				91819EE622510EF70001F593 /* DPMainTableVC.m in Sources */,
				916E2CFB22B2563F00538A39 /* DPSouthApple.m in Sources */,
				916E2D0122B2563F00538A39 /* DPNorthFruitsFactory.m in Sources */,
				916E2CEC22B2563F00538A39 /* DPPaperCanvasView.m in Sources */,
				91819EE722510EF70001F593 /* DPMainTableViewModel.m in Sources */,
				916E2D1422B25E6100538A39 /* DPObjectAdaptee.m in Sources */,
				916E2D1122B25B1C00538A39 /* DPClassAdapter.m in Sources */,
				910D56B422B3A1AB00467009 /* DPFlyweightModel.m in Sources */,
				916E2D0322B2563F00538A39 /* DPBuilderViewController.m in Sources */,
				916E2D0722B2563F00538A39 /* DPStandardCharacterBuilder.m in Sources */,
				91BC9187224CE11D00477101 /* AppDelegate.m in Sources */,
				916E2CED22B2563F00538A39 /* DPCanvasViewGenerator.m in Sources */,
				916E2CFC22B2563F00538A39 /* DPFruit.m in Sources */,
				916E2CFE22B2563F00538A39 /* DPNorthApple.m in Sources */,
				916E2CF922B2563F00538A39 /* DPOrange.m in Sources */,
				916E2CF722B2563F00538A39 /* DPPrototypeViewController.m in Sources */,
				916E2CF122B2563F00538A39 /* DPSingleViewController.m in Sources */,
				916E2CE922B2563F00538A39 /* DPAdapterViewController.m in Sources */,
				918E006822BD3300002D7AA9 /* DPEvent.m in Sources */,
				910D56B722B3A1C000467009 /* DPFlyweightFactory.m in Sources */,
				916E2CEA22B2563F00538A39 /* DPFactoryViewController.m in Sources */,
			);
			runOnlyForDeploymentPostprocessing = 0;
		};
		91BC9196224CE11E00477101 /* Sources */ = {
			isa = PBXSourcesBuildPhase;
			buildActionMask = 2147483647;
			files = (
				91BC919F224CE11E00477101 /* Design_Patterns_DemoesTests.m in Sources */,
			);
			runOnlyForDeploymentPostprocessing = 0;
		};
/* End PBXSourcesBuildPhase section */

/* Begin PBXTargetDependency section */
		91BC919C224CE11E00477101 /* PBXTargetDependency */ = {
			isa = PBXTargetDependency;
			target = 91BC9181224CE11C00477101 /* Design_Patterns_Demoes */;
			targetProxy = 91BC919B224CE11E00477101 /* PBXContainerItemProxy */;
		};
/* End PBXTargetDependency section */

/* Begin PBXVariantGroup section */
		91BC918B224CE11D00477101 /* Main.storyboard */ = {
			isa = PBXVariantGroup;
			children = (
				91BC918C224CE11D00477101 /* Base */,
			);
			name = Main.storyboard;
			sourceTree = "<group>";
		};
		91BC9190224CE11D00477101 /* LaunchScreen.storyboard */ = {
			isa = PBXVariantGroup;
			children = (
				91BC9191224CE11D00477101 /* Base */,
			);
			name = LaunchScreen.storyboard;
			sourceTree = "<group>";
		};
/* End PBXVariantGroup section */

/* Begin XCBuildConfiguration section */
		91BC91A1224CE11E00477101 /* Debug */ = {
			isa = XCBuildConfiguration;
			buildSettings = {
				ALWAYS_SEARCH_USER_PATHS = NO;
				CLANG_ANALYZER_NONNULL = YES;
				CLANG_ANALYZER_NUMBER_OBJECT_CONVERSION = YES_AGGRESSIVE;
				CLANG_CXX_LANGUAGE_STANDARD = "gnu++14";
				CLANG_CXX_LIBRARY = "libc++";
				CLANG_ENABLE_MODULES = YES;
				CLANG_ENABLE_OBJC_ARC = YES;
				CLANG_ENABLE_OBJC_WEAK = YES;
				CLANG_WARN_BLOCK_CAPTURE_AUTORELEASING = YES;
				CLANG_WARN_BOOL_CONVERSION = YES;
				CLANG_WARN_COMMA = YES;
				CLANG_WARN_CONSTANT_CONVERSION = YES;
				CLANG_WARN_DEPRECATED_OBJC_IMPLEMENTATIONS = YES;
				CLANG_WARN_DIRECT_OBJC_ISA_USAGE = YES_ERROR;
				CLANG_WARN_DOCUMENTATION_COMMENTS = YES;
				CLANG_WARN_EMPTY_BODY = YES;
				CLANG_WARN_ENUM_CONVERSION = YES;
				CLANG_WARN_INFINITE_RECURSION = YES;
				CLANG_WARN_INT_CONVERSION = YES;
				CLANG_WARN_NON_LITERAL_NULL_CONVERSION = YES;
				CLANG_WARN_OBJC_IMPLICIT_RETAIN_SELF = YES;
				CLANG_WARN_OBJC_LITERAL_CONVERSION = YES;
				CLANG_WARN_OBJC_ROOT_CLASS = YES_ERROR;
				CLANG_WARN_RANGE_LOOP_ANALYSIS = YES;
				CLANG_WARN_STRICT_PROTOTYPES = YES;
				CLANG_WARN_SUSPICIOUS_MOVE = YES;
				CLANG_WARN_UNGUARDED_AVAILABILITY = YES_AGGRESSIVE;
				CLANG_WARN_UNREACHABLE_CODE = YES;
				CLANG_WARN__DUPLICATE_METHOD_MATCH = YES;
				CODE_SIGN_IDENTITY = "iPhone Developer";
				COPY_PHASE_STRIP = NO;
				DEBUG_INFORMATION_FORMAT = dwarf;
				ENABLE_STRICT_OBJC_MSGSEND = YES;
				ENABLE_TESTABILITY = YES;
				GCC_C_LANGUAGE_STANDARD = gnu11;
				GCC_DYNAMIC_NO_PIC = NO;
				GCC_NO_COMMON_BLOCKS = YES;
				GCC_OPTIMIZATION_LEVEL = 0;
				GCC_PREPROCESSOR_DEFINITIONS = (
					"DEBUG=1",
					"$(inherited)",
				);
				GCC_WARN_64_TO_32_BIT_CONVERSION = YES;
				GCC_WARN_ABOUT_RETURN_TYPE = YES_ERROR;
				GCC_WARN_UNDECLARED_SELECTOR = YES;
				GCC_WARN_UNINITIALIZED_AUTOS = YES_AGGRESSIVE;
				GCC_WARN_UNUSED_FUNCTION = YES;
				GCC_WARN_UNUSED_VARIABLE = YES;
				IPHONEOS_DEPLOYMENT_TARGET = 12.0;
				MTL_ENABLE_DEBUG_INFO = INCLUDE_SOURCE;
				MTL_FAST_MATH = YES;
				ONLY_ACTIVE_ARCH = YES;
				SDKROOT = iphoneos;
			};
			name = Debug;
		};
		91BC91A2224CE11E00477101 /* Release */ = {
			isa = XCBuildConfiguration;
			buildSettings = {
				ALWAYS_SEARCH_USER_PATHS = NO;
				CLANG_ANALYZER_NONNULL = YES;
				CLANG_ANALYZER_NUMBER_OBJECT_CONVERSION = YES_AGGRESSIVE;
				CLANG_CXX_LANGUAGE_STANDARD = "gnu++14";
				CLANG_CXX_LIBRARY = "libc++";
				CLANG_ENABLE_MODULES = YES;
				CLANG_ENABLE_OBJC_ARC = YES;
				CLANG_ENABLE_OBJC_WEAK = YES;
				CLANG_WARN_BLOCK_CAPTURE_AUTORELEASING = YES;
				CLANG_WARN_BOOL_CONVERSION = YES;
				CLANG_WARN_COMMA = YES;
				CLANG_WARN_CONSTANT_CONVERSION = YES;
				CLANG_WARN_DEPRECATED_OBJC_IMPLEMENTATIONS = YES;
				CLANG_WARN_DIRECT_OBJC_ISA_USAGE = YES_ERROR;
				CLANG_WARN_DOCUMENTATION_COMMENTS = YES;
				CLANG_WARN_EMPTY_BODY = YES;
				CLANG_WARN_ENUM_CONVERSION = YES;
				CLANG_WARN_INFINITE_RECURSION = YES;
				CLANG_WARN_INT_CONVERSION = YES;
				CLANG_WARN_NON_LITERAL_NULL_CONVERSION = YES;
				CLANG_WARN_OBJC_IMPLICIT_RETAIN_SELF = YES;
				CLANG_WARN_OBJC_LITERAL_CONVERSION = YES;
				CLANG_WARN_OBJC_ROOT_CLASS = YES_ERROR;
				CLANG_WARN_RANGE_LOOP_ANALYSIS = YES;
				CLANG_WARN_STRICT_PROTOTYPES = YES;
				CLANG_WARN_SUSPICIOUS_MOVE = YES;
				CLANG_WARN_UNGUARDED_AVAILABILITY = YES_AGGRESSIVE;
				CLANG_WARN_UNREACHABLE_CODE = YES;
				CLANG_WARN__DUPLICATE_METHOD_MATCH = YES;
				CODE_SIGN_IDENTITY = "iPhone Developer";
				COPY_PHASE_STRIP = NO;
				DEBUG_INFORMATION_FORMAT = "dwarf-with-dsym";
				ENABLE_NS_ASSERTIONS = NO;
				ENABLE_STRICT_OBJC_MSGSEND = YES;
				GCC_C_LANGUAGE_STANDARD = gnu11;
				GCC_NO_COMMON_BLOCKS = YES;
				GCC_WARN_64_TO_32_BIT_CONVERSION = YES;
				GCC_WARN_ABOUT_RETURN_TYPE = YES_ERROR;
				GCC_WARN_UNDECLARED_SELECTOR = YES;
				GCC_WARN_UNINITIALIZED_AUTOS = YES_AGGRESSIVE;
				GCC_WARN_UNUSED_FUNCTION = YES;
				GCC_WARN_UNUSED_VARIABLE = YES;
				IPHONEOS_DEPLOYMENT_TARGET = 12.0;
				MTL_ENABLE_DEBUG_INFO = NO;
				MTL_FAST_MATH = YES;
				SDKROOT = iphoneos;
				VALIDATE_PRODUCT = YES;
			};
			name = Release;
		};
		91BC91A4224CE11E00477101 /* Debug */ = {
			isa = XCBuildConfiguration;
			buildSettings = {
				ASSETCATALOG_COMPILER_APPICON_NAME = AppIcon;
				CODE_SIGN_STYLE = Automatic;
				DEVELOPMENT_TEAM = C7UNH8293N;
				"GCC_PREPROCESSOR_DEFINITIONS[arch=*]" = (
					"USE_SOUTH=0",
					"USE_NORTH=1",
				);
				INFOPLIST_FILE = Design_Patterns_Demoes/Info.plist;
				LD_RUNPATH_SEARCH_PATHS = (
					"$(inherited)",
					"@executable_path/Frameworks",
				);
				PRODUCT_BUNDLE_IDENTIFIER = "zhf.Design-Patterns-Demoes";
				PRODUCT_NAME = "$(TARGET_NAME)";
				TARGETED_DEVICE_FAMILY = "1,2";
			};
			name = Debug;
		};
		91BC91A5224CE11E00477101 /* Release */ = {
			isa = XCBuildConfiguration;
			buildSettings = {
				ASSETCATALOG_COMPILER_APPICON_NAME = AppIcon;
				CODE_SIGN_STYLE = Automatic;
				DEVELOPMENT_TEAM = C7UNH8293N;
				INFOPLIST_FILE = Design_Patterns_Demoes/Info.plist;
				LD_RUNPATH_SEARCH_PATHS = (
					"$(inherited)",
					"@executable_path/Frameworks",
				);
				PRODUCT_BUNDLE_IDENTIFIER = "zhf.Design-Patterns-Demoes";
				PRODUCT_NAME = "$(TARGET_NAME)";
				TARGETED_DEVICE_FAMILY = "1,2";
			};
			name = Release;
		};
		91BC91A7224CE11E00477101 /* Debug */ = {
			isa = XCBuildConfiguration;
			buildSettings = {
				BUNDLE_LOADER = "$(TEST_HOST)";
				CODE_SIGN_STYLE = Automatic;
				DEVELOPMENT_TEAM = C7UNH8293N;
				INFOPLIST_FILE = Design_Patterns_DemoesTests/Info.plist;
				LD_RUNPATH_SEARCH_PATHS = (
					"$(inherited)",
					"@executable_path/Frameworks",
					"@loader_path/Frameworks",
				);
				PRODUCT_BUNDLE_IDENTIFIER = "zhf.Design-Patterns-DemoesTests";
				PRODUCT_NAME = "$(TARGET_NAME)";
				TARGETED_DEVICE_FAMILY = "1,2";
				TEST_HOST = "$(BUILT_PRODUCTS_DIR)/Design_Patterns_Demoes.app/Design_Patterns_Demoes";
			};
			name = Debug;
		};
		91BC91A8224CE11E00477101 /* Release */ = {
			isa = XCBuildConfiguration;
			buildSettings = {
				BUNDLE_LOADER = "$(TEST_HOST)";
				CODE_SIGN_STYLE = Automatic;
				DEVELOPMENT_TEAM = C7UNH8293N;
				INFOPLIST_FILE = Design_Patterns_DemoesTests/Info.plist;
				LD_RUNPATH_SEARCH_PATHS = (
					"$(inherited)",
					"@executable_path/Frameworks",
					"@loader_path/Frameworks",
				);
				PRODUCT_BUNDLE_IDENTIFIER = "zhf.Design-Patterns-DemoesTests";
				PRODUCT_NAME = "$(TARGET_NAME)";
				TARGETED_DEVICE_FAMILY = "1,2";
				TEST_HOST = "$(BUILT_PRODUCTS_DIR)/Design_Patterns_Demoes.app/Design_Patterns_Demoes";
			};
			name = Release;
		};
/* End XCBuildConfiguration section */

/* Begin XCConfigurationList section */
		91BC917D224CE11C00477101 /* Build configuration list for PBXProject "Design_Patterns_Demoes" */ = {
			isa = XCConfigurationList;
			buildConfigurations = (
				91BC91A1224CE11E00477101 /* Debug */,
				91BC91A2224CE11E00477101 /* Release */,
			);
			defaultConfigurationIsVisible = 0;
			defaultConfigurationName = Release;
		};
		91BC91A3224CE11E00477101 /* Build configuration list for PBXNativeTarget "Design_Patterns_Demoes" */ = {
			isa = XCConfigurationList;
			buildConfigurations = (
				91BC91A4224CE11E00477101 /* Debug */,
				91BC91A5224CE11E00477101 /* Release */,
			);
			defaultConfigurationIsVisible = 0;
			defaultConfigurationName = Release;
		};
		91BC91A6224CE11E00477101 /* Build configuration list for PBXNativeTarget "Design_Patterns_DemoesTests" */ = {
			isa = XCConfigurationList;
			buildConfigurations = (
				91BC91A7224CE11E00477101 /* Debug */,
				91BC91A8224CE11E00477101 /* Release */,
			);
			defaultConfigurationIsVisible = 0;
			defaultConfigurationName = Release;
		};
/* End XCConfigurationList section */
	};
	rootObject = 91BC917A224CE11C00477101 /* Project object */;
}
